// !$*UTF8*$!
{
	archiveVersion = 1;
	classes = {
	};
	objectVersion = 77;
	objects = {

/* Begin PBXBuildFile section */
		0163BE114D91A8E5CC8B83D9 /* MC2Reader.swift in Sources */ = {isa = PBXBuildFile; fileRef = 3FED6C930AD774521B536178 /* MC2Reader.swift */; };
		01898F0435951FE64FD95AA8 /* MonthlyTrendChart.swift in Sources */ = {isa = PBXBuildFile; fileRef = 42C739032DD87F0935207375 /* MonthlyTrendChart.swift */; };
		064E1A20699D1339F59E8B6C /* MonthlyTrendChart.swift in Sources */ = {isa = PBXBuildFile; fileRef = 42C739032DD87F0935207375 /* MonthlyTrendChart.swift */; };
		064EE72180F8557196303AF4 /* AppTheme.swift in Sources */ = {isa = PBXBuildFile; fileRef = 6D9D2114CBEC645F03E11CE8 /* AppTheme.swift */; };
		07037ECDC93BA6E34F109E58 /* CategoryManagementView.swift in Sources */ = {isa = PBXBuildFile; fileRef = C4F25B63857534E6FC195E16 /* CategoryManagementView.swift */; };
		09CA016D0D8B9A10D766551F /* OnboardingView.swift in Sources */ = {isa = PBXBuildFile; fileRef = 083F88D8EB4768C9BEDF39F9 /* OnboardingView.swift */; };
		0AB1B206D3B377094C8D79E4 /* Assets.xcassets in Resources */ = {isa = PBXBuildFile; fileRef = 69F495FB3EBA9A3F6B589C2E /* Assets.xcassets */; };
		0B7AFCE74E5D43974F8AC1AE /* BudgetCategory.swift in Sources */ = {isa = PBXBuildFile; fileRef = 6F123D957238EE653A6F6751 /* BudgetCategory.swift */; };
		0BFF56D9C81E3D5407DF92E2 /* CategoryManagementView.swift in Sources */ = {isa = PBXBuildFile; fileRef = C4F25B63857534E6FC195E16 /* CategoryManagementView.swift */; };
		0CFAF3E5C73D4E08B671BCD1 /* MC2Mapper.swift in Sources */ = {isa = PBXBuildFile; fileRef = A7153D63352CB5B58C4F366A /* MC2Mapper.swift */; };
		136BCFFC782CCDFBB5ECA092 /* RecurringDetector.swift in Sources */ = {isa = PBXBuildFile; fileRef = 13B457058988A6C86FCA5978 /* RecurringDetector.swift */; };
		13B0689FDDF4EC812E83272D /* MC2ReaderTests.swift in Sources */ = {isa = PBXBuildFile; fileRef = A32E35D9FF3B8E22B92A21A8 /* MC2ReaderTests.swift */; };
		14611BD57EFBBF83C6BBDA69 /* SyncEvent.swift in Sources */ = {isa = PBXBuildFile; fileRef = 9F048D3DB36FA73A8D570960 /* SyncEvent.swift */; };
		16B5DB8412A7E38E35B9104C /* BTCAccount.swift in Sources */ = {isa = PBXBuildFile; fileRef = 4CC62602DF8D847C5671804D /* BTCAccount.swift */; };
		17C8C5D8B8073525D0831D8E /* NetWorthHistoryChart.swift in Sources */ = {isa = PBXBuildFile; fileRef = 356313511C4DFD7C19146702 /* NetWorthHistoryChart.swift */; };
		17E881D56B3FC3BB3D6F419F /* MC2SyncService.swift in Sources */ = {isa = PBXBuildFile; fileRef = F83F4110E2D16CDC2FE7C85A /* MC2SyncService.swift */; };
		1A66DF88BA4B309BA08D2EA9 /* BudgetNotificationManager.swift in Sources */ = {isa = PBXBuildFile; fileRef = 7307B6F0A5546DBFB1FE332B /* BudgetNotificationManager.swift */; };
		1CD65989E2DCA6E583CDBA7B /* AssetBreakdownChart.swift in Sources */ = {isa = PBXBuildFile; fileRef = A7E25B9BA6192CA956FF0246 /* AssetBreakdownChart.swift */; };
		20134ADD1754A47D210AF2DA /* Transaction.swift in Sources */ = {isa = PBXBuildFile; fileRef = 28C9AC48788F6BD75F27ADC1 /* Transaction.swift */; };
		2534056FCF15384BBCC22038 /* BTCBuy.swift in Sources */ = {isa = PBXBuildFile; fileRef = 471D5A1DCF4CD1B4C10217A1 /* BTCBuy.swift */; };
		25D761D3D754B167202F23A7 /* BudgetCategory.swift in Sources */ = {isa = PBXBuildFile; fileRef = 6F123D957238EE653A6F6751 /* BudgetCategory.swift */; };
		26A9F98B72A257BB65FC0437 /* OnboardingView.swift in Sources */ = {isa = PBXBuildFile; fileRef = 083F88D8EB4768C9BEDF39F9 /* OnboardingView.swift */; };
		279E7FCE4B46305136F1BBDA /* SyncBadge.swift in Sources */ = {isa = PBXBuildFile; fileRef = 40DDB8FBCF8E46E75B608E60 /* SyncBadge.swift */; };
		299ED7B254C76D1E92A0220D /* BudgetCategory.swift in Sources */ = {isa = PBXBuildFile; fileRef = 6F123D957238EE653A6F6751 /* BudgetCategory.swift */; };
		2BAFCED5D73FB67D0C79A643 /* EditTransactionView.swift in Sources */ = {isa = PBXBuildFile; fileRef = A40F7C583BCD2B2C1254F0F2 /* EditTransactionView.swift */; };
		2D6EE4A463AD6DCC08897957 /* AddTransactionView.swift in Sources */ = {isa = PBXBuildFile; fileRef = 1C8D2DE28EC878C7C3600E4B /* AddTransactionView.swift */; };
		2E6BBAB1336B38FD1D9EC8A5 /* BTCBuy.swift in Sources */ = {isa = PBXBuildFile; fileRef = 471D5A1DCF4CD1B4C10217A1 /* BTCBuy.swift */; };
		31A7572529909DA600564F06 /* SpendingDonutChart.swift in Sources */ = {isa = PBXBuildFile; fileRef = 7C5C2A1636BDCDC17E23E67E /* SpendingDonutChart.swift */; };
		33BBD55C6D82640D4E3554E9 /* SharedEnums.swift in Sources */ = {isa = PBXBuildFile; fileRef = 97885C819FB926B04D0E8D3F /* SharedEnums.swift */; };
		34914E79C185ED10EEFDAFF5 /* SpendingTab.swift in Sources */ = {isa = PBXBuildFile; fileRef = 9DE48E957A60591CF071E174 /* SpendingTab.swift */; };
		38577EC83C821AB7A38BC136 /* BTCAccountDetailView.swift in Sources */ = {isa = PBXBuildFile; fileRef = 4F6201F4879FBB5F1E11AAE0 /* BTCAccountDetailView.swift */; };
		3ACD856D9038D6E439D42F3F /* EditTransactionView.swift in Sources */ = {isa = PBXBuildFile; fileRef = A40F7C583BCD2B2C1254F0F2 /* EditTransactionView.swift */; };
		3C32EB91AFCE7AE683B55CA6 /* ConvexClient.swift in Sources */ = {isa = PBXBuildFile; fileRef = F28F75A8D3AD287547BB67C7 /* ConvexClient.swift */; };
		3C6A2ED56808C670CD87623F /* MoneyTab.swift in Sources */ = {isa = PBXBuildFile; fileRef = D63CA7C8138C20D50AEE3C69 /* MoneyTab.swift */; };
		3D7B8A5C7F91BA8DE42D76C8 /* SpendingTab.swift in Sources */ = {isa = PBXBuildFile; fileRef = 9DE48E957A60591CF071E174 /* SpendingTab.swift */; };
		3DE421A2F3EF19FAB52A43ED /* RangePicker.swift in Sources */ = {isa = PBXBuildFile; fileRef = 6C05480193020874646ACF43 /* RangePicker.swift */; };
		3F55B3C03BBD1E4EE61A0DC2 /* ContentView.swift in Sources */ = {isa = PBXBuildFile; fileRef = 4E34240C2E281F20DD41FF8D /* ContentView.swift */; };
		42CC887EC2077D56C2F0AA2F /* BTCPriceService.swift in Sources */ = {isa = PBXBuildFile; fileRef = 6D42E3A9B8292524595DB757 /* BTCPriceService.swift */; };
		45356F553F6824CCE0B888BA /* AssetBreakdownChart.swift in Sources */ = {isa = PBXBuildFile; fileRef = A7E25B9BA6192CA956FF0246 /* AssetBreakdownChart.swift */; };
		471E9F1E7909AFA2155E8129 /* VoiceCaptureView.swift in Sources */ = {isa = PBXBuildFile; fileRef = ADD3A332127776CF17AD6132 /* VoiceCaptureView.swift */; };
		472A41D28DD9D5D4083D88FD /* FamilyProfile.swift in Sources */ = {isa = PBXBuildFile; fileRef = 05894A6118C6AC44E989181E /* FamilyProfile.swift */; };
		4791F32E8839FE9E35DB2FCE /* ContentView.swift in Sources */ = {isa = PBXBuildFile; fileRef = 4E34240C2E281F20DD41FF8D /* ContentView.swift */; };
		4883E47A8D6BC35A90E82C1A /* MC2Reader.swift in Sources */ = {isa = PBXBuildFile; fileRef = 3FED6C930AD774521B536178 /* MC2Reader.swift */; };
		4896678F33B0AD12A9247DE2 /* HoldingAccount.swift in Sources */ = {isa = PBXBuildFile; fileRef = 19DCBB53F51F8E4A3BE1BD9E /* HoldingAccount.swift */; };
		4A58601D081D021F3B18B255 /* BTCAccount.swift in Sources */ = {isa = PBXBuildFile; fileRef = 4CC62602DF8D847C5671804D /* BTCAccount.swift */; };
		4B346A59BD332EF252AF63A1 /* BudgetNotificationManager.swift in Sources */ = {isa = PBXBuildFile; fileRef = 7307B6F0A5546DBFB1FE332B /* BudgetNotificationManager.swift */; };
		4B43ABD83280EB7928ED2DE8 /* Assets.xcassets in Resources */ = {isa = PBXBuildFile; fileRef = 69F495FB3EBA9A3F6B589C2E /* Assets.xcassets */; };
		4B897B1CB2B6841B840D978D /* AddTransactionView.swift in Sources */ = {isa = PBXBuildFile; fileRef = 1C8D2DE28EC878C7C3600E4B /* AddTransactionView.swift */; };
		4C0B81D31B77426660143E15 /* MicFAB.swift in Sources */ = {isa = PBXBuildFile; fileRef = 14917D69DA4E2A3C2E635E78 /* MicFAB.swift */; };
		4C8EAE9F329F12474404F004 /* FamilyProfile.swift in Sources */ = {isa = PBXBuildFile; fileRef = 05894A6118C6AC44E989181E /* FamilyProfile.swift */; };
		4E01945E41597AB83DF856A4 /* SpendingDonutChart.swift in Sources */ = {isa = PBXBuildFile; fileRef = 7C5C2A1636BDCDC17E23E67E /* SpendingDonutChart.swift */; };
		50A640E5700293AAB0B52CCB /* NetWorthSnapshot.swift in Sources */ = {isa = PBXBuildFile; fileRef = EF559B68DCF5C8C506B2A151 /* NetWorthSnapshot.swift */; };
		51D3D91520AAB22A540D44BC /* NetWorthHistoryChart.swift in Sources */ = {isa = PBXBuildFile; fileRef = 356313511C4DFD7C19146702 /* NetWorthHistoryChart.swift */; };
		5232DFED60E6E8B638751E24 /* Transaction.swift in Sources */ = {isa = PBXBuildFile; fileRef = 28C9AC48788F6BD75F27ADC1 /* Transaction.swift */; };
		57A5D89C71FD5A5BF8062C1D /* RangePicker.swift in Sources */ = {isa = PBXBuildFile; fileRef = 6C05480193020874646ACF43 /* RangePicker.swift */; };
		57B977036D943775A520EF72 /* QuickActionButton.swift in Sources */ = {isa = PBXBuildFile; fileRef = 0E9CA657FCD8F39AC5395870 /* QuickActionButton.swift */; };
		5AA53E74A102F8A1917419B6 /* SyncBadge.swift in Sources */ = {isa = PBXBuildFile; fileRef = 40DDB8FBCF8E46E75B608E60 /* SyncBadge.swift */; };
		5AB5EAF56B9C5DD97AD09DCD /* AppTheme.swift in Sources */ = {isa = PBXBuildFile; fileRef = 6D9D2114CBEC645F03E11CE8 /* AppTheme.swift */; };
		5AEBD7763FADB16C4853FCF9 /* CategoryRow.swift in Sources */ = {isa = PBXBuildFile; fileRef = FA0A8C471C710071DD40D002 /* CategoryRow.swift */; };
		60A2374372574199C9FDA25D /* StockPriceService.swift in Sources */ = {isa = PBXBuildFile; fileRef = 1F721A6FC17530024B35A0C6 /* StockPriceService.swift */; };
		627817036F8B1B2C7497C8BB /* NetWorthSnapshot.swift in Sources */ = {isa = PBXBuildFile; fileRef = EF559B68DCF5C8C506B2A151 /* NetWorthSnapshot.swift */; };
		62E487793A1FC86F15F86BEF /* TransactionRow.swift in Sources */ = {isa = PBXBuildFile; fileRef = 35FA4150361CC749FF574EF9 /* TransactionRow.swift */; };
		63C72DAD9763699A8C54F17B /* DashboardTab.swift in Sources */ = {isa = PBXBuildFile; fileRef = 82835D1EBE720A8FCF6AF6F4 /* DashboardTab.swift */; };
		64330EAE4BCAA813DD6F194A /* RecurringDetector.swift in Sources */ = {isa = PBXBuildFile; fileRef = 13B457058988A6C86FCA5978 /* RecurringDetector.swift */; };
		644A9C60B8F4E48663CBB5E8 /* MC2SyncService.swift in Sources */ = {isa = PBXBuildFile; fileRef = F83F4110E2D16CDC2FE7C85A /* MC2SyncService.swift */; };
		66094469BCE1F0473F1EE01C /* AddTransactionView.swift in Sources */ = {isa = PBXBuildFile; fileRef = 1C8D2DE28EC878C7C3600E4B /* AddTransactionView.swift */; };
		6700EF3793D4D70A6F67E0BC /* SharedEnums.swift in Sources */ = {isa = PBXBuildFile; fileRef = 97885C819FB926B04D0E8D3F /* SharedEnums.swift */; };
		6BD6E79598F2D802012B0E0B /* MC2Reader.swift in Sources */ = {isa = PBXBuildFile; fileRef = 3FED6C930AD774521B536178 /* MC2Reader.swift */; };
		6D8FD1A7D21195F90F959E8D /* MasonsBudgetTests.swift in Sources */ = {isa = PBXBuildFile; fileRef = EF5C5935A12805ECA579168B /* MasonsBudgetTests.swift */; };
		6D9F88BEA980C5F18C00E5D5 /* BTCAccount.swift in Sources */ = {isa = PBXBuildFile; fileRef = 4CC62602DF8D847C5671804D /* BTCAccount.swift */; };
		6F1AEA5DFC4F99DE084BC37B /* EditTransactionView.swift in Sources */ = {isa = PBXBuildFile; fileRef = A40F7C583BCD2B2C1254F0F2 /* EditTransactionView.swift */; };
		6FEB03CDBBE23394B9B2BFFB /* SectionHeader.swift in Sources */ = {isa = PBXBuildFile; fileRef = 731A2E18DA739BFAA36799B7 /* SectionHeader.swift */; };
		70B97A8C3F140C4A841E0D1D /* BudgetNotificationManager.swift in Sources */ = {isa = PBXBuildFile; fileRef = 7307B6F0A5546DBFB1FE332B /* BudgetNotificationManager.swift */; };
		73546E975D23A07500289ECE /* BTCBillPay.swift in Sources */ = {isa = PBXBuildFile; fileRef = 5DC543643B1F2899DDB38FE5 /* BTCBillPay.swift */; };
		73FA764086DAAC1259026A39 /* QuickActionButton.swift in Sources */ = {isa = PBXBuildFile; fileRef = 0E9CA657FCD8F39AC5395870 /* QuickActionButton.swift */; };
		7563328AA8BADD5505402EE8 /* SyncEvent.swift in Sources */ = {isa = PBXBuildFile; fileRef = 9F048D3DB36FA73A8D570960 /* SyncEvent.swift */; };
		7605540B201A48941ED794B3 /* RecurringDetectorTests.swift in Sources */ = {isa = PBXBuildFile; fileRef = A6B72C3A66D87A91EEF55223 /* RecurringDetectorTests.swift */; };
		778D1DB82E26660D79200AF9 /* RangePicker.swift in Sources */ = {isa = PBXBuildFile; fileRef = 6C05480193020874646ACF43 /* RangePicker.swift */; };
		782A09EC4BA962E5BC01FA87 /* SpendingTab.swift in Sources */ = {isa = PBXBuildFile; fileRef = 9DE48E957A60591CF071E174 /* SpendingTab.swift */; };
		79A6C2D2F98F3A14B180940A /* SectionHeader.swift in Sources */ = {isa = PBXBuildFile; fileRef = 731A2E18DA739BFAA36799B7 /* SectionHeader.swift */; };
		7A6F4CE5CE7C098A4BEB7835 /* VoiceParser.swift in Sources */ = {isa = PBXBuildFile; fileRef = 8B1E681CE6C03C61153CAE59 /* VoiceParser.swift */; };
		7D74B14636589F6D904B3C66 /* DashboardTab.swift in Sources */ = {isa = PBXBuildFile; fileRef = 82835D1EBE720A8FCF6AF6F4 /* DashboardTab.swift */; };
		7E8BF6CB273ADEF815383C86 /* BTCAccountDetailView.swift in Sources */ = {isa = PBXBuildFile; fileRef = 4F6201F4879FBB5F1E11AAE0 /* BTCAccountDetailView.swift */; };
		8017B8AF02E47E882740DB76 /* MicFAB.swift in Sources */ = {isa = PBXBuildFile; fileRef = 14917D69DA4E2A3C2E635E78 /* MicFAB.swift */; };
		806AEA108D187D253151859C /* SpendingDonutChart.swift in Sources */ = {isa = PBXBuildFile; fileRef = 7C5C2A1636BDCDC17E23E67E /* SpendingDonutChart.swift */; };
		80A637E625F3EF70CF7EF91A /* MC2DTOs.swift in Sources */ = {isa = PBXBuildFile; fileRef = 130D186945E2F17AE4A79132 /* MC2DTOs.swift */; };
		81E3E50B298B92A078D72F26 /* CategoryDetailView.swift in Sources */ = {isa = PBXBuildFile; fileRef = 3C36C77D7DBD148BABE55D1D /* CategoryDetailView.swift */; };
		83CB43F26149141D33507DBB /* SettingsTab.swift in Sources */ = {isa = PBXBuildFile; fileRef = D950D4C7F390299D6C1F7C2A /* SettingsTab.swift */; };
		84D36BF1F75AFCEAE45CA0A2 /* ContentView.swift in Sources */ = {isa = PBXBuildFile; fileRef = 4E34240C2E281F20DD41FF8D /* ContentView.swift */; };
		8867C535286754DAF5670F07 /* SettingsTab.swift in Sources */ = {isa = PBXBuildFile; fileRef = D950D4C7F390299D6C1F7C2A /* SettingsTab.swift */; };
		886FC7BE950409B868A7FC01 /* TransactionRow.swift in Sources */ = {isa = PBXBuildFile; fileRef = 35FA4150361CC749FF574EF9 /* TransactionRow.swift */; };
		8A0A5A6536516FF4425A41D5 /* Preview Assets.xcassets in Resources */ = {isa = PBXBuildFile; fileRef = 5AFC3C821C582B4F9E705206 /* Preview Assets.xcassets */; };
		8A41817F4810A032FC16524A /* MC2Mapper.swift in Sources */ = {isa = PBXBuildFile; fileRef = A7153D63352CB5B58C4F366A /* MC2Mapper.swift */; };
		8B7D4660455866A0008B1DA6 /* ConvexClient.swift in Sources */ = {isa = PBXBuildFile; fileRef = F28F75A8D3AD287547BB67C7 /* ConvexClient.swift */; };
		8BA35B984CBC11936AF54AD2 /* StatCard.swift in Sources */ = {isa = PBXBuildFile; fileRef = CA23871743A5C2BF75CD9262 /* StatCard.swift */; };
		8CF4139C75810E99221B0692 /* FamilyProfile.swift in Sources */ = {isa = PBXBuildFile; fileRef = 05894A6118C6AC44E989181E /* FamilyProfile.swift */; };
		8D76986C56C1119C0838190D /* MC2SyncService.swift in Sources */ = {isa = PBXBuildFile; fileRef = F83F4110E2D16CDC2FE7C85A /* MC2SyncService.swift */; };
		8EC6A19D6A56533D10952339 /* MoneyTab.swift in Sources */ = {isa = PBXBuildFile; fileRef = D63CA7C8138C20D50AEE3C69 /* MoneyTab.swift */; };
		91B5B4B30530980D88BA4D5F /* QuickActionButton.swift in Sources */ = {isa = PBXBuildFile; fileRef = 0E9CA657FCD8F39AC5395870 /* QuickActionButton.swift */; };
		9D6F85F37E6F099555915BC7 /* StatCard.swift in Sources */ = {isa = PBXBuildFile; fileRef = CA23871743A5C2BF75CD9262 /* StatCard.swift */; };
		A0353F71D2174CC8D429E7B9 /* Preview Assets.xcassets in Resources */ = {isa = PBXBuildFile; fileRef = 5AFC3C821C582B4F9E705206 /* Preview Assets.xcassets */; };
		A2757F55A7495EBA3A48C270 /* ConvexClient.swift in Sources */ = {isa = PBXBuildFile; fileRef = F28F75A8D3AD287547BB67C7 /* ConvexClient.swift */; };
		ABE21967D72F27364C3FE742 /* BTCAccountDetailView.swift in Sources */ = {isa = PBXBuildFile; fileRef = 4F6201F4879FBB5F1E11AAE0 /* BTCAccountDetailView.swift */; };
		AC4B388167FA9DAB45D43515 /* SyncEvent.swift in Sources */ = {isa = PBXBuildFile; fileRef = 9F048D3DB36FA73A8D570960 /* SyncEvent.swift */; };
		AC9DFD3F20A65000ABF54CDC /* HoldingAccount.swift in Sources */ = {isa = PBXBuildFile; fileRef = 19DCBB53F51F8E4A3BE1BD9E /* HoldingAccount.swift */; };
		ADA692279C957C0AFBD77C69 /* VoiceParser.swift in Sources */ = {isa = PBXBuildFile; fileRef = 8B1E681CE6C03C61153CAE59 /* VoiceParser.swift */; };
		B050CA04D447A9AC059FE2BC /* MoneyTab.swift in Sources */ = {isa = PBXBuildFile; fileRef = D63CA7C8138C20D50AEE3C69 /* MoneyTab.swift */; };
		B0BA76198540A09C7051C200 /* BTCBuy.swift in Sources */ = {isa = PBXBuildFile; fileRef = 471D5A1DCF4CD1B4C10217A1 /* BTCBuy.swift */; };
		B30351D759C3C58F53E15C32 /* BTCPriceService.swift in Sources */ = {isa = PBXBuildFile; fileRef = 6D42E3A9B8292524595DB757 /* BTCPriceService.swift */; };
		B905BA054AC3B0023406A113 /* VoiceCaptureView.swift in Sources */ = {isa = PBXBuildFile; fileRef = ADD3A332127776CF17AD6132 /* VoiceCaptureView.swift */; };
		B94B3D13C901AACAC16345CB /* CategoryRow.swift in Sources */ = {isa = PBXBuildFile; fileRef = FA0A8C471C710071DD40D002 /* CategoryRow.swift */; };
		B9BB77FF6FDB83BA802A2564 /* SharedEnums.swift in Sources */ = {isa = PBXBuildFile; fileRef = 97885C819FB926B04D0E8D3F /* SharedEnums.swift */; };
		BB32A18C85D252085707BB54 /* StatCard.swift in Sources */ = {isa = PBXBuildFile; fileRef = CA23871743A5C2BF75CD9262 /* StatCard.swift */; };
		BC41F3145E62974661C79870 /* VoiceCaptureView.swift in Sources */ = {isa = PBXBuildFile; fileRef = ADD3A332127776CF17AD6132 /* VoiceCaptureView.swift */; };
		BCDB4955AE6195145DB25EB0 /* HoldingAccount.swift in Sources */ = {isa = PBXBuildFile; fileRef = 19DCBB53F51F8E4A3BE1BD9E /* HoldingAccount.swift */; };
		BFC671B851CC2F446976907C /* SettingsTab.swift in Sources */ = {isa = PBXBuildFile; fileRef = D950D4C7F390299D6C1F7C2A /* SettingsTab.swift */; };
		C022EFD8A3AF0B3748433C49 /* MasonsBudgetApp.swift in Sources */ = {isa = PBXBuildFile; fileRef = 8388ECD356E3E00B77790681 /* MasonsBudgetApp.swift */; };
		C156A53D5E586FF9A67A0545 /* LockScreenView.swift in Sources */ = {isa = PBXBuildFile; fileRef = E117823C6DA6138431AE80C8 /* LockScreenView.swift */; };
		C8AB2C8731BC8ADE20214120 /* AppTheme.swift in Sources */ = {isa = PBXBuildFile; fileRef = 6D9D2114CBEC645F03E11CE8 /* AppTheme.swift */; };
		CA974F20B48556D7C1FD187F /* Transaction.swift in Sources */ = {isa = PBXBuildFile; fileRef = 28C9AC48788F6BD75F27ADC1 /* Transaction.swift */; };
		CB9BB3C97CAED9728CE9B542 /* BTCBillPay.swift in Sources */ = {isa = PBXBuildFile; fileRef = 5DC543643B1F2899DDB38FE5 /* BTCBillPay.swift */; };
		CF4B751C83D857C859E39CA7 /* CategoryManagementView.swift in Sources */ = {isa = PBXBuildFile; fileRef = C4F25B63857534E6FC195E16 /* CategoryManagementView.swift */; };
		D1F0030EFC8EF2EF555C9F9B /* LockScreenView.swift in Sources */ = {isa = PBXBuildFile; fileRef = E117823C6DA6138431AE80C8 /* LockScreenView.swift */; };
		D23DC90030D328B07EDF624D /* DashboardTab.swift in Sources */ = {isa = PBXBuildFile; fileRef = 82835D1EBE720A8FCF6AF6F4 /* DashboardTab.swift */; };
		D4D00A5A4054A43453F6CBB1 /* OnboardingView.swift in Sources */ = {isa = PBXBuildFile; fileRef = 083F88D8EB4768C9BEDF39F9 /* OnboardingView.swift */; };
		D91BC26A059E314C5E36CB39 /* NetWorthHistoryChart.swift in Sources */ = {isa = PBXBuildFile; fileRef = 356313511C4DFD7C19146702 /* NetWorthHistoryChart.swift */; };
		DC2D9EE18A5205B311893805 /* TransactionRow.swift in Sources */ = {isa = PBXBuildFile; fileRef = 35FA4150361CC749FF574EF9 /* TransactionRow.swift */; };
		DD95463755A63ABE04964599 /* BTCBillPay.swift in Sources */ = {isa = PBXBuildFile; fileRef = 5DC543643B1F2899DDB38FE5 /* BTCBillPay.swift */; };
		DF65E6D92D46BEC9CAF1EAC9 /* CategoryDetailView.swift in Sources */ = {isa = PBXBuildFile; fileRef = 3C36C77D7DBD148BABE55D1D /* CategoryDetailView.swift */; };
		E0FCD4B89D605971E357D92B /* MonthlyBudgetSnapshot.swift in Sources */ = {isa = PBXBuildFile; fileRef = 8B2D2A739D76D88CF2D981C6 /* MonthlyBudgetSnapshot.swift */; };
		E1C04F1716739188C30E08AE /* MC2Mapper.swift in Sources */ = {isa = PBXBuildFile; fileRef = A7153D63352CB5B58C4F366A /* MC2Mapper.swift */; };
		E2F8586BAC515B8742BA438A /* MonthlyBudgetSnapshot.swift in Sources */ = {isa = PBXBuildFile; fileRef = 8B2D2A739D76D88CF2D981C6 /* MonthlyBudgetSnapshot.swift */; };
		E34D5F595CF9BA1B8014E792 /* CategoryDetailView.swift in Sources */ = {isa = PBXBuildFile; fileRef = 3C36C77D7DBD148BABE55D1D /* CategoryDetailView.swift */; };
		E6167BE075D915EAACB5C1B8 /* RecurringDetector.swift in Sources */ = {isa = PBXBuildFile; fileRef = 13B457058988A6C86FCA5978 /* RecurringDetector.swift */; };
		E678847B04562368D94CD18E /* MC2DTOs.swift in Sources */ = {isa = PBXBuildFile; fileRef = 130D186945E2F17AE4A79132 /* MC2DTOs.swift */; };
		E748DE87C77526CF1C9469D0 /* VoiceParser.swift in Sources */ = {isa = PBXBuildFile; fileRef = 8B1E681CE6C03C61153CAE59 /* VoiceParser.swift */; };
		E7735A84FAB8CCBB3AA04C72 /* VoiceParserTests.swift in Sources */ = {isa = PBXBuildFile; fileRef = 5B419D48E89A2C2DCD79A7F8 /* VoiceParserTests.swift */; };
		E79EA711535BD09C489E3966 /* SyncBadge.swift in Sources */ = {isa = PBXBuildFile; fileRef = 40DDB8FBCF8E46E75B608E60 /* SyncBadge.swift */; };
		E7A545B3227D5DE6C136EEBC /* BTCPriceService.swift in Sources */ = {isa = PBXBuildFile; fileRef = 6D42E3A9B8292524595DB757 /* BTCPriceService.swift */; };
		E8A2B2E3E36EE2477C974D38 /* MonthlyTrendChart.swift in Sources */ = {isa = PBXBuildFile; fileRef = 42C739032DD87F0935207375 /* MonthlyTrendChart.swift */; };
		F12B99F5E2C30602F5A71F05 /* MasonsBudgetApp.swift in Sources */ = {isa = PBXBuildFile; fileRef = 8388ECD356E3E00B77790681 /* MasonsBudgetApp.swift */; };
		F548573F0234DD7F15A33816 /* AssetBreakdownChart.swift in Sources */ = {isa = PBXBuildFile; fileRef = A7E25B9BA6192CA956FF0246 /* AssetBreakdownChart.swift */; };
		F5FA7686B0618197DF8F8E58 /* MicFAB.swift in Sources */ = {isa = PBXBuildFile; fileRef = 14917D69DA4E2A3C2E635E78 /* MicFAB.swift */; };
		F8512C01C795496D2CC7EA3A /* StockPriceService.swift in Sources */ = {isa = PBXBuildFile; fileRef = 1F721A6FC17530024B35A0C6 /* StockPriceService.swift */; };
		F9ABB4FF696573BDEF25CB28 /* NetWorthSnapshot.swift in Sources */ = {isa = PBXBuildFile; fileRef = EF559B68DCF5C8C506B2A151 /* NetWorthSnapshot.swift */; };
		F9EAF981A0A2BBC7BF5398C7 /* LockScreenView.swift in Sources */ = {isa = PBXBuildFile; fileRef = E117823C6DA6138431AE80C8 /* LockScreenView.swift */; };
		FAA7D8D2E43C7B7093314FC6 /* SectionHeader.swift in Sources */ = {isa = PBXBuildFile; fileRef = 731A2E18DA739BFAA36799B7 /* SectionHeader.swift */; };
		FBB4AE269CCCEC5D4EEABC02 /* MonthlyBudgetSnapshot.swift in Sources */ = {isa = PBXBuildFile; fileRef = 8B2D2A739D76D88CF2D981C6 /* MonthlyBudgetSnapshot.swift */; };
		FF258DF4502036BA0FF85FF6 /* StockPriceService.swift in Sources */ = {isa = PBXBuildFile; fileRef = 1F721A6FC17530024B35A0C6 /* StockPriceService.swift */; };
		FF848533C741DC91C85E63A6 /* MC2DTOs.swift in Sources */ = {isa = PBXBuildFile; fileRef = 130D186945E2F17AE4A79132 /* MC2DTOs.swift */; };
		FF8D53D5163A1B9AE2CDF489 /* CategoryRow.swift in Sources */ = {isa = PBXBuildFile; fileRef = FA0A8C471C710071DD40D002 /* CategoryRow.swift */; };
/* End PBXBuildFile section */

/* Begin PBXFileReference section */
		05894A6118C6AC44E989181E /* FamilyProfile.swift */ = {isa = PBXFileReference; lastKnownFileType = sourcecode.swift; path = FamilyProfile.swift; sourceTree = "<group>"; };
		083F88D8EB4768C9BEDF39F9 /* OnboardingView.swift */ = {isa = PBXFileReference; lastKnownFileType = sourcecode.swift; path = OnboardingView.swift; sourceTree = "<group>"; };
		0E9CA657FCD8F39AC5395870 /* QuickActionButton.swift */ = {isa = PBXFileReference; lastKnownFileType = sourcecode.swift; path = QuickActionButton.swift; sourceTree = "<group>"; };
		130D186945E2F17AE4A79132 /* MC2DTOs.swift */ = {isa = PBXFileReference; lastKnownFileType = sourcecode.swift; path = MC2DTOs.swift; sourceTree = "<group>"; };
		13B457058988A6C86FCA5978 /* RecurringDetector.swift */ = {isa = PBXFileReference; lastKnownFileType = sourcecode.swift; path = RecurringDetector.swift; sourceTree = "<group>"; };
		14917D69DA4E2A3C2E635E78 /* MicFAB.swift */ = {isa = PBXFileReference; lastKnownFileType = sourcecode.swift; path = MicFAB.swift; sourceTree = "<group>"; };
		19DCBB53F51F8E4A3BE1BD9E /* HoldingAccount.swift */ = {isa = PBXFileReference; lastKnownFileType = sourcecode.swift; path = HoldingAccount.swift; sourceTree = "<group>"; };
		1C8D2DE28EC878C7C3600E4B /* AddTransactionView.swift */ = {isa = PBXFileReference; lastKnownFileType = sourcecode.swift; path = AddTransactionView.swift; sourceTree = "<group>"; };
		1F721A6FC17530024B35A0C6 /* StockPriceService.swift */ = {isa = PBXFileReference; lastKnownFileType = sourcecode.swift; path = StockPriceService.swift; sourceTree = "<group>"; };
		2266CE759B0FEC971BEC064D /* MasonsBudgetMac.app */ = {isa = PBXFileReference; explicitFileType = wrapper.application; includeInIndex = 0; path = MasonsBudgetMac.app; sourceTree = BUILT_PRODUCTS_DIR; };
		28C9AC48788F6BD75F27ADC1 /* Transaction.swift */ = {isa = PBXFileReference; lastKnownFileType = sourcecode.swift; path = Transaction.swift; sourceTree = "<group>"; };
		310E21BFB1D9D582BCD6A71B /* MasonsBudget.app */ = {isa = PBXFileReference; includeInIndex = 0; lastKnownFileType = wrapper.application; path = MasonsBudget.app; sourceTree = BUILT_PRODUCTS_DIR; };
		356313511C4DFD7C19146702 /* NetWorthHistoryChart.swift */ = {isa = PBXFileReference; lastKnownFileType = sourcecode.swift; path = NetWorthHistoryChart.swift; sourceTree = "<group>"; };
		35FA4150361CC749FF574EF9 /* TransactionRow.swift */ = {isa = PBXFileReference; lastKnownFileType = sourcecode.swift; path = TransactionRow.swift; sourceTree = "<group>"; };
		3C36C77D7DBD148BABE55D1D /* CategoryDetailView.swift */ = {isa = PBXFileReference; lastKnownFileType = sourcecode.swift; path = CategoryDetailView.swift; sourceTree = "<group>"; };
		3FED6C930AD774521B536178 /* MC2Reader.swift */ = {isa = PBXFileReference; lastKnownFileType = sourcecode.swift; path = MC2Reader.swift; sourceTree = "<group>"; };
		40DDB8FBCF8E46E75B608E60 /* SyncBadge.swift */ = {isa = PBXFileReference; lastKnownFileType = sourcecode.swift; path = SyncBadge.swift; sourceTree = "<group>"; };
		42C739032DD87F0935207375 /* MonthlyTrendChart.swift */ = {isa = PBXFileReference; lastKnownFileType = sourcecode.swift; path = MonthlyTrendChart.swift; sourceTree = "<group>"; };
		471D5A1DCF4CD1B4C10217A1 /* BTCBuy.swift */ = {isa = PBXFileReference; lastKnownFileType = sourcecode.swift; path = BTCBuy.swift; sourceTree = "<group>"; };
		480C74EED82F7E8CACA2ECAD /* MasonsBudget.entitlements */ = {isa = PBXFileReference; lastKnownFileType = text.plist.entitlements; path = MasonsBudget.entitlements; sourceTree = "<group>"; };
		4CC62602DF8D847C5671804D /* BTCAccount.swift */ = {isa = PBXFileReference; lastKnownFileType = sourcecode.swift; path = BTCAccount.swift; sourceTree = "<group>"; };
		4E34240C2E281F20DD41FF8D /* ContentView.swift */ = {isa = PBXFileReference; lastKnownFileType = sourcecode.swift; path = ContentView.swift; sourceTree = "<group>"; };
		4F6201F4879FBB5F1E11AAE0 /* BTCAccountDetailView.swift */ = {isa = PBXFileReference; lastKnownFileType = sourcecode.swift; path = BTCAccountDetailView.swift; sourceTree = "<group>"; };
		5AFC3C821C582B4F9E705206 /* Preview Assets.xcassets */ = {isa = PBXFileReference; lastKnownFileType = folder.assetcatalog; path = "Preview Assets.xcassets"; sourceTree = "<group>"; };
		5B419D48E89A2C2DCD79A7F8 /* VoiceParserTests.swift */ = {isa = PBXFileReference; lastKnownFileType = sourcecode.swift; path = VoiceParserTests.swift; sourceTree = "<group>"; };
		5DC543643B1F2899DDB38FE5 /* BTCBillPay.swift */ = {isa = PBXFileReference; lastKnownFileType = sourcecode.swift; path = BTCBillPay.swift; sourceTree = "<group>"; };
		69F495FB3EBA9A3F6B589C2E /* Assets.xcassets */ = {isa = PBXFileReference; lastKnownFileType = folder.assetcatalog; path = Assets.xcassets; sourceTree = "<group>"; };
		6C05480193020874646ACF43 /* RangePicker.swift */ = {isa = PBXFileReference; lastKnownFileType = sourcecode.swift; path = RangePicker.swift; sourceTree = "<group>"; };
		6D42E3A9B8292524595DB757 /* BTCPriceService.swift */ = {isa = PBXFileReference; lastKnownFileType = sourcecode.swift; path = BTCPriceService.swift; sourceTree = "<group>"; };
		6D9D2114CBEC645F03E11CE8 /* AppTheme.swift */ = {isa = PBXFileReference; lastKnownFileType = sourcecode.swift; path = AppTheme.swift; sourceTree = "<group>"; };
		6F123D957238EE653A6F6751 /* BudgetCategory.swift */ = {isa = PBXFileReference; lastKnownFileType = sourcecode.swift; path = BudgetCategory.swift; sourceTree = "<group>"; };
		7307B6F0A5546DBFB1FE332B /* BudgetNotificationManager.swift */ = {isa = PBXFileReference; lastKnownFileType = sourcecode.swift; path = BudgetNotificationManager.swift; sourceTree = "<group>"; };
		731A2E18DA739BFAA36799B7 /* SectionHeader.swift */ = {isa = PBXFileReference; lastKnownFileType = sourcecode.swift; path = SectionHeader.swift; sourceTree = "<group>"; };
		7C5C2A1636BDCDC17E23E67E /* SpendingDonutChart.swift */ = {isa = PBXFileReference; lastKnownFileType = sourcecode.swift; path = SpendingDonutChart.swift; sourceTree = "<group>"; };
		82835D1EBE720A8FCF6AF6F4 /* DashboardTab.swift */ = {isa = PBXFileReference; lastKnownFileType = sourcecode.swift; path = DashboardTab.swift; sourceTree = "<group>"; };
		8388ECD356E3E00B77790681 /* MasonsBudgetApp.swift */ = {isa = PBXFileReference; lastKnownFileType = sourcecode.swift; path = MasonsBudgetApp.swift; sourceTree = "<group>"; };
		84B5CA78FD69DF5C17B4C334 /* MasonsBudgetTests.xctest */ = {isa = PBXFileReference; includeInIndex = 0; lastKnownFileType = wrapper.cfbundle; path = MasonsBudgetTests.xctest; sourceTree = BUILT_PRODUCTS_DIR; };
		8B1E681CE6C03C61153CAE59 /* VoiceParser.swift */ = {isa = PBXFileReference; lastKnownFileType = sourcecode.swift; path = VoiceParser.swift; sourceTree = "<group>"; };
		8B2D2A739D76D88CF2D981C6 /* MonthlyBudgetSnapshot.swift */ = {isa = PBXFileReference; lastKnownFileType = sourcecode.swift; path = MonthlyBudgetSnapshot.swift; sourceTree = "<group>"; };
		97885C819FB926B04D0E8D3F /* SharedEnums.swift */ = {isa = PBXFileReference; lastKnownFileType = sourcecode.swift; path = SharedEnums.swift; sourceTree = "<group>"; };
		9C6D1E05743C11803452DA93 /* MasonsBudgetMac.entitlements */ = {isa = PBXFileReference; lastKnownFileType = text.plist.entitlements; path = MasonsBudgetMac.entitlements; sourceTree = "<group>"; };
		9DE48E957A60591CF071E174 /* SpendingTab.swift */ = {isa = PBXFileReference; lastKnownFileType = sourcecode.swift; path = SpendingTab.swift; sourceTree = "<group>"; };
		9F048D3DB36FA73A8D570960 /* SyncEvent.swift */ = {isa = PBXFileReference; lastKnownFileType = sourcecode.swift; path = SyncEvent.swift; sourceTree = "<group>"; };
		A32E35D9FF3B8E22B92A21A8 /* MC2ReaderTests.swift */ = {isa = PBXFileReference; lastKnownFileType = sourcecode.swift; path = MC2ReaderTests.swift; sourceTree = "<group>"; };
		A40F7C583BCD2B2C1254F0F2 /* EditTransactionView.swift */ = {isa = PBXFileReference; lastKnownFileType = sourcecode.swift; path = EditTransactionView.swift; sourceTree = "<group>"; };
		A6B72C3A66D87A91EEF55223 /* RecurringDetectorTests.swift */ = {isa = PBXFileReference; lastKnownFileType = sourcecode.swift; path = RecurringDetectorTests.swift; sourceTree = "<group>"; };
		A7153D63352CB5B58C4F366A /* MC2Mapper.swift */ = {isa = PBXFileReference; lastKnownFileType = sourcecode.swift; path = MC2Mapper.swift; sourceTree = "<group>"; };
		A7E25B9BA6192CA956FF0246 /* AssetBreakdownChart.swift */ = {isa = PBXFileReference; lastKnownFileType = sourcecode.swift; path = AssetBreakdownChart.swift; sourceTree = "<group>"; };
		ADD3A332127776CF17AD6132 /* VoiceCaptureView.swift */ = {isa = PBXFileReference; lastKnownFileType = sourcecode.swift; path = VoiceCaptureView.swift; sourceTree = "<group>"; };
		C4F25B63857534E6FC195E16 /* CategoryManagementView.swift */ = {isa = PBXFileReference; lastKnownFileType = sourcecode.swift; path = CategoryManagementView.swift; sourceTree = "<group>"; };
		CA23871743A5C2BF75CD9262 /* StatCard.swift */ = {isa = PBXFileReference; lastKnownFileType = sourcecode.swift; path = StatCard.swift; sourceTree = "<group>"; };
		D63CA7C8138C20D50AEE3C69 /* MoneyTab.swift */ = {isa = PBXFileReference; lastKnownFileType = sourcecode.swift; path = MoneyTab.swift; sourceTree = "<group>"; };
		D950D4C7F390299D6C1F7C2A /* SettingsTab.swift */ = {isa = PBXFileReference; lastKnownFileType = sourcecode.swift; path = SettingsTab.swift; sourceTree = "<group>"; };
		E117823C6DA6138431AE80C8 /* LockScreenView.swift */ = {isa = PBXFileReference; lastKnownFileType = sourcecode.swift; path = LockScreenView.swift; sourceTree = "<group>"; };
		EF559B68DCF5C8C506B2A151 /* NetWorthSnapshot.swift */ = {isa = PBXFileReference; lastKnownFileType = sourcecode.swift; path = NetWorthSnapshot.swift; sourceTree = "<group>"; };
		EF5C5935A12805ECA579168B /* MasonsBudgetTests.swift */ = {isa = PBXFileReference; lastKnownFileType = sourcecode.swift; path = MasonsBudgetTests.swift; sourceTree = "<group>"; };
		F28F75A8D3AD287547BB67C7 /* ConvexClient.swift */ = {isa = PBXFileReference; lastKnownFileType = sourcecode.swift; path = ConvexClient.swift; sourceTree = "<group>"; };
		F83F4110E2D16CDC2FE7C85A /* MC2SyncService.swift */ = {isa = PBXFileReference; lastKnownFileType = sourcecode.swift; path = MC2SyncService.swift; sourceTree = "<group>"; };
		FA0A8C471C710071DD40D002 /* CategoryRow.swift */ = {isa = PBXFileReference; lastKnownFileType = sourcecode.swift; path = CategoryRow.swift; sourceTree = "<group>"; };
/* End PBXFileReference section */

/* Begin PBXGroup section */
		182CA7944FA0828D5B0C4F85 /* Components */ = {
			isa = PBXGroup;
			children = (
				A7E25B9BA6192CA956FF0246 /* AssetBreakdownChart.swift */,
				FA0A8C471C710071DD40D002 /* CategoryRow.swift */,
				14917D69DA4E2A3C2E635E78 /* MicFAB.swift */,
				42C739032DD87F0935207375 /* MonthlyTrendChart.swift */,
				356313511C4DFD7C19146702 /* NetWorthHistoryChart.swift */,
				0E9CA657FCD8F39AC5395870 /* QuickActionButton.swift */,
				6C05480193020874646ACF43 /* RangePicker.swift */,
				731A2E18DA739BFAA36799B7 /* SectionHeader.swift */,
				7C5C2A1636BDCDC17E23E67E /* SpendingDonutChart.swift */,
				CA23871743A5C2BF75CD9262 /* StatCard.swift */,
				40DDB8FBCF8E46E75B608E60 /* SyncBadge.swift */,
				35FA4150361CC749FF574EF9 /* TransactionRow.swift */,
			);
			path = Components;
			sourceTree = "<group>";
		};
		1A6ABAE36281BC51AA1483E5 /* App */ = {
			isa = PBXGroup;
			children = (
				8388ECD356E3E00B77790681 /* MasonsBudgetApp.swift */,
			);
			path = App;
			sourceTree = "<group>";
		};
		1E2B17A781D88E62AA8309C0 /* MasonsBudget */ = {
			isa = PBXGroup;
			children = (
				480C74EED82F7E8CACA2ECAD /* MasonsBudget.entitlements */,
				9C6D1E05743C11803452DA93 /* MasonsBudgetMac.entitlements */,
				1A6ABAE36281BC51AA1483E5 /* App */,
				FE1A4ACF710C7853896438E8 /* Models */,
				69D59F5B978EA423C6382235 /* Preview Content */,
				A3A08C78528457BAD0F3703C /* Resources */,
				89080DBDB1E2E6C690796BC8 /* Services */,
				757195E8574F1127FBD98B12 /* Theme */,
				C64CE5DEC5F7C30B3A39C58E /* Views */,
			);
			path = MasonsBudget;
			sourceTree = "<group>";
		};
		69D59F5B978EA423C6382235 /* Preview Content */ = {
			isa = PBXGroup;
			children = (
				5AFC3C821C582B4F9E705206 /* Preview Assets.xcassets */,
			);
			path = "Preview Content";
			sourceTree = "<group>";
		};
		713CA87802FA5D0C380DF86E /* MasonsBudgetTests */ = {
			isa = PBXGroup;
			children = (
				EF5C5935A12805ECA579168B /* MasonsBudgetTests.swift */,
				A32E35D9FF3B8E22B92A21A8 /* MC2ReaderTests.swift */,
				A6B72C3A66D87A91EEF55223 /* RecurringDetectorTests.swift */,
				5B419D48E89A2C2DCD79A7F8 /* VoiceParserTests.swift */,
			);
			path = MasonsBudgetTests;
			sourceTree = "<group>";
		};
		757195E8574F1127FBD98B12 /* Theme */ = {
			isa = PBXGroup;
			children = (
				6D9D2114CBEC645F03E11CE8 /* AppTheme.swift */,
			);
			path = Theme;
			sourceTree = "<group>";
		};
		89080DBDB1E2E6C690796BC8 /* Services */ = {
			isa = PBXGroup;
			children = (
				6D42E3A9B8292524595DB757 /* BTCPriceService.swift */,
				7307B6F0A5546DBFB1FE332B /* BudgetNotificationManager.swift */,
				F28F75A8D3AD287547BB67C7 /* ConvexClient.swift */,
				130D186945E2F17AE4A79132 /* MC2DTOs.swift */,
				A7153D63352CB5B58C4F366A /* MC2Mapper.swift */,
				3FED6C930AD774521B536178 /* MC2Reader.swift */,
				F83F4110E2D16CDC2FE7C85A /* MC2SyncService.swift */,
				13B457058988A6C86FCA5978 /* RecurringDetector.swift */,
				1F721A6FC17530024B35A0C6 /* StockPriceService.swift */,
				8B1E681CE6C03C61153CAE59 /* VoiceParser.swift */,
			);
			path = Services;
			sourceTree = "<group>";
		};
		A3A08C78528457BAD0F3703C /* Resources */ = {
			isa = PBXGroup;
			children = (
				69F495FB3EBA9A3F6B589C2E /* Assets.xcassets */,
			);
			path = Resources;
			sourceTree = "<group>";
		};
		B8B9AA5608CE864C4B1AC932 = {
			isa = PBXGroup;
			children = (
				1E2B17A781D88E62AA8309C0 /* MasonsBudget */,
				713CA87802FA5D0C380DF86E /* MasonsBudgetTests */,
				CD4620B610CEE2DF1604438D /* Products */,
			);
			sourceTree = "<group>";
		};
		C64CE5DEC5F7C30B3A39C58E /* Views */ = {
			isa = PBXGroup;
			children = (
				1C8D2DE28EC878C7C3600E4B /* AddTransactionView.swift */,
				4F6201F4879FBB5F1E11AAE0 /* BTCAccountDetailView.swift */,
				3C36C77D7DBD148BABE55D1D /* CategoryDetailView.swift */,
				C4F25B63857534E6FC195E16 /* CategoryManagementView.swift */,
				4E34240C2E281F20DD41FF8D /* ContentView.swift */,
				82835D1EBE720A8FCF6AF6F4 /* DashboardTab.swift */,
				A40F7C583BCD2B2C1254F0F2 /* EditTransactionView.swift */,
				E117823C6DA6138431AE80C8 /* LockScreenView.swift */,
				D63CA7C8138C20D50AEE3C69 /* MoneyTab.swift */,
				083F88D8EB4768C9BEDF39F9 /* OnboardingView.swift */,
				D950D4C7F390299D6C1F7C2A /* SettingsTab.swift */,
				9DE48E957A60591CF071E174 /* SpendingTab.swift */,
				ADD3A332127776CF17AD6132 /* VoiceCaptureView.swift */,
				182CA7944FA0828D5B0C4F85 /* Components */,
			);
			path = Views;
			sourceTree = "<group>";
		};
		CD4620B610CEE2DF1604438D /* Products */ = {
			isa = PBXGroup;
			children = (
				310E21BFB1D9D582BCD6A71B /* MasonsBudget.app */,
				2266CE759B0FEC971BEC064D /* MasonsBudgetMac.app */,
				84B5CA78FD69DF5C17B4C334 /* MasonsBudgetTests.xctest */,
			);
			name = Products;
			sourceTree = "<group>";
		};
		FE1A4ACF710C7853896438E8 /* Models */ = {
			isa = PBXGroup;
			children = (
				4CC62602DF8D847C5671804D /* BTCAccount.swift */,
				5DC543643B1F2899DDB38FE5 /* BTCBillPay.swift */,
				471D5A1DCF4CD1B4C10217A1 /* BTCBuy.swift */,
				6F123D957238EE653A6F6751 /* BudgetCategory.swift */,
				05894A6118C6AC44E989181E /* FamilyProfile.swift */,
				19DCBB53F51F8E4A3BE1BD9E /* HoldingAccount.swift */,
				8B2D2A739D76D88CF2D981C6 /* MonthlyBudgetSnapshot.swift */,
				EF559B68DCF5C8C506B2A151 /* NetWorthSnapshot.swift */,
				97885C819FB926B04D0E8D3F /* SharedEnums.swift */,
				9F048D3DB36FA73A8D570960 /* SyncEvent.swift */,
				28C9AC48788F6BD75F27ADC1 /* Transaction.swift */,
			);
			path = Models;
			sourceTree = "<group>";
		};
/* End PBXGroup section */

/* Begin PBXNativeTarget section */
		6650D6D4CE8B75E1CBD2DEFB /* MasonsBudget */ = {
			isa = PBXNativeTarget;
			buildConfigurationList = 1DD5BC863D5CAF50EFE6F429 /* Build configuration list for PBXNativeTarget "MasonsBudget" */;
			buildPhases = (
				CA14A859B587C64334B78546 /* Sources */,
				A93B54208DC4DCA508FC31AB /* Resources */,
			);
			buildRules = (
			);
			dependencies = (
			);
			name = MasonsBudget;
			packageProductDependencies = (
			);
			productName = MasonsBudget;
			productReference = 310E21BFB1D9D582BCD6A71B /* MasonsBudget.app */;
			productType = "com.apple.product-type.application";
		};
		8EF51CAB51630BAD4A576507 /* MasonsBudgetTests */ = {
			isa = PBXNativeTarget;
			buildConfigurationList = 2EDAE43A54E1E73E5CE1F9BB /* Build configuration list for PBXNativeTarget "MasonsBudgetTests" */;
			buildPhases = (
				CE1C361331CFF6988301C117 /* Sources */,
			);
			buildRules = (
			);
			dependencies = (
			);
			name = MasonsBudgetTests;
			packageProductDependencies = (
			);
			productName = MasonsBudgetTests;
			productReference = 84B5CA78FD69DF5C17B4C334 /* MasonsBudgetTests.xctest */;
			productType = "com.apple.product-type.bundle.unit-test";
		};
		EFDC4FC30F8EFE1C5A5CD380 /* MasonsBudgetMac */ = {
			isa = PBXNativeTarget;
			buildConfigurationList = 945ABFF4651CAF5A59B6F4E8 /* Build configuration list for PBXNativeTarget "MasonsBudgetMac" */;
			buildPhases = (
				62E5AB5A420BD4D5359AA880 /* Sources */,
				99A47EB11ADAAB58A51379C6 /* Resources */,
			);
			buildRules = (
			);
			dependencies = (
			);
			name = MasonsBudgetMac;
			packageProductDependencies = (
			);
			productName = MasonsBudgetMac;
			productReference = 2266CE759B0FEC971BEC064D /* MasonsBudgetMac.app */;
			productType = "com.apple.product-type.application";
		};
/* End PBXNativeTarget section */

/* Begin PBXProject section */
		73DD9F2357D84FEE4552C8FF /* Project object */ = {
			isa = PBXProject;
			attributes = {
				BuildIndependentTargetsInParallel = YES;
				LastUpgradeCheck = 1640;
				TargetAttributes = {
					6650D6D4CE8B75E1CBD2DEFB = {
						DevelopmentTeam = 384ZGKG4GB;
						ProvisioningStyle = Automatic;
					};
					EFDC4FC30F8EFE1C5A5CD380 = {
						DevelopmentTeam = 384ZGKG4GB;
						ProvisioningStyle = Automatic;
					};
				};
			};
			buildConfigurationList = ECEE9BC285BDA38C7239EA13 /* Build configuration list for PBXProject "MasonsBudget" */;
			developmentRegion = en;
			hasScannedForEncodings = 0;
			knownRegions = (
				Base,
				en,
			);
			mainGroup = B8B9AA5608CE864C4B1AC932;
			minimizedProjectReferenceProxies = 1;
			preferredProjectObjectVersion = 77;
			productRefGroup = CD4620B610CEE2DF1604438D /* Products */;
			projectDirPath = "";
			projectRoot = "";
			targets = (
				6650D6D4CE8B75E1CBD2DEFB /* MasonsBudget */,
				EFDC4FC30F8EFE1C5A5CD380 /* MasonsBudgetMac */,
				8EF51CAB51630BAD4A576507 /* MasonsBudgetTests */,
			);
		};
/* End PBXProject section */

/* Begin PBXResourcesBuildPhase section */
		99A47EB11ADAAB58A51379C6 /* Resources */ = {
			isa = PBXResourcesBuildPhase;
			buildActionMask = 2147483647;
			files = (
				4B43ABD83280EB7928ED2DE8 /* Assets.xcassets in Resources */,
				A0353F71D2174CC8D429E7B9 /* Preview Assets.xcassets in Resources */,
			);
			runOnlyForDeploymentPostprocessing = 0;
		};
		A93B54208DC4DCA508FC31AB /* Resources */ = {
			isa = PBXResourcesBuildPhase;
			buildActionMask = 2147483647;
			files = (
				0AB1B206D3B377094C8D79E4 /* Assets.xcassets in Resources */,
				8A0A5A6536516FF4425A41D5 /* Preview Assets.xcassets in Resources */,
			);
			runOnlyForDeploymentPostprocessing = 0;
		};
/* End PBXResourcesBuildPhase section */

/* Begin PBXSourcesBuildPhase section */
		62E5AB5A420BD4D5359AA880 /* Sources */ = {
			isa = PBXSourcesBuildPhase;
			buildActionMask = 2147483647;
			files = (
				2D6EE4A463AD6DCC08897957 /* AddTransactionView.swift in Sources */,
				C8AB2C8731BC8ADE20214120 /* AppTheme.swift in Sources */,
				45356F553F6824CCE0B888BA /* AssetBreakdownChart.swift in Sources */,
				4A58601D081D021F3B18B255 /* BTCAccount.swift in Sources */,
				38577EC83C821AB7A38BC136 /* BTCAccountDetailView.swift in Sources */,
				73546E975D23A07500289ECE /* BTCBillPay.swift in Sources */,
				2534056FCF15384BBCC22038 /* BTCBuy.swift in Sources */,
				B30351D759C3C58F53E15C32 /* BTCPriceService.swift in Sources */,
				299ED7B254C76D1E92A0220D /* BudgetCategory.swift in Sources */,
				1A66DF88BA4B309BA08D2EA9 /* BudgetNotificationManager.swift in Sources */,
				E34D5F595CF9BA1B8014E792 /* CategoryDetailView.swift in Sources */,
				0BFF56D9C81E3D5407DF92E2 /* CategoryManagementView.swift in Sources */,
				B94B3D13C901AACAC16345CB /* CategoryRow.swift in Sources */,
				4791F32E8839FE9E35DB2FCE /* ContentView.swift in Sources */,
				3C32EB91AFCE7AE683B55CA6 /* ConvexClient.swift in Sources */,
				D23DC90030D328B07EDF624D /* DashboardTab.swift in Sources */,
				6F1AEA5DFC4F99DE084BC37B /* EditTransactionView.swift in Sources */,
				8CF4139C75810E99221B0692 /* FamilyProfile.swift in Sources */,
				4896678F33B0AD12A9247DE2 /* HoldingAccount.swift in Sources */,
				F9EAF981A0A2BBC7BF5398C7 /* LockScreenView.swift in Sources */,
				FF848533C741DC91C85E63A6 /* MC2DTOs.swift in Sources */,
				8A41817F4810A032FC16524A /* MC2Mapper.swift in Sources */,
				4883E47A8D6BC35A90E82C1A /* MC2Reader.swift in Sources */,
				8D76986C56C1119C0838190D /* MC2SyncService.swift in Sources */,
				C022EFD8A3AF0B3748433C49 /* MasonsBudgetApp.swift in Sources */,
				8017B8AF02E47E882740DB76 /* MicFAB.swift in Sources */,
				8EC6A19D6A56533D10952339 /* MoneyTab.swift in Sources */,
				E2F8586BAC515B8742BA438A /* MonthlyBudgetSnapshot.swift in Sources */,
				01898F0435951FE64FD95AA8 /* MonthlyTrendChart.swift in Sources */,
				17C8C5D8B8073525D0831D8E /* NetWorthHistoryChart.swift in Sources */,
				627817036F8B1B2C7497C8BB /* NetWorthSnapshot.swift in Sources */,
				D4D00A5A4054A43453F6CBB1 /* OnboardingView.swift in Sources */,
				73FA764086DAAC1259026A39 /* QuickActionButton.swift in Sources */,
				57A5D89C71FD5A5BF8062C1D /* RangePicker.swift in Sources */,
				E6167BE075D915EAACB5C1B8 /* RecurringDetector.swift in Sources */,
				FAA7D8D2E43C7B7093314FC6 /* SectionHeader.swift in Sources */,
				83CB43F26149141D33507DBB /* SettingsTab.swift in Sources */,
				33BBD55C6D82640D4E3554E9 /* SharedEnums.swift in Sources */,
				806AEA108D187D253151859C /* SpendingDonutChart.swift in Sources */,
				3D7B8A5C7F91BA8DE42D76C8 /* SpendingTab.swift in Sources */,
				BB32A18C85D252085707BB54 /* StatCard.swift in Sources */,
				60A2374372574199C9FDA25D /* StockPriceService.swift in Sources */,
				279E7FCE4B46305136F1BBDA /* SyncBadge.swift in Sources */,
				7563328AA8BADD5505402EE8 /* SyncEvent.swift in Sources */,
				CA974F20B48556D7C1FD187F /* Transaction.swift in Sources */,
				886FC7BE950409B868A7FC01 /* TransactionRow.swift in Sources */,
				BC41F3145E62974661C79870 /* VoiceCaptureView.swift in Sources */,
				ADA692279C957C0AFBD77C69 /* VoiceParser.swift in Sources */,
			);
			runOnlyForDeploymentPostprocessing = 0;
		};
		CA14A859B587C64334B78546 /* Sources */ = {
			isa = PBXSourcesBuildPhase;
			buildActionMask = 2147483647;
			files = (
				66094469BCE1F0473F1EE01C /* AddTransactionView.swift in Sources */,
				5AB5EAF56B9C5DD97AD09DCD /* AppTheme.swift in Sources */,
				F548573F0234DD7F15A33816 /* AssetBreakdownChart.swift in Sources */,
				16B5DB8412A7E38E35B9104C /* BTCAccount.swift in Sources */,
				ABE21967D72F27364C3FE742 /* BTCAccountDetailView.swift in Sources */,
				CB9BB3C97CAED9728CE9B542 /* BTCBillPay.swift in Sources */,
				B0BA76198540A09C7051C200 /* BTCBuy.swift in Sources */,
				42CC887EC2077D56C2F0AA2F /* BTCPriceService.swift in Sources */,
				0B7AFCE74E5D43974F8AC1AE /* BudgetCategory.swift in Sources */,
				4B346A59BD332EF252AF63A1 /* BudgetNotificationManager.swift in Sources */,
				81E3E50B298B92A078D72F26 /* CategoryDetailView.swift in Sources */,
				CF4B751C83D857C859E39CA7 /* CategoryManagementView.swift in Sources */,
				FF8D53D5163A1B9AE2CDF489 /* CategoryRow.swift in Sources */,
				84D36BF1F75AFCEAE45CA0A2 /* ContentView.swift in Sources */,
				A2757F55A7495EBA3A48C270 /* ConvexClient.swift in Sources */,
				63C72DAD9763699A8C54F17B /* DashboardTab.swift in Sources */,
				3ACD856D9038D6E439D42F3F /* EditTransactionView.swift in Sources */,
				4C8EAE9F329F12474404F004 /* FamilyProfile.swift in Sources */,
				AC9DFD3F20A65000ABF54CDC /* HoldingAccount.swift in Sources */,
				D1F0030EFC8EF2EF555C9F9B /* LockScreenView.swift in Sources */,
				80A637E625F3EF70CF7EF91A /* MC2DTOs.swift in Sources */,
				0CFAF3E5C73D4E08B671BCD1 /* MC2Mapper.swift in Sources */,
				0163BE114D91A8E5CC8B83D9 /* MC2Reader.swift in Sources */,
				644A9C60B8F4E48663CBB5E8 /* MC2SyncService.swift in Sources */,
				F12B99F5E2C30602F5A71F05 /* MasonsBudgetApp.swift in Sources */,
				F5FA7686B0618197DF8F8E58 /* MicFAB.swift in Sources */,
				3C6A2ED56808C670CD87623F /* MoneyTab.swift in Sources */,
				FBB4AE269CCCEC5D4EEABC02 /* MonthlyBudgetSnapshot.swift in Sources */,
				E8A2B2E3E36EE2477C974D38 /* MonthlyTrendChart.swift in Sources */,
				51D3D91520AAB22A540D44BC /* NetWorthHistoryChart.swift in Sources */,
				F9ABB4FF696573BDEF25CB28 /* NetWorthSnapshot.swift in Sources */,
				09CA016D0D8B9A10D766551F /* OnboardingView.swift in Sources */,
				91B5B4B30530980D88BA4D5F /* QuickActionButton.swift in Sources */,
				778D1DB82E26660D79200AF9 /* RangePicker.swift in Sources */,
				64330EAE4BCAA813DD6F194A /* RecurringDetector.swift in Sources */,
				6FEB03CDBBE23394B9B2BFFB /* SectionHeader.swift in Sources */,
				BFC671B851CC2F446976907C /* SettingsTab.swift in Sources */,
				B9BB77FF6FDB83BA802A2564 /* SharedEnums.swift in Sources */,
				4E01945E41597AB83DF856A4 /* SpendingDonutChart.swift in Sources */,
				34914E79C185ED10EEFDAFF5 /* SpendingTab.swift in Sources */,
				8BA35B984CBC11936AF54AD2 /* StatCard.swift in Sources */,
				FF258DF4502036BA0FF85FF6 /* StockPriceService.swift in Sources */,
				5AA53E74A102F8A1917419B6 /* SyncBadge.swift in Sources */,
				AC4B388167FA9DAB45D43515 /* SyncEvent.swift in Sources */,
				20134ADD1754A47D210AF2DA /* Transaction.swift in Sources */,
				DC2D9EE18A5205B311893805 /* TransactionRow.swift in Sources */,
				471E9F1E7909AFA2155E8129 /* VoiceCaptureView.swift in Sources */,
				7A6F4CE5CE7C098A4BEB7835 /* VoiceParser.swift in Sources */,
			);
			runOnlyForDeploymentPostprocessing = 0;
		};
		CE1C361331CFF6988301C117 /* Sources */ = {
			isa = PBXSourcesBuildPhase;
			buildActionMask = 2147483647;
			files = (
				4B897B1CB2B6841B840D978D /* AddTransactionView.swift in Sources */,
				064EE72180F8557196303AF4 /* AppTheme.swift in Sources */,
				1CD65989E2DCA6E583CDBA7B /* AssetBreakdownChart.swift in Sources */,
				6D9F88BEA980C5F18C00E5D5 /* BTCAccount.swift in Sources */,
				7E8BF6CB273ADEF815383C86 /* BTCAccountDetailView.swift in Sources */,
				DD95463755A63ABE04964599 /* BTCBillPay.swift in Sources */,
				2E6BBAB1336B38FD1D9EC8A5 /* BTCBuy.swift in Sources */,
				E7A545B3227D5DE6C136EEBC /* BTCPriceService.swift in Sources */,
				25D761D3D754B167202F23A7 /* BudgetCategory.swift in Sources */,
				70B97A8C3F140C4A841E0D1D /* BudgetNotificationManager.swift in Sources */,
				DF65E6D92D46BEC9CAF1EAC9 /* CategoryDetailView.swift in Sources */,
				07037ECDC93BA6E34F109E58 /* CategoryManagementView.swift in Sources */,
				5AEBD7763FADB16C4853FCF9 /* CategoryRow.swift in Sources */,
				3F55B3C03BBD1E4EE61A0DC2 /* ContentView.swift in Sources */,
				8B7D4660455866A0008B1DA6 /* ConvexClient.swift in Sources */,
				7D74B14636589F6D904B3C66 /* DashboardTab.swift in Sources */,
				2BAFCED5D73FB67D0C79A643 /* EditTransactionView.swift in Sources */,
				472A41D28DD9D5D4083D88FD /* FamilyProfile.swift in Sources */,
				BCDB4955AE6195145DB25EB0 /* HoldingAccount.swift in Sources */,
				C156A53D5E586FF9A67A0545 /* LockScreenView.swift in Sources */,
				E678847B04562368D94CD18E /* MC2DTOs.swift in Sources */,
				E1C04F1716739188C30E08AE /* MC2Mapper.swift in Sources */,
				6BD6E79598F2D802012B0E0B /* MC2Reader.swift in Sources */,
				13B0689FDDF4EC812E83272D /* MC2ReaderTests.swift in Sources */,
				17E881D56B3FC3BB3D6F419F /* MC2SyncService.swift in Sources */,
				6D8FD1A7D21195F90F959E8D /* MasonsBudgetTests.swift in Sources */,
				4C0B81D31B77426660143E15 /* MicFAB.swift in Sources */,
				B050CA04D447A9AC059FE2BC /* MoneyTab.swift in Sources */,
				E0FCD4B89D605971E357D92B /* MonthlyBudgetSnapshot.swift in Sources */,
				064E1A20699D1339F59E8B6C /* MonthlyTrendChart.swift in Sources */,
				D91BC26A059E314C5E36CB39 /* NetWorthHistoryChart.swift in Sources */,
				50A640E5700293AAB0B52CCB /* NetWorthSnapshot.swift in Sources */,
				26A9F98B72A257BB65FC0437 /* OnboardingView.swift in Sources */,
				57B977036D943775A520EF72 /* QuickActionButton.swift in Sources */,
				3DE421A2F3EF19FAB52A43ED /* RangePicker.swift in Sources */,
				136BCFFC782CCDFBB5ECA092 /* RecurringDetector.swift in Sources */,
				7605540B201A48941ED794B3 /* RecurringDetectorTests.swift in Sources */,
				79A6C2D2F98F3A14B180940A /* SectionHeader.swift in Sources */,
				8867C535286754DAF5670F07 /* SettingsTab.swift in Sources */,
				6700EF3793D4D70A6F67E0BC /* SharedEnums.swift in Sources */,
				31A7572529909DA600564F06 /* SpendingDonutChart.swift in Sources */,
				782A09EC4BA962E5BC01FA87 /* SpendingTab.swift in Sources */,
				9D6F85F37E6F099555915BC7 /* StatCard.swift in Sources */,
				F8512C01C795496D2CC7EA3A /* StockPriceService.swift in Sources */,
				E79EA711535BD09C489E3966 /* SyncBadge.swift in Sources */,
				14611BD57EFBBF83C6BBDA69 /* SyncEvent.swift in Sources */,
				5232DFED60E6E8B638751E24 /* Transaction.swift in Sources */,
				62E487793A1FC86F15F86BEF /* TransactionRow.swift in Sources */,
				B905BA054AC3B0023406A113 /* VoiceCaptureView.swift in Sources */,
				E748DE87C77526CF1C9469D0 /* VoiceParser.swift in Sources */,
				E7735A84FAB8CCBB3AA04C72 /* VoiceParserTests.swift in Sources */,
			);
			runOnlyForDeploymentPostprocessing = 0;
		};
/* End PBXSourcesBuildPhase section */

/* Begin XCBuildConfiguration section */
		024C1CE79C020C7B45EC3495 /* Debug */ = {
			isa = XCBuildConfiguration;
			buildSettings = {
				ASSETCATALOG_COMPILER_APPICON_NAME = AppIcon;
				ASSETCATALOG_COMPILER_GLOBAL_ACCENT_COLOR_NAME = AccentColor;
				CODE_SIGN_ENTITLEMENTS = MasonsBudget/MasonsBudgetMac.entitlements;
				CODE_SIGN_STYLE = Automatic;
				COMBINE_HIDPI_IMAGES = YES;
				DEVELOPMENT_TEAM = 384ZGKG4GB;
				ENABLE_PREVIEWS = YES;
				INFOPLIST_KEY_CFBundleDisplayName = "The Vogel Vault";
				INFOPLIST_KEY_ITSAppUsesNonExemptEncryption = NO;
				INFOPLIST_KEY_LSApplicationCategoryType = "public.app-category.finance";
				INFOPLIST_KEY_NSFaceIDUsageDescription = "Unlock The Vogel Vault with Face ID.";
				INFOPLIST_KEY_NSMicrophoneUsageDescription = "Microphone access is needed for voice transaction entry.";
				INFOPLIST_KEY_NSSpeechRecognitionUsageDescription = "Voice input lets you log transactions by speaking.";
				LD_RUNPATH_SEARCH_PATHS = (
					"$(inherited)",
					"@executable_path/../Frameworks",
				);
				PRODUCT_BUNDLE_IDENTIFIER = com.sats21m.masonsbudget;
				SDKROOT = macosx;
				SWIFT_EMIT_LOC_STRINGS = YES;
			};
			name = Debug;
		};
		15ADA92CD6A3024E413759EE /* Release */ = {
			isa = XCBuildConfiguration;
			buildSettings = {
				ASSETCATALOG_COMPILER_APPICON_NAME = AppIcon;
				ASSETCATALOG_COMPILER_GLOBAL_ACCENT_COLOR_NAME = AccentColor;
				CODE_SIGN_ENTITLEMENTS = MasonsBudget/MasonsBudget.entitlements;
				CODE_SIGN_IDENTITY = "iPhone Developer";
				CODE_SIGN_STYLE = Automatic;
				DEVELOPMENT_TEAM = 384ZGKG4GB;
				ENABLE_PREVIEWS = YES;
				INFOPLIST_KEY_CFBundleDisplayName = "The Vogel Vault";
				INFOPLIST_KEY_ITSAppUsesNonExemptEncryption = NO;
				INFOPLIST_KEY_LSApplicationCategoryType = "public.app-category.finance";
				INFOPLIST_KEY_NSFaceIDUsageDescription = "Unlock The Vogel Vault with Face ID.";
				INFOPLIST_KEY_NSMicrophoneUsageDescription = "Microphone access is needed for voice transaction entry.";
				INFOPLIST_KEY_NSSpeechRecognitionUsageDescription = "Voice input lets you log transactions by speaking.";
				INFOPLIST_KEY_UIApplicationSceneManifest_Generation = YES;
				INFOPLIST_KEY_UIApplicationSupportsIndirectInputEvents = YES;
				INFOPLIST_KEY_UILaunchScreen_Generation = YES;
				INFOPLIST_KEY_UISupportedInterfaceOrientations_iPad = "UIInterfaceOrientationPortrait UIInterfaceOrientationPortraitUpsideDown UIInterfaceOrientationLandscapeLeft UIInterfaceOrientationLandscapeRight";
				INFOPLIST_KEY_UISupportedInterfaceOrientations_iPhone = UIInterfaceOrientationPortrait;
				LD_RUNPATH_SEARCH_PATHS = (
					"$(inherited)",
					"@executable_path/Frameworks",
				);
				PRODUCT_BUNDLE_IDENTIFIER = com.sats21m.masonsbudget;
				SDKROOT = iphoneos;
				SWIFT_EMIT_LOC_STRINGS = YES;
				TARGETED_DEVICE_FAMILY = "1,2";
			};
			name = Release;
		};
		1C1947E2DDB86887DABA11A5 /* Release */ = {
			isa = XCBuildConfiguration;
			buildSettings = {
				ALWAYS_SEARCH_USER_PATHS = NO;
				CLANG_ANALYZER_NONNULL = YES;
				CLANG_ANALYZER_NUMBER_OBJECT_CONVERSION = YES_AGGRESSIVE;
				CLANG_CXX_LANGUAGE_STANDARD = "gnu++14";
				CLANG_CXX_LIBRARY = "libc++";
				CLANG_ENABLE_MODULES = YES;
				CLANG_ENABLE_OBJC_ARC = YES;
				CLANG_ENABLE_OBJC_WEAK = YES;
				CLANG_WARN_BLOCK_CAPTURE_AUTORELEASING = YES;
				CLANG_WARN_BOOL_CONVERSION = YES;
				CLANG_WARN_COMMA = YES;
				CLANG_WARN_CONSTANT_CONVERSION = YES;
				CLANG_WARN_DEPRECATED_OBJC_IMPLEMENTATIONS = YES;
				CLANG_WARN_DIRECT_OBJC_ISA_USAGE = YES_ERROR;
				CLANG_WARN_DOCUMENTATION_COMMENTS = YES;
				CLANG_WARN_EMPTY_BODY = YES;
				CLANG_WARN_ENUM_CONVERSION = YES;
				CLANG_WARN_INFINITE_RECURSION = YES;
				CLANG_WARN_INT_CONVERSION = YES;
				CLANG_WARN_NON_LITERAL_NULL_CONVERSION = YES;
				CLANG_WARN_OBJC_IMPLICIT_RETAIN_SELF = YES;
				CLANG_WARN_OBJC_LITERAL_CONVERSION = YES;
				CLANG_WARN_OBJC_ROOT_CLASS = YES_ERROR;
				CLANG_WARN_QUOTED_INCLUDE_IN_FRAMEWORK_HEADER = YES;
				CLANG_WARN_RANGE_LOOP_ANALYSIS = YES;
				CLANG_WARN_STRICT_PROTOTYPES = YES;
				CLANG_WARN_SUSPICIOUS_MOVE = YES;
				CLANG_WARN_UNGUARDED_AVAILABILITY = YES_AGGRESSIVE;
				CLANG_WARN_UNREACHABLE_CODE = YES;
				CLANG_WARN__DUPLICATE_METHOD_MATCH = YES;
				COPY_PHASE_STRIP = NO;
				CURRENT_PROJECT_VERSION = 20;
				DEBUG_INFORMATION_FORMAT = "dwarf-with-dsym";
				ENABLE_NS_ASSERTIONS = NO;
				ENABLE_STRICT_OBJC_MSGSEND = YES;
				GCC_C_LANGUAGE_STANDARD = gnu11;
				GCC_NO_COMMON_BLOCKS = YES;
				GCC_WARN_64_TO_32_BIT_CONVERSION = YES;
				GCC_WARN_ABOUT_RETURN_TYPE = YES_ERROR;
				GCC_WARN_UNDECLARED_SELECTOR = YES;
				GCC_WARN_UNINITIALIZED_AUTOS = YES_AGGRESSIVE;
				GCC_WARN_UNUSED_FUNCTION = YES;
				GCC_WARN_UNUSED_VARIABLE = YES;
				GENERATE_INFOPLIST_FILE = YES;
				IPHONEOS_DEPLOYMENT_TARGET = 17.0;
				MACOSX_DEPLOYMENT_TARGET = 14.0;
				MARKETING_VERSION = 0.3.0;
				MTL_ENABLE_DEBUG_INFO = NO;
				MTL_FAST_MATH = YES;
				PRODUCT_NAME = "$(TARGET_NAME)";
				SWIFT_COMPILATION_MODE = wholemodule;
				SWIFT_OPTIMIZATION_LEVEL = "-O";
				SWIFT_VERSION = 5.9;
			};
			name = Release;
		};
		22942F511B0237EE22FAC8CF /* Release */ = {
			isa = XCBuildConfiguration;
			buildSettings = {
				ASSETCATALOG_COMPILER_APPICON_NAME = AppIcon;
				ASSETCATALOG_COMPILER_GLOBAL_ACCENT_COLOR_NAME = AccentColor;
				CODE_SIGN_ENTITLEMENTS = MasonsBudget/MasonsBudgetMac.entitlements;
				CODE_SIGN_STYLE = Automatic;
				COMBINE_HIDPI_IMAGES = YES;
				DEVELOPMENT_TEAM = 384ZGKG4GB;
				ENABLE_PREVIEWS = YES;
				INFOPLIST_KEY_CFBundleDisplayName = "The Vogel Vault";
				INFOPLIST_KEY_ITSAppUsesNonExemptEncryption = NO;
				INFOPLIST_KEY_LSApplicationCategoryType = "public.app-category.finance";
				INFOPLIST_KEY_NSFaceIDUsageDescription = "Unlock The Vogel Vault with Face ID.";
				INFOPLIST_KEY_NSMicrophoneUsageDescription = "Microphone access is needed for voice transaction entry.";
				INFOPLIST_KEY_NSSpeechRecognitionUsageDescription = "Voice input lets you log transactions by speaking.";
				LD_RUNPATH_SEARCH_PATHS = (
					"$(inherited)",
					"@executable_path/../Frameworks",
				);
				PRODUCT_BUNDLE_IDENTIFIER = com.sats21m.masonsbudget;
				SDKROOT = macosx;
				SWIFT_EMIT_LOC_STRINGS = YES;
			};
			name = Release;
		};
		3A5497EC10842F9153B27AD6 /* Release */ = {
			isa = XCBuildConfiguration;
			buildSettings = {
				BUNDLE_LOADER = "$(TEST_HOST)";
				GENERATE_INFOPLIST_FILE = YES;
				LD_RUNPATH_SEARCH_PATHS = (
					"$(inherited)",
					"@executable_path/Frameworks",
					"@loader_path/Frameworks",
				);
				PRODUCT_BUNDLE_IDENTIFIER = com.sats21m.masonsbudget.tests;
				SDKROOT = iphoneos;
				TARGETED_DEVICE_FAMILY = "1,2";
			};
			name = Release;
		};
		508314652172205BBC316570 /* Debug */ = {
			isa = XCBuildConfiguration;
			buildSettings = {
				ASSETCATALOG_COMPILER_APPICON_NAME = AppIcon;
				ASSETCATALOG_COMPILER_GLOBAL_ACCENT_COLOR_NAME = AccentColor;
				CODE_SIGN_ENTITLEMENTS = MasonsBudget/MasonsBudget.entitlements;
				CODE_SIGN_IDENTITY = "iPhone Developer";
				CODE_SIGN_STYLE = Automatic;
				DEVELOPMENT_TEAM = 384ZGKG4GB;
				ENABLE_PREVIEWS = YES;
				INFOPLIST_KEY_CFBundleDisplayName = "The Vogel Vault";
				INFOPLIST_KEY_ITSAppUsesNonExemptEncryption = NO;
				INFOPLIST_KEY_LSApplicationCategoryType = "public.app-category.finance";
				INFOPLIST_KEY_NSFaceIDUsageDescription = "Unlock The Vogel Vault with Face ID.";
				INFOPLIST_KEY_NSMicrophoneUsageDescription = "Microphone access is needed for voice transaction entry.";
				INFOPLIST_KEY_NSSpeechRecognitionUsageDescription = "Voice input lets you log transactions by speaking.";
				INFOPLIST_KEY_UIApplicationSceneManifest_Generation = YES;
				INFOPLIST_KEY_UIApplicationSupportsIndirectInputEvents = YES;
				INFOPLIST_KEY_UILaunchScreen_Generation = YES;
				INFOPLIST_KEY_UISupportedInterfaceOrientations_iPad = "UIInterfaceOrientationPortrait UIInterfaceOrientationPortraitUpsideDown UIInterfaceOrientationLandscapeLeft UIInterfaceOrientationLandscapeRight";
				INFOPLIST_KEY_UISupportedInterfaceOrientations_iPhone = UIInterfaceOrientationPortrait;
				LD_RUNPATH_SEARCH_PATHS = (
					"$(inherited)",
					"@executable_path/Frameworks",
				);
				PRODUCT_BUNDLE_IDENTIFIER = com.sats21m.masonsbudget;
				SDKROOT = iphoneos;
				SWIFT_EMIT_LOC_STRINGS = YES;
				TARGETED_DEVICE_FAMILY = "1,2";
			};
			name = Debug;
		};
		9756FBD91A417932AD3C6CF7 /* Debug */ = {
			isa = XCBuildConfiguration;
			buildSettings = {
				BUNDLE_LOADER = "$(TEST_HOST)";
				GENERATE_INFOPLIST_FILE = YES;
				LD_RUNPATH_SEARCH_PATHS = (
					"$(inherited)",
					"@executable_path/Frameworks",
					"@loader_path/Frameworks",
				);
				PRODUCT_BUNDLE_IDENTIFIER = com.sats21m.masonsbudget.tests;
				SDKROOT = iphoneos;
				TARGETED_DEVICE_FAMILY = "1,2";
			};
			name = Debug;
		};
		BF25885D7ED3C3DB9323F637 /* Debug */ = {
			isa = XCBuildConfiguration;
			buildSettings = {
				ALWAYS_SEARCH_USER_PATHS = NO;
				CLANG_ANALYZER_NONNULL = YES;
				CLANG_ANALYZER_NUMBER_OBJECT_CONVERSION = YES_AGGRESSIVE;
				CLANG_CXX_LANGUAGE_STANDARD = "gnu++14";
				CLANG_CXX_LIBRARY = "libc++";
				CLANG_ENABLE_MODULES = YES;
				CLANG_ENABLE_OBJC_ARC = YES;
				CLANG_ENABLE_OBJC_WEAK = YES;
				CLANG_WARN_BLOCK_CAPTURE_AUTORELEASING = YES;
				CLANG_WARN_BOOL_CONVERSION = YES;
				CLANG_WARN_COMMA = YES;
				CLANG_WARN_CONSTANT_CONVERSION = YES;
				CLANG_WARN_DEPRECATED_OBJC_IMPLEMENTATIONS = YES;
				CLANG_WARN_DIRECT_OBJC_ISA_USAGE = YES_ERROR;
				CLANG_WARN_DOCUMENTATION_COMMENTS = YES;
				CLANG_WARN_EMPTY_BODY = YES;
				CLANG_WARN_ENUM_CONVERSION = YES;
				CLANG_WARN_INFINITE_RECURSION = YES;
				CLANG_WARN_INT_CONVERSION = YES;
				CLANG_WARN_NON_LITERAL_NULL_CONVERSION = YES;
				CLANG_WARN_OBJC_IMPLICIT_RETAIN_SELF = YES;
				CLANG_WARN_OBJC_LITERAL_CONVERSION = YES;
				CLANG_WARN_OBJC_ROOT_CLASS = YES_ERROR;
				CLANG_WARN_QUOTED_INCLUDE_IN_FRAMEWORK_HEADER = YES;
				CLANG_WARN_RANGE_LOOP_ANALYSIS = YES;
				CLANG_WARN_STRICT_PROTOTYPES = YES;
				CLANG_WARN_SUSPICIOUS_MOVE = YES;
				CLANG_WARN_UNGUARDED_AVAILABILITY = YES_AGGRESSIVE;
				CLANG_WARN_UNREACHABLE_CODE = YES;
				CLANG_WARN__DUPLICATE_METHOD_MATCH = YES;
				COPY_PHASE_STRIP = NO;
				CURRENT_PROJECT_VERSION = 20;
				DEBUG_INFORMATION_FORMAT = dwarf;
				ENABLE_STRICT_OBJC_MSGSEND = YES;
				ENABLE_TESTABILITY = YES;
				GCC_C_LANGUAGE_STANDARD = gnu11;
				GCC_DYNAMIC_NO_PIC = NO;
				GCC_NO_COMMON_BLOCKS = YES;
				GCC_OPTIMIZATION_LEVEL = 0;
				GCC_PREPROCESSOR_DEFINITIONS = (
					"$(inherited)",
					"DEBUG=1",
				);
				GCC_WARN_64_TO_32_BIT_CONVERSION = YES;
				GCC_WARN_ABOUT_RETURN_TYPE = YES_ERROR;
				GCC_WARN_UNDECLARED_SELECTOR = YES;
				GCC_WARN_UNINITIALIZED_AUTOS = YES_AGGRESSIVE;
				GCC_WARN_UNUSED_FUNCTION = YES;
				GCC_WARN_UNUSED_VARIABLE = YES;
				GENERATE_INFOPLIST_FILE = YES;
				IPHONEOS_DEPLOYMENT_TARGET = 17.0;
				MACOSX_DEPLOYMENT_TARGET = 14.0;
				MARKETING_VERSION = 0.3.0;
				MTL_ENABLE_DEBUG_INFO = INCLUDE_SOURCE;
				MTL_FAST_MATH = YES;
				ONLY_ACTIVE_ARCH = YES;
				PRODUCT_NAME = "$(TARGET_NAME)";
				SWIFT_ACTIVE_COMPILATION_CONDITIONS = DEBUG;
				SWIFT_OPTIMIZATION_LEVEL = "-Onone";
				SWIFT_VERSION = 5.9;
			};
			name = Debug;
		};
/* End XCBuildConfiguration section */

/* Begin XCConfigurationList section */
		1DD5BC863D5CAF50EFE6F429 /* Build configuration list for PBXNativeTarget "MasonsBudget" */ = {
			isa = XCConfigurationList;
			buildConfigurations = (
				508314652172205BBC316570 /* Debug */,
				15ADA92CD6A3024E413759EE /* Release */,
			);
			defaultConfigurationIsVisible = 0;
			defaultConfigurationName = Debug;
		};
		2EDAE43A54E1E73E5CE1F9BB /* Build configuration list for PBXNativeTarget "MasonsBudgetTests" */ = {
			isa = XCConfigurationList;
			buildConfigurations = (
				9756FBD91A417932AD3C6CF7 /* Debug */,
				3A5497EC10842F9153B27AD6 /* Release */,
			);
			defaultConfigurationIsVisible = 0;
			defaultConfigurationName = Debug;
		};
		945ABFF4651CAF5A59B6F4E8 /* Build configuration list for PBXNativeTarget "MasonsBudgetMac" */ = {
			isa = XCConfigurationList;
			buildConfigurations = (
				024C1CE79C020C7B45EC3495 /* Debug */,
				22942F511B0237EE22FAC8CF /* Release */,
			);
			defaultConfigurationIsVisible = 0;
			defaultConfigurationName = Debug;
		};
		ECEE9BC285BDA38C7239EA13 /* Build configuration list for PBXProject "MasonsBudget" */ = {
			isa = XCConfigurationList;
			buildConfigurations = (
				BF25885D7ED3C3DB9323F637 /* Debug */,
				1C1947E2DDB86887DABA11A5 /* Release */,
			);
			defaultConfigurationIsVisible = 0;
			defaultConfigurationName = Debug;
		};
/* End XCConfigurationList section */
	};
	rootObject = 73DD9F2357D84FEE4552C8FF /* Project object */;
}
