// !$*UTF8*$!
{
	archiveVersion = 1;
	classes = {
	};
	objectVersion = 77;
	objects = {

/* Begin PBXBuildFile section */
		0079C75072FC413931C2BB2F /* UnitToggleView.swift in Sources */ = {isa = PBXBuildFile; fileRef = 709F4C2338EDE5D2BBB8C9F8 /* UnitToggleView.swift */; };
		0163BE114D91A8E5CC8B83D9 /* MC2Reader.swift in Sources */ = {isa = PBXBuildFile; fileRef = 3FED6C930AD774521B536178 /* MC2Reader.swift */; };
		05217F09961107F47A0EA45D /* CategoryDetailView.swift in Sources */ = {isa = PBXBuildFile; fileRef = 8FBBF456CA8F45467DE539B3 /* CategoryDetailView.swift */; };
		064EE72180F8557196303AF4 /* AppTheme.swift in Sources */ = {isa = PBXBuildFile; fileRef = 6D9D2114CBEC645F03E11CE8 /* AppTheme.swift */; };
		07F997E66D8676FA7608605E /* ExportView.swift in Sources */ = {isa = PBXBuildFile; fileRef = 42CB31DA7B47761B37A90E9C /* ExportView.swift */; };
		09CA016D0D8B9A10D766551F /* OnboardingView.swift in Sources */ = {isa = PBXBuildFile; fileRef = 083F88D8EB4768C9BEDF39F9 /* OnboardingView.swift */; };
		0AB1B206D3B377094C8D79E4 /* Assets.xcassets in Resources */ = {isa = PBXBuildFile; fileRef = 69F495FB3EBA9A3F6B589C2E /* Assets.xcassets */; };
		0B6CB8CA90ABDA907CFB646B /* NetWorthView.swift in Sources */ = {isa = PBXBuildFile; fileRef = EC957E91914A99EF29371CA6 /* NetWorthView.swift */; };
		0B7AFCE74E5D43974F8AC1AE /* BudgetCategory.swift in Sources */ = {isa = PBXBuildFile; fileRef = 6F123D957238EE653A6F6751 /* BudgetCategory.swift */; };
		0CFAF3E5C73D4E08B671BCD1 /* MC2Mapper.swift in Sources */ = {isa = PBXBuildFile; fileRef = A7153D63352CB5B58C4F366A /* MC2Mapper.swift */; };
		0DB81852B8BCA4A88AACB54E /* VoiceTransactionView.swift in Sources */ = {isa = PBXBuildFile; fileRef = E61832AD53C22BEAF0386F25 /* VoiceTransactionView.swift */; };
		0F8ED58D169C39B1704B92F1 /* AmountView.swift in Sources */ = {isa = PBXBuildFile; fileRef = 5EAD4E4602D4D4566CD78E35 /* AmountView.swift */; };
		1287315587BFEF686848BA45 /* TaskSmartListView.swift in Sources */ = {isa = PBXBuildFile; fileRef = 859D4699AA8657478F0E4D21 /* TaskSmartListView.swift */; };
		13554C2A3633B76D998FDCD7 /* CSVImportService.swift in Sources */ = {isa = PBXBuildFile; fileRef = 52815FF83DEA08F99F7B94B6 /* CSVImportService.swift */; };
		136BCFFC782CCDFBB5ECA092 /* RecurringDetector.swift in Sources */ = {isa = PBXBuildFile; fileRef = 13B457058988A6C86FCA5978 /* RecurringDetector.swift */; };
		13B0689FDDF4EC812E83272D /* MC2ReaderTests.swift in Sources */ = {isa = PBXBuildFile; fileRef = A32E35D9FF3B8E22B92A21A8 /* MC2ReaderTests.swift */; };
		13B46090FA129DE2F6714ADB /* AddTransactionView.swift in Sources */ = {isa = PBXBuildFile; fileRef = BED9DCEAF24F0852B41BEDF2 /* AddTransactionView.swift */; };
		14611BD57EFBBF83C6BBDA69 /* SyncEvent.swift in Sources */ = {isa = PBXBuildFile; fileRef = 9F048D3DB36FA73A8D570960 /* SyncEvent.swift */; };
		14C6AEEDC863470D493846FD /* TasksView.swift in Sources */ = {isa = PBXBuildFile; fileRef = 0DBCCD025DF53FB5AB826594 /* TasksView.swift */; };
		15B0540F59AE163F088450EC /* CategoryDetailView.swift in Sources */ = {isa = PBXBuildFile; fileRef = 8FBBF456CA8F45467DE539B3 /* CategoryDetailView.swift */; };
		167D1E154B72DEFE16A1A9AA /* ActivityView.swift in Sources */ = {isa = PBXBuildFile; fileRef = 355DA4D064A09FC72695758B /* ActivityView.swift */; };
		16B5DB8412A7E38E35B9104C /* BTCAccount.swift in Sources */ = {isa = PBXBuildFile; fileRef = 4CC62602DF8D847C5671804D /* BTCAccount.swift */; };
		1795D79092AEE541FFA41AB8 /* TaskDetailView.swift in Sources */ = {isa = PBXBuildFile; fileRef = A4B3C65C1FD9F1E13141EE7C /* TaskDetailView.swift */; };
		1798FC8BF60D85845AD1C79D /* ProjectsView.swift in Sources */ = {isa = PBXBuildFile; fileRef = 4E87F8471A5178129ADC32F6 /* ProjectsView.swift */; };
		17BBEDB466265654289AAE51 /* TransactionDetailView.swift in Sources */ = {isa = PBXBuildFile; fileRef = 4BCFC0CB64EDE2474B2E5620 /* TransactionDetailView.swift */; };
		17E881D56B3FC3BB3D6F419F /* MC2SyncService.swift in Sources */ = {isa = PBXBuildFile; fileRef = F83F4110E2D16CDC2FE7C85A /* MC2SyncService.swift */; };
		1937D7FCF5D407C26B8C83EC /* Hairline.swift in Sources */ = {isa = PBXBuildFile; fileRef = 598608F085B0A81286803F0F /* Hairline.swift */; };
		1A66DF88BA4B309BA08D2EA9 /* BudgetNotificationManager.swift in Sources */ = {isa = PBXBuildFile; fileRef = 7307B6F0A5546DBFB1FE332B /* BudgetNotificationManager.swift */; };
		1DCAE04D1FD4D959FD8F4048 /* TransactionDetailView.swift in Sources */ = {isa = PBXBuildFile; fileRef = 4BCFC0CB64EDE2474B2E5620 /* TransactionDetailView.swift */; };
		1F1C8AF4B264D3CD836DE6E4 /* CostBasisLot.swift in Sources */ = {isa = PBXBuildFile; fileRef = 460FAFA4D544CE62A5974814 /* CostBasisLot.swift */; };
		1FD655B5F5F84FD9B852D99B /* SearchMatcher.swift in Sources */ = {isa = PBXBuildFile; fileRef = E2283F2AE36B94EF55B4AAD6 /* SearchMatcher.swift */; };
		20134ADD1754A47D210AF2DA /* Transaction.swift in Sources */ = {isa = PBXBuildFile; fileRef = 28C9AC48788F6BD75F27ADC1 /* Transaction.swift */; };
		22D2DCF2D99CB0EBD5F13623 /* ProfileSwitcherView.swift in Sources */ = {isa = PBXBuildFile; fileRef = B6DC67CB4C872B77EB725922 /* ProfileSwitcherView.swift */; };
		23813E6484FD2C3936A8EBA9 /* TodoProject.swift in Sources */ = {isa = PBXBuildFile; fileRef = 782A3D53AC3B913AC715D707 /* TodoProject.swift */; };
		2390818D6483951CA8A38B45 /* AddTransactionView.swift in Sources */ = {isa = PBXBuildFile; fileRef = BED9DCEAF24F0852B41BEDF2 /* AddTransactionView.swift */; };
		243ED1BA417A2995DC916F87 /* NetWorthView.swift in Sources */ = {isa = PBXBuildFile; fileRef = EC957E91914A99EF29371CA6 /* NetWorthView.swift */; };
		2534056FCF15384BBCC22038 /* BTCBuy.swift in Sources */ = {isa = PBXBuildFile; fileRef = 471D5A1DCF4CD1B4C10217A1 /* BTCBuy.swift */; };
		25D761D3D754B167202F23A7 /* BudgetCategory.swift in Sources */ = {isa = PBXBuildFile; fileRef = 6F123D957238EE653A6F6751 /* BudgetCategory.swift */; };
		263192C847B3B58DC73DB2EB /* TransactionSource.swift in Sources */ = {isa = PBXBuildFile; fileRef = 570F3F5990719F8820C73D57 /* TransactionSource.swift */; };
		26A9F98B72A257BB65FC0437 /* OnboardingView.swift in Sources */ = {isa = PBXBuildFile; fileRef = 083F88D8EB4768C9BEDF39F9 /* OnboardingView.swift */; };
		299ED7B254C76D1E92A0220D /* BudgetCategory.swift in Sources */ = {isa = PBXBuildFile; fileRef = 6F123D957238EE653A6F6751 /* BudgetCategory.swift */; };
		2E6BBAB1336B38FD1D9EC8A5 /* BTCBuy.swift in Sources */ = {isa = PBXBuildFile; fileRef = 471D5A1DCF4CD1B4C10217A1 /* BTCBuy.swift */; };
		2F829E91B66B1C0F4AB2B42F /* ProjectTodoListView.swift in Sources */ = {isa = PBXBuildFile; fileRef = B2FE9738F0574D3031E44C26 /* ProjectTodoListView.swift */; };
		3191A061DC23BCA6BF289E65 /* TaskUndoStore.swift in Sources */ = {isa = PBXBuildFile; fileRef = B76057F6E5D01B646C6C3DE7 /* TaskUndoStore.swift */; };
		33BBD55C6D82640D4E3554E9 /* SharedEnums.swift in Sources */ = {isa = PBXBuildFile; fileRef = 97885C819FB926B04D0E8D3F /* SharedEnums.swift */; };
		341A877A04A9BA0788B47DF3 /* BTCBillPayView.swift in Sources */ = {isa = PBXBuildFile; fileRef = 273950057898C808021DD99E /* BTCBillPayView.swift */; };
		343BA3F322C725977C4FD80E /* ExportView.swift in Sources */ = {isa = PBXBuildFile; fileRef = 42CB31DA7B47761B37A90E9C /* ExportView.swift */; };
		353D0C4ED3F4B00D713E03C8 /* AppWriteSyncService.swift in Sources */ = {isa = PBXBuildFile; fileRef = 3D424253F2EA585494807458 /* AppWriteSyncService.swift */; };
		3C2F0D3CBBB8D2A03A23CE1F /* TaskUndoStore.swift in Sources */ = {isa = PBXBuildFile; fileRef = B76057F6E5D01B646C6C3DE7 /* TaskUndoStore.swift */; };
		3C32EB91AFCE7AE683B55CA6 /* ConvexClient.swift in Sources */ = {isa = PBXBuildFile; fileRef = F28F75A8D3AD287547BB67C7 /* ConvexClient.swift */; };
		3C5D681E2D464F77A40D8608 /* CategoryDetailView.swift in Sources */ = {isa = PBXBuildFile; fileRef = 8FBBF456CA8F45467DE539B3 /* CategoryDetailView.swift */; };
		3D33AAE7E64E51E6A10F22EB /* CSVImportView.swift in Sources */ = {isa = PBXBuildFile; fileRef = 9D264872AB987E5209C0B6A3 /* CSVImportView.swift */; };
		3F55B3C03BBD1E4EE61A0DC2 /* ContentView.swift in Sources */ = {isa = PBXBuildFile; fileRef = 4E34240C2E281F20DD41FF8D /* ContentView.swift */; };
		3F8A344C3E812E582DBCB399 /* CostBasisLot.swift in Sources */ = {isa = PBXBuildFile; fileRef = 460FAFA4D544CE62A5974814 /* CostBasisLot.swift */; };
		42CC887EC2077D56C2F0AA2F /* BTCPriceService.swift in Sources */ = {isa = PBXBuildFile; fileRef = 6D42E3A9B8292524595DB757 /* BTCPriceService.swift */; };
		43C1EFDD2AAB66D42EC2F7BE /* UnitToggleView.swift in Sources */ = {isa = PBXBuildFile; fileRef = 709F4C2338EDE5D2BBB8C9F8 /* UnitToggleView.swift */; };
		46A98D5C4C637802AE38400D /* AreaTodoListView.swift in Sources */ = {isa = PBXBuildFile; fileRef = 2A36EDB41C72B5F230F05789 /* AreaTodoListView.swift */; };
		472A41D28DD9D5D4083D88FD /* FamilyProfile.swift in Sources */ = {isa = PBXBuildFile; fileRef = 05894A6118C6AC44E989181E /* FamilyProfile.swift */; };
		4791F32E8839FE9E35DB2FCE /* ContentView.swift in Sources */ = {isa = PBXBuildFile; fileRef = 4E34240C2E281F20DD41FF8D /* ContentView.swift */; };
		4883E47A8D6BC35A90E82C1A /* MC2Reader.swift in Sources */ = {isa = PBXBuildFile; fileRef = 3FED6C930AD774521B536178 /* MC2Reader.swift */; };
		4896678F33B0AD12A9247DE2 /* HoldingAccount.swift in Sources */ = {isa = PBXBuildFile; fileRef = 19DCBB53F51F8E4A3BE1BD9E /* HoldingAccount.swift */; };
		4A07B5BA11595826A572BCD6 /* TransactionSource.swift in Sources */ = {isa = PBXBuildFile; fileRef = 570F3F5990719F8820C73D57 /* TransactionSource.swift */; };
		4A58601D081D021F3B18B255 /* BTCAccount.swift in Sources */ = {isa = PBXBuildFile; fileRef = 4CC62602DF8D847C5671804D /* BTCAccount.swift */; };
		4B346A59BD332EF252AF63A1 /* BudgetNotificationManager.swift in Sources */ = {isa = PBXBuildFile; fileRef = 7307B6F0A5546DBFB1FE332B /* BudgetNotificationManager.swift */; };
		4B43ABD83280EB7928ED2DE8 /* Assets.xcassets in Resources */ = {isa = PBXBuildFile; fileRef = 69F495FB3EBA9A3F6B589C2E /* Assets.xcassets */; };
		4BD1E0F73E843E2217A7FC04 /* TaskSmartListView.swift in Sources */ = {isa = PBXBuildFile; fileRef = 859D4699AA8657478F0E4D21 /* TaskSmartListView.swift */; };
		4C8EAE9F329F12474404F004 /* FamilyProfile.swift in Sources */ = {isa = PBXBuildFile; fileRef = 05894A6118C6AC44E989181E /* FamilyProfile.swift */; };
		4E6FFCD2EC318BE432592269 /* SyncStatusStore.swift in Sources */ = {isa = PBXBuildFile; fileRef = D86340D4ABE8A55B4DA49FF6 /* SyncStatusStore.swift */; };
		4F4EE06226AA41C8AA5523FF /* TodoItem.swift in Sources */ = {isa = PBXBuildFile; fileRef = BC02E94290076AEE88831C18 /* TodoItem.swift */; };
		50A640E5700293AAB0B52CCB /* NetWorthSnapshot.swift in Sources */ = {isa = PBXBuildFile; fileRef = EF559B68DCF5C8C506B2A151 /* NetWorthSnapshot.swift */; };
		51BEEF51F09DBEE974B679E0 /* ProjectTodoListView.swift in Sources */ = {isa = PBXBuildFile; fileRef = B2FE9738F0574D3031E44C26 /* ProjectTodoListView.swift */; };
		5232DFED60E6E8B638751E24 /* Transaction.swift in Sources */ = {isa = PBXBuildFile; fileRef = 28C9AC48788F6BD75F27ADC1 /* Transaction.swift */; };
		52B443B199D5AC3640525B0A /* ProjectTodoListView.swift in Sources */ = {isa = PBXBuildFile; fileRef = B2FE9738F0574D3031E44C26 /* ProjectTodoListView.swift */; };
		567B39204A65DCCCB473764F /* IncomingEventsSection.swift in Sources */ = {isa = PBXBuildFile; fileRef = 2DA02D07A5F77E55C69B00DF /* IncomingEventsSection.swift */; };
		589F465E417CA8207BB0C71C /* FamilyVisibilityTests.swift in Sources */ = {isa = PBXBuildFile; fileRef = 2AC58C7449FBDB08006CFC23 /* FamilyVisibilityTests.swift */; };
		58AC51EEA6EDF49B075A3ACD /* UnitToggleView.swift in Sources */ = {isa = PBXBuildFile; fileRef = 709F4C2338EDE5D2BBB8C9F8 /* UnitToggleView.swift */; };
		5AB5EAF56B9C5DD97AD09DCD /* AppTheme.swift in Sources */ = {isa = PBXBuildFile; fileRef = 6D9D2114CBEC645F03E11CE8 /* AppTheme.swift */; };
		5B8933B6B7A64817AE2924C3 /* BTCBuysView.swift in Sources */ = {isa = PBXBuildFile; fileRef = 5B7551DE4A0BB82EF414D999 /* BTCBuysView.swift */; };
		5C491764B10B9D634D9C8A32 /* BudgetView.swift in Sources */ = {isa = PBXBuildFile; fileRef = 941AE83F8125080834B45397 /* BudgetView.swift */; };
		5D301B43723DB13E1F0CF7ED /* TasksView.swift in Sources */ = {isa = PBXBuildFile; fileRef = 0DBCCD025DF53FB5AB826594 /* TasksView.swift */; };
		5EA48A752E0FC8F9CCC3058F /* TodoArea.swift in Sources */ = {isa = PBXBuildFile; fileRef = CBEF1482C8EFC171A27117F7 /* TodoArea.swift */; };
		5EAA31651D7CB8DA2D1CA647 /* ScreenHeader.swift in Sources */ = {isa = PBXBuildFile; fileRef = 59DD3C8ADB2447DA2F2ABEF8 /* ScreenHeader.swift */; };
		60A2374372574199C9FDA25D /* StockPriceService.swift in Sources */ = {isa = PBXBuildFile; fileRef = 1F721A6FC17530024B35A0C6 /* StockPriceService.swift */; };
		60DB40E2C6E812784A222981 /* TasksView.swift in Sources */ = {isa = PBXBuildFile; fileRef = 0DBCCD025DF53FB5AB826594 /* TasksView.swift */; };
		61BFE7AE76584D8C349D32C1 /* RetirementView.swift in Sources */ = {isa = PBXBuildFile; fileRef = 1ADB184F47423CA415614B24 /* RetirementView.swift */; };
		627817036F8B1B2C7497C8BB /* NetWorthSnapshot.swift in Sources */ = {isa = PBXBuildFile; fileRef = EF559B68DCF5C8C506B2A151 /* NetWorthSnapshot.swift */; };
		64330EAE4BCAA813DD6F194A /* RecurringDetector.swift in Sources */ = {isa = PBXBuildFile; fileRef = 13B457058988A6C86FCA5978 /* RecurringDetector.swift */; };
		644A9C60B8F4E48663CBB5E8 /* MC2SyncService.swift in Sources */ = {isa = PBXBuildFile; fileRef = F83F4110E2D16CDC2FE7C85A /* MC2SyncService.swift */; };
		6511CFB62F4D955953DFDF29 /* TaskUndoBanner.swift in Sources */ = {isa = PBXBuildFile; fileRef = 9217F015BEE5502E0937BDC3 /* TaskUndoBanner.swift */; };
		66EB6E0D58B325B4F2FD532E /* CostBasisLot.swift in Sources */ = {isa = PBXBuildFile; fileRef = 460FAFA4D544CE62A5974814 /* CostBasisLot.swift */; };
		6700EF3793D4D70A6F67E0BC /* SharedEnums.swift in Sources */ = {isa = PBXBuildFile; fileRef = 97885C819FB926B04D0E8D3F /* SharedEnums.swift */; };
		6BD6E79598F2D802012B0E0B /* MC2Reader.swift in Sources */ = {isa = PBXBuildFile; fileRef = 3FED6C930AD774521B536178 /* MC2Reader.swift */; };
		6D8FD1A7D21195F90F959E8D /* MasonsBudgetTests.swift in Sources */ = {isa = PBXBuildFile; fileRef = EF5C5935A12805ECA579168B /* MasonsBudgetTests.swift */; };
		6D9F88BEA980C5F18C00E5D5 /* BTCAccount.swift in Sources */ = {isa = PBXBuildFile; fileRef = 4CC62602DF8D847C5671804D /* BTCAccount.swift */; };
		6FCFC09A23B2D4FE242B0E9B /* TaskUndoBanner.swift in Sources */ = {isa = PBXBuildFile; fileRef = 9217F015BEE5502E0937BDC3 /* TaskUndoBanner.swift */; };
		6FE8B184183F43327912A71A /* DashboardView.swift in Sources */ = {isa = PBXBuildFile; fileRef = D2EE11ADEBED01F399DA8F0F /* DashboardView.swift */; };
		70B97A8C3F140C4A841E0D1D /* BudgetNotificationManager.swift in Sources */ = {isa = PBXBuildFile; fileRef = 7307B6F0A5546DBFB1FE332B /* BudgetNotificationManager.swift */; };
		713310A2FC852F3ED403DD16 /* AmountView.swift in Sources */ = {isa = PBXBuildFile; fileRef = 5EAD4E4602D4D4566CD78E35 /* AmountView.swift */; };
		7278CE8F39F5AFB791DE48D4 /* TransactionDetailView.swift in Sources */ = {isa = PBXBuildFile; fileRef = 4BCFC0CB64EDE2474B2E5620 /* TransactionDetailView.swift */; };
		727E7F9A70589881AA409AC7 /* DashboardView.swift in Sources */ = {isa = PBXBuildFile; fileRef = D2EE11ADEBED01F399DA8F0F /* DashboardView.swift */; };
		72BB45F04434B3A718FE0904 /* AreaTodoListView.swift in Sources */ = {isa = PBXBuildFile; fileRef = 2A36EDB41C72B5F230F05789 /* AreaTodoListView.swift */; };
		73546E975D23A07500289ECE /* BTCBillPay.swift in Sources */ = {isa = PBXBuildFile; fileRef = 5DC543643B1F2899DDB38FE5 /* BTCBillPay.swift */; };
		7429AC04E251756C88D32419 /* TaskUndoStore.swift in Sources */ = {isa = PBXBuildFile; fileRef = B76057F6E5D01B646C6C3DE7 /* TaskUndoStore.swift */; };
		7455ECEB00AC386FEC93935D /* AppWriteSyncService.swift in Sources */ = {isa = PBXBuildFile; fileRef = 3D424253F2EA585494807458 /* AppWriteSyncService.swift */; };
		7563328AA8BADD5505402EE8 /* SyncEvent.swift in Sources */ = {isa = PBXBuildFile; fileRef = 9F048D3DB36FA73A8D570960 /* SyncEvent.swift */; };
		7605540B201A48941ED794B3 /* RecurringDetectorTests.swift in Sources */ = {isa = PBXBuildFile; fileRef = A6B72C3A66D87A91EEF55223 /* RecurringDetectorTests.swift */; };
		7726E5908E6D0685AF8573FC /* SyncStatusStore.swift in Sources */ = {isa = PBXBuildFile; fileRef = D86340D4ABE8A55B4DA49FF6 /* SyncStatusStore.swift */; };
		777A58FB2F9ED9243F50855A /* ProjectsView.swift in Sources */ = {isa = PBXBuildFile; fileRef = 4E87F8471A5178129ADC32F6 /* ProjectsView.swift */; };
		78CD410FBB0B0F30FC04C2B5 /* AreaTodoListView.swift in Sources */ = {isa = PBXBuildFile; fileRef = 2A36EDB41C72B5F230F05789 /* AreaTodoListView.swift */; };
		7A6F4CE5CE7C098A4BEB7835 /* VoiceParser.swift in Sources */ = {isa = PBXBuildFile; fileRef = 8B1E681CE6C03C61153CAE59 /* VoiceParser.swift */; };
		7D48872896D49FB898A12EC5 /* BitcoinIcons.swift in Sources */ = {isa = PBXBuildFile; fileRef = CF60F6C9AFB730F4A27C9A10 /* BitcoinIcons.swift */; };
		7EB78B1C7E862DC7C62818C1 /* IncomingEventsSection.swift in Sources */ = {isa = PBXBuildFile; fileRef = 2DA02D07A5F77E55C69B00DF /* IncomingEventsSection.swift */; };
		7F206C7332A7AFA5BB962E49 /* BudgetView.swift in Sources */ = {isa = PBXBuildFile; fileRef = 941AE83F8125080834B45397 /* BudgetView.swift */; };
		7F8A473271BB9A5EA21AA6C5 /* AmountView.swift in Sources */ = {isa = PBXBuildFile; fileRef = 5EAD4E4602D4D4566CD78E35 /* AmountView.swift */; };
		80A637E625F3EF70CF7EF91A /* MC2DTOs.swift in Sources */ = {isa = PBXBuildFile; fileRef = 130D186945E2F17AE4A79132 /* MC2DTOs.swift */; };
		8271DA0EE070045925ED003C /* TodoProject.swift in Sources */ = {isa = PBXBuildFile; fileRef = 782A3D53AC3B913AC715D707 /* TodoProject.swift */; };
		84680CBB7571265A670FF80F /* BitcoinIcons.swift in Sources */ = {isa = PBXBuildFile; fileRef = CF60F6C9AFB730F4A27C9A10 /* BitcoinIcons.swift */; };
		8468F93DF475A5DD08A50959 /* VoiceTransactionView.swift in Sources */ = {isa = PBXBuildFile; fileRef = E61832AD53C22BEAF0386F25 /* VoiceTransactionView.swift */; };
		84C14555E924E91D3C73C55E /* ScreenHeader.swift in Sources */ = {isa = PBXBuildFile; fileRef = 59DD3C8ADB2447DA2F2ABEF8 /* ScreenHeader.swift */; };
		84D36BF1F75AFCEAE45CA0A2 /* ContentView.swift in Sources */ = {isa = PBXBuildFile; fileRef = 4E34240C2E281F20DD41FF8D /* ContentView.swift */; };
		8762E9AC6714420D2E8E38B8 /* ProfileSwitcherView.swift in Sources */ = {isa = PBXBuildFile; fileRef = B6DC67CB4C872B77EB725922 /* ProfileSwitcherView.swift */; };
		899995D852AAD64CC551C455 /* BTCBillPayView.swift in Sources */ = {isa = PBXBuildFile; fileRef = 273950057898C808021DD99E /* BTCBillPayView.swift */; };
		8A0A5A6536516FF4425A41D5 /* Preview Assets.xcassets in Resources */ = {isa = PBXBuildFile; fileRef = 5AFC3C821C582B4F9E705206 /* Preview Assets.xcassets */; };
		8A41817F4810A032FC16524A /* MC2Mapper.swift in Sources */ = {isa = PBXBuildFile; fileRef = A7153D63352CB5B58C4F366A /* MC2Mapper.swift */; };
		8B7D4660455866A0008B1DA6 /* ConvexClient.swift in Sources */ = {isa = PBXBuildFile; fileRef = F28F75A8D3AD287547BB67C7 /* ConvexClient.swift */; };
		8C727AA1349C02CB941F6BF0 /* BTCBuysView.swift in Sources */ = {isa = PBXBuildFile; fileRef = 5B7551DE4A0BB82EF414D999 /* BTCBuysView.swift */; };
		8CC6FEC8882669FA45A4B8B1 /* TaskDetailView.swift in Sources */ = {isa = PBXBuildFile; fileRef = A4B3C65C1FD9F1E13141EE7C /* TaskDetailView.swift */; };
		8CE5545F13392A9E8895913A /* TodoArea.swift in Sources */ = {isa = PBXBuildFile; fileRef = CBEF1482C8EFC171A27117F7 /* TodoArea.swift */; };
		8CF4139C75810E99221B0692 /* FamilyProfile.swift in Sources */ = {isa = PBXBuildFile; fileRef = 05894A6118C6AC44E989181E /* FamilyProfile.swift */; };
		8D117BFB9E780625C653B1CF /* RetirementView.swift in Sources */ = {isa = PBXBuildFile; fileRef = 1ADB184F47423CA415614B24 /* RetirementView.swift */; };
		8D1C891633544EAA468EB8A8 /* PillButton.swift in Sources */ = {isa = PBXBuildFile; fileRef = F77DC014DA99E364F0D6572E /* PillButton.swift */; };
		8D76986C56C1119C0838190D /* MC2SyncService.swift in Sources */ = {isa = PBXBuildFile; fileRef = F83F4110E2D16CDC2FE7C85A /* MC2SyncService.swift */; };
		8DDC0B51C872A1BE1717A7F1 /* CSVImportService.swift in Sources */ = {isa = PBXBuildFile; fileRef = 52815FF83DEA08F99F7B94B6 /* CSVImportService.swift */; };
		8DF654AA7A8B2269A569CE26 /* ActivityView.swift in Sources */ = {isa = PBXBuildFile; fileRef = 355DA4D064A09FC72695758B /* ActivityView.swift */; };
		8FA1F5019016A229F4F7FE7B /* IncomingEventsSection.swift in Sources */ = {isa = PBXBuildFile; fileRef = 2DA02D07A5F77E55C69B00DF /* IncomingEventsSection.swift */; };
		92289BEED97E0A6FA4B40D68 /* ScreenHeader.swift in Sources */ = {isa = PBXBuildFile; fileRef = 59DD3C8ADB2447DA2F2ABEF8 /* ScreenHeader.swift */; };
		92F0489AD93C51D921395285 /* TaskUndoBanner.swift in Sources */ = {isa = PBXBuildFile; fileRef = 9217F015BEE5502E0937BDC3 /* TaskUndoBanner.swift */; };
		9471CE70E75C895D86D443DA /* TodoProject.swift in Sources */ = {isa = PBXBuildFile; fileRef = 782A3D53AC3B913AC715D707 /* TodoProject.swift */; };
		95C893AE2DE6A9C76042C9BA /* TodayView.swift in Sources */ = {isa = PBXBuildFile; fileRef = 9FBD5FB3989AEA4A2A5A5B9A /* TodayView.swift */; };
		9A84F97A42F9A7ED4CC5DE86 /* Hairline.swift in Sources */ = {isa = PBXBuildFile; fileRef = 598608F085B0A81286803F0F /* Hairline.swift */; };
		A0353F71D2174CC8D429E7B9 /* Preview Assets.xcassets in Resources */ = {isa = PBXBuildFile; fileRef = 5AFC3C821C582B4F9E705206 /* Preview Assets.xcassets */; };
		A08D8C317D5AF5D62EF1C62D /* TaskDetailView.swift in Sources */ = {isa = PBXBuildFile; fileRef = A4B3C65C1FD9F1E13141EE7C /* TaskDetailView.swift */; };
		A0E35125250CFD1858931070 /* CSVImportServiceTests.swift in Sources */ = {isa = PBXBuildFile; fileRef = 142594BDFC0E0FF626E0E4D7 /* CSVImportServiceTests.swift */; };
		A14E8E51D94738A7CA25C9CB /* BitcoinIcons.swift in Sources */ = {isa = PBXBuildFile; fileRef = CF60F6C9AFB730F4A27C9A10 /* BitcoinIcons.swift */; };
		A2757F55A7495EBA3A48C270 /* ConvexClient.swift in Sources */ = {isa = PBXBuildFile; fileRef = F28F75A8D3AD287547BB67C7 /* ConvexClient.swift */; };
		A4BFB4132F896AF661537AAF /* CSVImportView.swift in Sources */ = {isa = PBXBuildFile; fileRef = 9D264872AB987E5209C0B6A3 /* CSVImportView.swift */; };
		A8842AB993A3B57408404D4E /* ProjectsView.swift in Sources */ = {isa = PBXBuildFile; fileRef = 4E87F8471A5178129ADC32F6 /* ProjectsView.swift */; };
		A97366A2EB4EA2FFDBA47FA5 /* Hairline.swift in Sources */ = {isa = PBXBuildFile; fileRef = 598608F085B0A81286803F0F /* Hairline.swift */; };
		AAEBC48066D2E3E788C9E5AA /* AppWriteSyncService.swift in Sources */ = {isa = PBXBuildFile; fileRef = 3D424253F2EA585494807458 /* AppWriteSyncService.swift */; };
		AC4B388167FA9DAB45D43515 /* SyncEvent.swift in Sources */ = {isa = PBXBuildFile; fileRef = 9F048D3DB36FA73A8D570960 /* SyncEvent.swift */; };
		AC9DFD3F20A65000ABF54CDC /* HoldingAccount.swift in Sources */ = {isa = PBXBuildFile; fileRef = 19DCBB53F51F8E4A3BE1BD9E /* HoldingAccount.swift */; };
		ADA692279C957C0AFBD77C69 /* VoiceParser.swift in Sources */ = {isa = PBXBuildFile; fileRef = 8B1E681CE6C03C61153CAE59 /* VoiceParser.swift */; };
		ADF07F1500B9EBF914125718 /* BTCAccountDetailView.swift in Sources */ = {isa = PBXBuildFile; fileRef = CB39E4E9476D6B0B76703693 /* BTCAccountDetailView.swift */; };
		AE798501AD587483D3C310A2 /* PillButton.swift in Sources */ = {isa = PBXBuildFile; fileRef = F77DC014DA99E364F0D6572E /* PillButton.swift */; };
		B01D62F2D057FFF30B54C0DD /* ExportView.swift in Sources */ = {isa = PBXBuildFile; fileRef = 42CB31DA7B47761B37A90E9C /* ExportView.swift */; };
		B08E8C792B650E6250108894 /* BTCBuysView.swift in Sources */ = {isa = PBXBuildFile; fileRef = 5B7551DE4A0BB82EF414D999 /* BTCBuysView.swift */; };
		B0BA76198540A09C7051C200 /* BTCBuy.swift in Sources */ = {isa = PBXBuildFile; fileRef = 471D5A1DCF4CD1B4C10217A1 /* BTCBuy.swift */; };
		B2AA8D11A0C83B4E36735704 /* NetWorthView.swift in Sources */ = {isa = PBXBuildFile; fileRef = EC957E91914A99EF29371CA6 /* NetWorthView.swift */; };
		B30351D759C3C58F53E15C32 /* BTCPriceService.swift in Sources */ = {isa = PBXBuildFile; fileRef = 6D42E3A9B8292524595DB757 /* BTCPriceService.swift */; };
		B32D966284A56194CBB3AC16 /* RetirementView.swift in Sources */ = {isa = PBXBuildFile; fileRef = 1ADB184F47423CA415614B24 /* RetirementView.swift */; };
		B348E53CF2F397BC7DA7FE98 /* BTCAccountDetailView.swift in Sources */ = {isa = PBXBuildFile; fileRef = CB39E4E9476D6B0B76703693 /* BTCAccountDetailView.swift */; };
		B4EDB5E700BF7C5162C6804E /* ProfileSwitcherView.swift in Sources */ = {isa = PBXBuildFile; fileRef = B6DC67CB4C872B77EB725922 /* ProfileSwitcherView.swift */; };
		B9BB77FF6FDB83BA802A2564 /* SharedEnums.swift in Sources */ = {isa = PBXBuildFile; fileRef = 97885C819FB926B04D0E8D3F /* SharedEnums.swift */; };
		BA080D383822B146E5BDC0C1 /* MoreMenuView.swift in Sources */ = {isa = PBXBuildFile; fileRef = 5C4688B09BFCB16C26276040 /* MoreMenuView.swift */; };
		BCDB4955AE6195145DB25EB0 /* HoldingAccount.swift in Sources */ = {isa = PBXBuildFile; fileRef = 19DCBB53F51F8E4A3BE1BD9E /* HoldingAccount.swift */; };
		C022EFD8A3AF0B3748433C49 /* MasonsBudgetApp.swift in Sources */ = {isa = PBXBuildFile; fileRef = 8388ECD356E3E00B77790681 /* MasonsBudgetApp.swift */; };
		C077695E6F3899F7B2262410 /* CSVImportService.swift in Sources */ = {isa = PBXBuildFile; fileRef = 52815FF83DEA08F99F7B94B6 /* CSVImportService.swift */; };
		C156A53D5E586FF9A67A0545 /* LockScreenView.swift in Sources */ = {isa = PBXBuildFile; fileRef = E117823C6DA6138431AE80C8 /* LockScreenView.swift */; };
		C196EDE6E90DE6BBB122E90A /* AddTransactionView.swift in Sources */ = {isa = PBXBuildFile; fileRef = BED9DCEAF24F0852B41BEDF2 /* AddTransactionView.swift */; };
		C20B3F463C5014BE4D0BC278 /* SearchMatcher.swift in Sources */ = {isa = PBXBuildFile; fileRef = E2283F2AE36B94EF55B4AAD6 /* SearchMatcher.swift */; };
		C20D34C265A1FDA9FF26D0A4 /* PillButton.swift in Sources */ = {isa = PBXBuildFile; fileRef = F77DC014DA99E364F0D6572E /* PillButton.swift */; };
		C4732154C67A071211508A18 /* MoreMenuView.swift in Sources */ = {isa = PBXBuildFile; fileRef = 5C4688B09BFCB16C26276040 /* MoreMenuView.swift */; };
		C4AC630F0736F1FF8E22CB1C /* TodayView.swift in Sources */ = {isa = PBXBuildFile; fileRef = 9FBD5FB3989AEA4A2A5A5B9A /* TodayView.swift */; };
		C82E2935D3FDA89A1972E127 /* CSVImportView.swift in Sources */ = {isa = PBXBuildFile; fileRef = 9D264872AB987E5209C0B6A3 /* CSVImportView.swift */; };
		C849728D24F0A26AA1E4AB87 /* ActivityView.swift in Sources */ = {isa = PBXBuildFile; fileRef = 355DA4D064A09FC72695758B /* ActivityView.swift */; };
		C8AB2C8731BC8ADE20214120 /* AppTheme.swift in Sources */ = {isa = PBXBuildFile; fileRef = 6D9D2114CBEC645F03E11CE8 /* AppTheme.swift */; };
		CA974F20B48556D7C1FD187F /* Transaction.swift in Sources */ = {isa = PBXBuildFile; fileRef = 28C9AC48788F6BD75F27ADC1 /* Transaction.swift */; };
		CB9BB3C97CAED9728CE9B542 /* BTCBillPay.swift in Sources */ = {isa = PBXBuildFile; fileRef = 5DC543643B1F2899DDB38FE5 /* BTCBillPay.swift */; };
		CD6E34BC67B813408C710CD1 /* VoiceTransactionView.swift in Sources */ = {isa = PBXBuildFile; fileRef = E61832AD53C22BEAF0386F25 /* VoiceTransactionView.swift */; };
		CEF9C4C16AACAB7C0C7AFD75 /* TransactionSource.swift in Sources */ = {isa = PBXBuildFile; fileRef = 570F3F5990719F8820C73D57 /* TransactionSource.swift */; };
		D1BB8B327A23D4D8D3ABBE63 /* TodoItem.swift in Sources */ = {isa = PBXBuildFile; fileRef = BC02E94290076AEE88831C18 /* TodoItem.swift */; };
		D1F0030EFC8EF2EF555C9F9B /* LockScreenView.swift in Sources */ = {isa = PBXBuildFile; fileRef = E117823C6DA6138431AE80C8 /* LockScreenView.swift */; };
		D21FBFEEAD72E5855B86E247 /* TodoItem.swift in Sources */ = {isa = PBXBuildFile; fileRef = BC02E94290076AEE88831C18 /* TodoItem.swift */; };
		D4D00A5A4054A43453F6CBB1 /* OnboardingView.swift in Sources */ = {isa = PBXBuildFile; fileRef = 083F88D8EB4768C9BEDF39F9 /* OnboardingView.swift */; };
		DA400DF45A592D3A83188DF1 /* TodayView.swift in Sources */ = {isa = PBXBuildFile; fileRef = 9FBD5FB3989AEA4A2A5A5B9A /* TodayView.swift */; };
		DD95463755A63ABE04964599 /* BTCBillPay.swift in Sources */ = {isa = PBXBuildFile; fileRef = 5DC543643B1F2899DDB38FE5 /* BTCBillPay.swift */; };
		E0FCD4B89D605971E357D92B /* MonthlyBudgetSnapshot.swift in Sources */ = {isa = PBXBuildFile; fileRef = 8B2D2A739D76D88CF2D981C6 /* MonthlyBudgetSnapshot.swift */; };
		E1C04F1716739188C30E08AE /* MC2Mapper.swift in Sources */ = {isa = PBXBuildFile; fileRef = A7153D63352CB5B58C4F366A /* MC2Mapper.swift */; };
		E2F8586BAC515B8742BA438A /* MonthlyBudgetSnapshot.swift in Sources */ = {isa = PBXBuildFile; fileRef = 8B2D2A739D76D88CF2D981C6 /* MonthlyBudgetSnapshot.swift */; };
		E47423E8CDB190F1BB982E95 /* MoreMenuView.swift in Sources */ = {isa = PBXBuildFile; fileRef = 5C4688B09BFCB16C26276040 /* MoreMenuView.swift */; };
		E6167BE075D915EAACB5C1B8 /* RecurringDetector.swift in Sources */ = {isa = PBXBuildFile; fileRef = 13B457058988A6C86FCA5978 /* RecurringDetector.swift */; };
		E678847B04562368D94CD18E /* MC2DTOs.swift in Sources */ = {isa = PBXBuildFile; fileRef = 130D186945E2F17AE4A79132 /* MC2DTOs.swift */; };
		E72C1516754CC4B60DCF93C6 /* SyncStatusStore.swift in Sources */ = {isa = PBXBuildFile; fileRef = D86340D4ABE8A55B4DA49FF6 /* SyncStatusStore.swift */; };
		E748DE87C77526CF1C9469D0 /* VoiceParser.swift in Sources */ = {isa = PBXBuildFile; fileRef = 8B1E681CE6C03C61153CAE59 /* VoiceParser.swift */; };
		E7735A84FAB8CCBB3AA04C72 /* VoiceParserTests.swift in Sources */ = {isa = PBXBuildFile; fileRef = 5B419D48E89A2C2DCD79A7F8 /* VoiceParserTests.swift */; };
		E7A545B3227D5DE6C136EEBC /* BTCPriceService.swift in Sources */ = {isa = PBXBuildFile; fileRef = 6D42E3A9B8292524595DB757 /* BTCPriceService.swift */; };
		EDA46ADEA2A64402C54F371F /* BTCBillPayView.swift in Sources */ = {isa = PBXBuildFile; fileRef = 273950057898C808021DD99E /* BTCBillPayView.swift */; };
		EFBB7BB8E76452640F44EF64 /* SearchMatcher.swift in Sources */ = {isa = PBXBuildFile; fileRef = E2283F2AE36B94EF55B4AAD6 /* SearchMatcher.swift */; };
		F12B99F5E2C30602F5A71F05 /* MasonsBudgetApp.swift in Sources */ = {isa = PBXBuildFile; fileRef = 8388ECD356E3E00B77790681 /* MasonsBudgetApp.swift */; };
		F1CAC198C07A1B0C06A294AE /* DashboardView.swift in Sources */ = {isa = PBXBuildFile; fileRef = D2EE11ADEBED01F399DA8F0F /* DashboardView.swift */; };
		F56EC18C9DF0CB4349162063 /* TodoArea.swift in Sources */ = {isa = PBXBuildFile; fileRef = CBEF1482C8EFC171A27117F7 /* TodoArea.swift */; };
		F7BC632EB189C29BFBD81043 /* BTCAccountDetailView.swift in Sources */ = {isa = PBXBuildFile; fileRef = CB39E4E9476D6B0B76703693 /* BTCAccountDetailView.swift */; };
		F8512C01C795496D2CC7EA3A /* StockPriceService.swift in Sources */ = {isa = PBXBuildFile; fileRef = 1F721A6FC17530024B35A0C6 /* StockPriceService.swift */; };
		F9ABB4FF696573BDEF25CB28 /* NetWorthSnapshot.swift in Sources */ = {isa = PBXBuildFile; fileRef = EF559B68DCF5C8C506B2A151 /* NetWorthSnapshot.swift */; };
		F9EAF981A0A2BBC7BF5398C7 /* LockScreenView.swift in Sources */ = {isa = PBXBuildFile; fileRef = E117823C6DA6138431AE80C8 /* LockScreenView.swift */; };
		F9EC699ACF79979C781CB21A /* TaskSmartListView.swift in Sources */ = {isa = PBXBuildFile; fileRef = 859D4699AA8657478F0E4D21 /* TaskSmartListView.swift */; };
		FBB4AE269CCCEC5D4EEABC02 /* MonthlyBudgetSnapshot.swift in Sources */ = {isa = PBXBuildFile; fileRef = 8B2D2A739D76D88CF2D981C6 /* MonthlyBudgetSnapshot.swift */; };
		FF258DF4502036BA0FF85FF6 /* StockPriceService.swift in Sources */ = {isa = PBXBuildFile; fileRef = 1F721A6FC17530024B35A0C6 /* StockPriceService.swift */; };
		FF53E751B802F5EFB8382F76 /* BudgetView.swift in Sources */ = {isa = PBXBuildFile; fileRef = 941AE83F8125080834B45397 /* BudgetView.swift */; };
		FF848533C741DC91C85E63A6 /* MC2DTOs.swift in Sources */ = {isa = PBXBuildFile; fileRef = 130D186945E2F17AE4A79132 /* MC2DTOs.swift */; };
/* End PBXBuildFile section */

/* Begin PBXFileReference section */
		05894A6118C6AC44E989181E /* FamilyProfile.swift */ = {isa = PBXFileReference; lastKnownFileType = sourcecode.swift; path = FamilyProfile.swift; sourceTree = "<group>"; };
		083F88D8EB4768C9BEDF39F9 /* OnboardingView.swift */ = {isa = PBXFileReference; lastKnownFileType = sourcecode.swift; path = OnboardingView.swift; sourceTree = "<group>"; };
		0DBCCD025DF53FB5AB826594 /* TasksView.swift */ = {isa = PBXFileReference; lastKnownFileType = sourcecode.swift; path = TasksView.swift; sourceTree = "<group>"; };
		130D186945E2F17AE4A79132 /* MC2DTOs.swift */ = {isa = PBXFileReference; lastKnownFileType = sourcecode.swift; path = MC2DTOs.swift; sourceTree = "<group>"; };
		13B457058988A6C86FCA5978 /* RecurringDetector.swift */ = {isa = PBXFileReference; lastKnownFileType = sourcecode.swift; path = RecurringDetector.swift; sourceTree = "<group>"; };
		142594BDFC0E0FF626E0E4D7 /* CSVImportServiceTests.swift */ = {isa = PBXFileReference; lastKnownFileType = sourcecode.swift; path = CSVImportServiceTests.swift; sourceTree = "<group>"; };
		19DCBB53F51F8E4A3BE1BD9E /* HoldingAccount.swift */ = {isa = PBXFileReference; lastKnownFileType = sourcecode.swift; path = HoldingAccount.swift; sourceTree = "<group>"; };
		1ADB184F47423CA415614B24 /* RetirementView.swift */ = {isa = PBXFileReference; lastKnownFileType = sourcecode.swift; path = RetirementView.swift; sourceTree = "<group>"; };
		1F721A6FC17530024B35A0C6 /* StockPriceService.swift */ = {isa = PBXFileReference; lastKnownFileType = sourcecode.swift; path = StockPriceService.swift; sourceTree = "<group>"; };
		2266CE759B0FEC971BEC064D /* MasonsBudgetMac.app */ = {isa = PBXFileReference; explicitFileType = wrapper.application; includeInIndex = 0; path = MasonsBudgetMac.app; sourceTree = BUILT_PRODUCTS_DIR; };
		273950057898C808021DD99E /* BTCBillPayView.swift */ = {isa = PBXFileReference; lastKnownFileType = sourcecode.swift; path = BTCBillPayView.swift; sourceTree = "<group>"; };
		28C9AC48788F6BD75F27ADC1 /* Transaction.swift */ = {isa = PBXFileReference; lastKnownFileType = sourcecode.swift; path = Transaction.swift; sourceTree = "<group>"; };
		2A36EDB41C72B5F230F05789 /* AreaTodoListView.swift */ = {isa = PBXFileReference; lastKnownFileType = sourcecode.swift; path = AreaTodoListView.swift; sourceTree = "<group>"; };
		2AC58C7449FBDB08006CFC23 /* FamilyVisibilityTests.swift */ = {isa = PBXFileReference; lastKnownFileType = sourcecode.swift; path = FamilyVisibilityTests.swift; sourceTree = "<group>"; };
		2DA02D07A5F77E55C69B00DF /* IncomingEventsSection.swift */ = {isa = PBXFileReference; lastKnownFileType = sourcecode.swift; path = IncomingEventsSection.swift; sourceTree = "<group>"; };
		310E21BFB1D9D582BCD6A71B /* MasonsBudget.app */ = {isa = PBXFileReference; includeInIndex = 0; lastKnownFileType = wrapper.application; path = MasonsBudget.app; sourceTree = BUILT_PRODUCTS_DIR; };
		355DA4D064A09FC72695758B /* ActivityView.swift */ = {isa = PBXFileReference; lastKnownFileType = sourcecode.swift; path = ActivityView.swift; sourceTree = "<group>"; };
		3D424253F2EA585494807458 /* AppWriteSyncService.swift */ = {isa = PBXFileReference; lastKnownFileType = sourcecode.swift; path = AppWriteSyncService.swift; sourceTree = "<group>"; };
		3FED6C930AD774521B536178 /* MC2Reader.swift */ = {isa = PBXFileReference; lastKnownFileType = sourcecode.swift; path = MC2Reader.swift; sourceTree = "<group>"; };
		42CB31DA7B47761B37A90E9C /* ExportView.swift */ = {isa = PBXFileReference; lastKnownFileType = sourcecode.swift; path = ExportView.swift; sourceTree = "<group>"; };
		460FAFA4D544CE62A5974814 /* CostBasisLot.swift */ = {isa = PBXFileReference; lastKnownFileType = sourcecode.swift; path = CostBasisLot.swift; sourceTree = "<group>"; };
		471D5A1DCF4CD1B4C10217A1 /* BTCBuy.swift */ = {isa = PBXFileReference; lastKnownFileType = sourcecode.swift; path = BTCBuy.swift; sourceTree = "<group>"; };
		480C74EED82F7E8CACA2ECAD /* MasonsBudget.entitlements */ = {isa = PBXFileReference; lastKnownFileType = text.plist.entitlements; path = MasonsBudget.entitlements; sourceTree = "<group>"; };
		4BCFC0CB64EDE2474B2E5620 /* TransactionDetailView.swift */ = {isa = PBXFileReference; lastKnownFileType = sourcecode.swift; path = TransactionDetailView.swift; sourceTree = "<group>"; };
		4CC62602DF8D847C5671804D /* BTCAccount.swift */ = {isa = PBXFileReference; lastKnownFileType = sourcecode.swift; path = BTCAccount.swift; sourceTree = "<group>"; };
		4E34240C2E281F20DD41FF8D /* ContentView.swift */ = {isa = PBXFileReference; lastKnownFileType = sourcecode.swift; path = ContentView.swift; sourceTree = "<group>"; };
		4E87F8471A5178129ADC32F6 /* ProjectsView.swift */ = {isa = PBXFileReference; lastKnownFileType = sourcecode.swift; path = ProjectsView.swift; sourceTree = "<group>"; };
		52815FF83DEA08F99F7B94B6 /* CSVImportService.swift */ = {isa = PBXFileReference; lastKnownFileType = sourcecode.swift; path = CSVImportService.swift; sourceTree = "<group>"; };
		570F3F5990719F8820C73D57 /* TransactionSource.swift */ = {isa = PBXFileReference; lastKnownFileType = sourcecode.swift; path = TransactionSource.swift; sourceTree = "<group>"; };
		598608F085B0A81286803F0F /* Hairline.swift */ = {isa = PBXFileReference; lastKnownFileType = sourcecode.swift; path = Hairline.swift; sourceTree = "<group>"; };
		59DD3C8ADB2447DA2F2ABEF8 /* ScreenHeader.swift */ = {isa = PBXFileReference; lastKnownFileType = sourcecode.swift; path = ScreenHeader.swift; sourceTree = "<group>"; };
		5AFC3C821C582B4F9E705206 /* Preview Assets.xcassets */ = {isa = PBXFileReference; lastKnownFileType = folder.assetcatalog; path = "Preview Assets.xcassets"; sourceTree = "<group>"; };
		5B419D48E89A2C2DCD79A7F8 /* VoiceParserTests.swift */ = {isa = PBXFileReference; lastKnownFileType = sourcecode.swift; path = VoiceParserTests.swift; sourceTree = "<group>"; };
		5B7551DE4A0BB82EF414D999 /* BTCBuysView.swift */ = {isa = PBXFileReference; lastKnownFileType = sourcecode.swift; path = BTCBuysView.swift; sourceTree = "<group>"; };
		5C4688B09BFCB16C26276040 /* MoreMenuView.swift */ = {isa = PBXFileReference; lastKnownFileType = sourcecode.swift; path = MoreMenuView.swift; sourceTree = "<group>"; };
		5DC543643B1F2899DDB38FE5 /* BTCBillPay.swift */ = {isa = PBXFileReference; lastKnownFileType = sourcecode.swift; path = BTCBillPay.swift; sourceTree = "<group>"; };
		5EAD4E4602D4D4566CD78E35 /* AmountView.swift */ = {isa = PBXFileReference; lastKnownFileType = sourcecode.swift; path = AmountView.swift; sourceTree = "<group>"; };
		69F495FB3EBA9A3F6B589C2E /* Assets.xcassets */ = {isa = PBXFileReference; lastKnownFileType = folder.assetcatalog; path = Assets.xcassets; sourceTree = "<group>"; };
		6D42E3A9B8292524595DB757 /* BTCPriceService.swift */ = {isa = PBXFileReference; lastKnownFileType = sourcecode.swift; path = BTCPriceService.swift; sourceTree = "<group>"; };
		6D9D2114CBEC645F03E11CE8 /* AppTheme.swift */ = {isa = PBXFileReference; lastKnownFileType = sourcecode.swift; path = AppTheme.swift; sourceTree = "<group>"; };
		6F123D957238EE653A6F6751 /* BudgetCategory.swift */ = {isa = PBXFileReference; lastKnownFileType = sourcecode.swift; path = BudgetCategory.swift; sourceTree = "<group>"; };
		709F4C2338EDE5D2BBB8C9F8 /* UnitToggleView.swift */ = {isa = PBXFileReference; lastKnownFileType = sourcecode.swift; path = UnitToggleView.swift; sourceTree = "<group>"; };
		7307B6F0A5546DBFB1FE332B /* BudgetNotificationManager.swift */ = {isa = PBXFileReference; lastKnownFileType = sourcecode.swift; path = BudgetNotificationManager.swift; sourceTree = "<group>"; };
		782A3D53AC3B913AC715D707 /* TodoProject.swift */ = {isa = PBXFileReference; lastKnownFileType = sourcecode.swift; path = TodoProject.swift; sourceTree = "<group>"; };
		8388ECD356E3E00B77790681 /* MasonsBudgetApp.swift */ = {isa = PBXFileReference; lastKnownFileType = sourcecode.swift; path = MasonsBudgetApp.swift; sourceTree = "<group>"; };
		84B5CA78FD69DF5C17B4C334 /* MasonsBudgetTests.xctest */ = {isa = PBXFileReference; includeInIndex = 0; lastKnownFileType = wrapper.cfbundle; path = MasonsBudgetTests.xctest; sourceTree = BUILT_PRODUCTS_DIR; };
		859D4699AA8657478F0E4D21 /* TaskSmartListView.swift */ = {isa = PBXFileReference; lastKnownFileType = sourcecode.swift; path = TaskSmartListView.swift; sourceTree = "<group>"; };
		8B1E681CE6C03C61153CAE59 /* VoiceParser.swift */ = {isa = PBXFileReference; lastKnownFileType = sourcecode.swift; path = VoiceParser.swift; sourceTree = "<group>"; };
		8B2D2A739D76D88CF2D981C6 /* MonthlyBudgetSnapshot.swift */ = {isa = PBXFileReference; lastKnownFileType = sourcecode.swift; path = MonthlyBudgetSnapshot.swift; sourceTree = "<group>"; };
		8FBBF456CA8F45467DE539B3 /* CategoryDetailView.swift */ = {isa = PBXFileReference; lastKnownFileType = sourcecode.swift; path = CategoryDetailView.swift; sourceTree = "<group>"; };
		9217F015BEE5502E0937BDC3 /* TaskUndoBanner.swift */ = {isa = PBXFileReference; lastKnownFileType = sourcecode.swift; path = TaskUndoBanner.swift; sourceTree = "<group>"; };
		941AE83F8125080834B45397 /* BudgetView.swift */ = {isa = PBXFileReference; lastKnownFileType = sourcecode.swift; path = BudgetView.swift; sourceTree = "<group>"; };
		97885C819FB926B04D0E8D3F /* SharedEnums.swift */ = {isa = PBXFileReference; lastKnownFileType = sourcecode.swift; path = SharedEnums.swift; sourceTree = "<group>"; };
		9C6D1E05743C11803452DA93 /* MasonsBudgetMac.entitlements */ = {isa = PBXFileReference; lastKnownFileType = text.plist.entitlements; path = MasonsBudgetMac.entitlements; sourceTree = "<group>"; };
		9D264872AB987E5209C0B6A3 /* CSVImportView.swift */ = {isa = PBXFileReference; lastKnownFileType = sourcecode.swift; path = CSVImportView.swift; sourceTree = "<group>"; };
		9F048D3DB36FA73A8D570960 /* SyncEvent.swift */ = {isa = PBXFileReference; lastKnownFileType = sourcecode.swift; path = SyncEvent.swift; sourceTree = "<group>"; };
		9FBD5FB3989AEA4A2A5A5B9A /* TodayView.swift */ = {isa = PBXFileReference; lastKnownFileType = sourcecode.swift; path = TodayView.swift; sourceTree = "<group>"; };
		A32E35D9FF3B8E22B92A21A8 /* MC2ReaderTests.swift */ = {isa = PBXFileReference; lastKnownFileType = sourcecode.swift; path = MC2ReaderTests.swift; sourceTree = "<group>"; };
		A4B3C65C1FD9F1E13141EE7C /* TaskDetailView.swift */ = {isa = PBXFileReference; lastKnownFileType = sourcecode.swift; path = TaskDetailView.swift; sourceTree = "<group>"; };
		A6B72C3A66D87A91EEF55223 /* RecurringDetectorTests.swift */ = {isa = PBXFileReference; lastKnownFileType = sourcecode.swift; path = RecurringDetectorTests.swift; sourceTree = "<group>"; };
		A7153D63352CB5B58C4F366A /* MC2Mapper.swift */ = {isa = PBXFileReference; lastKnownFileType = sourcecode.swift; path = MC2Mapper.swift; sourceTree = "<group>"; };
		B2FE9738F0574D3031E44C26 /* ProjectTodoListView.swift */ = {isa = PBXFileReference; lastKnownFileType = sourcecode.swift; path = ProjectTodoListView.swift; sourceTree = "<group>"; };
		B6DC67CB4C872B77EB725922 /* ProfileSwitcherView.swift */ = {isa = PBXFileReference; lastKnownFileType = sourcecode.swift; path = ProfileSwitcherView.swift; sourceTree = "<group>"; };
		B76057F6E5D01B646C6C3DE7 /* TaskUndoStore.swift */ = {isa = PBXFileReference; lastKnownFileType = sourcecode.swift; path = TaskUndoStore.swift; sourceTree = "<group>"; };
		BC02E94290076AEE88831C18 /* TodoItem.swift */ = {isa = PBXFileReference; lastKnownFileType = sourcecode.swift; path = TodoItem.swift; sourceTree = "<group>"; };
		BED9DCEAF24F0852B41BEDF2 /* AddTransactionView.swift */ = {isa = PBXFileReference; lastKnownFileType = sourcecode.swift; path = AddTransactionView.swift; sourceTree = "<group>"; };
		CB39E4E9476D6B0B76703693 /* BTCAccountDetailView.swift */ = {isa = PBXFileReference; lastKnownFileType = sourcecode.swift; path = BTCAccountDetailView.swift; sourceTree = "<group>"; };
		CBEF1482C8EFC171A27117F7 /* TodoArea.swift */ = {isa = PBXFileReference; lastKnownFileType = sourcecode.swift; path = TodoArea.swift; sourceTree = "<group>"; };
		CF60F6C9AFB730F4A27C9A10 /* BitcoinIcons.swift */ = {isa = PBXFileReference; lastKnownFileType = sourcecode.swift; path = BitcoinIcons.swift; sourceTree = "<group>"; };
		D2EE11ADEBED01F399DA8F0F /* DashboardView.swift */ = {isa = PBXFileReference; lastKnownFileType = sourcecode.swift; path = DashboardView.swift; sourceTree = "<group>"; };
		D86340D4ABE8A55B4DA49FF6 /* SyncStatusStore.swift */ = {isa = PBXFileReference; lastKnownFileType = sourcecode.swift; path = SyncStatusStore.swift; sourceTree = "<group>"; };
		E117823C6DA6138431AE80C8 /* LockScreenView.swift */ = {isa = PBXFileReference; lastKnownFileType = sourcecode.swift; path = LockScreenView.swift; sourceTree = "<group>"; };
		E2283F2AE36B94EF55B4AAD6 /* SearchMatcher.swift */ = {isa = PBXFileReference; lastKnownFileType = sourcecode.swift; path = SearchMatcher.swift; sourceTree = "<group>"; };
		E61832AD53C22BEAF0386F25 /* VoiceTransactionView.swift */ = {isa = PBXFileReference; lastKnownFileType = sourcecode.swift; path = VoiceTransactionView.swift; sourceTree = "<group>"; };
		EC957E91914A99EF29371CA6 /* NetWorthView.swift */ = {isa = PBXFileReference; lastKnownFileType = sourcecode.swift; path = NetWorthView.swift; sourceTree = "<group>"; };
		EF559B68DCF5C8C506B2A151 /* NetWorthSnapshot.swift */ = {isa = PBXFileReference; lastKnownFileType = sourcecode.swift; path = NetWorthSnapshot.swift; sourceTree = "<group>"; };
		EF5C5935A12805ECA579168B /* MasonsBudgetTests.swift */ = {isa = PBXFileReference; lastKnownFileType = sourcecode.swift; path = MasonsBudgetTests.swift; sourceTree = "<group>"; };
		F28F75A8D3AD287547BB67C7 /* ConvexClient.swift */ = {isa = PBXFileReference; lastKnownFileType = sourcecode.swift; path = ConvexClient.swift; sourceTree = "<group>"; };
		F77DC014DA99E364F0D6572E /* PillButton.swift */ = {isa = PBXFileReference; lastKnownFileType = sourcecode.swift; path = PillButton.swift; sourceTree = "<group>"; };
		F83F4110E2D16CDC2FE7C85A /* MC2SyncService.swift */ = {isa = PBXFileReference; lastKnownFileType = sourcecode.swift; path = MC2SyncService.swift; sourceTree = "<group>"; };
/* End PBXFileReference section */

/* Begin PBXGroup section */
		182CA7944FA0828D5B0C4F85 /* Components */ = {
			isa = PBXGroup;
			children = (
				5EAD4E4602D4D4566CD78E35 /* AmountView.swift */,
				CF60F6C9AFB730F4A27C9A10 /* BitcoinIcons.swift */,
				598608F085B0A81286803F0F /* Hairline.swift */,
				F77DC014DA99E364F0D6572E /* PillButton.swift */,
				59DD3C8ADB2447DA2F2ABEF8 /* ScreenHeader.swift */,
				9217F015BEE5502E0937BDC3 /* TaskUndoBanner.swift */,
				709F4C2338EDE5D2BBB8C9F8 /* UnitToggleView.swift */,
			);
			path = Components;
			sourceTree = "<group>";
		};
		1A6ABAE36281BC51AA1483E5 /* App */ = {
			isa = PBXGroup;
			children = (
				8388ECD356E3E00B77790681 /* MasonsBudgetApp.swift */,
			);
			path = App;
			sourceTree = "<group>";
		};
		1E2B17A781D88E62AA8309C0 /* MasonsBudget */ = {
			isa = PBXGroup;
			children = (
				480C74EED82F7E8CACA2ECAD /* MasonsBudget.entitlements */,
				9C6D1E05743C11803452DA93 /* MasonsBudgetMac.entitlements */,
				1A6ABAE36281BC51AA1483E5 /* App */,
				FE1A4ACF710C7853896438E8 /* Models */,
				69D59F5B978EA423C6382235 /* Preview Content */,
				A3A08C78528457BAD0F3703C /* Resources */,
				89080DBDB1E2E6C690796BC8 /* Services */,
				757195E8574F1127FBD98B12 /* Theme */,
				C64CE5DEC5F7C30B3A39C58E /* Views */,
			);
			path = MasonsBudget;
			sourceTree = "<group>";
		};
		69D59F5B978EA423C6382235 /* Preview Content */ = {
			isa = PBXGroup;
			children = (
				5AFC3C821C582B4F9E705206 /* Preview Assets.xcassets */,
			);
			path = "Preview Content";
			sourceTree = "<group>";
		};
		713CA87802FA5D0C380DF86E /* MasonsBudgetTests */ = {
			isa = PBXGroup;
			children = (
				142594BDFC0E0FF626E0E4D7 /* CSVImportServiceTests.swift */,
				2AC58C7449FBDB08006CFC23 /* FamilyVisibilityTests.swift */,
				EF5C5935A12805ECA579168B /* MasonsBudgetTests.swift */,
				A32E35D9FF3B8E22B92A21A8 /* MC2ReaderTests.swift */,
				A6B72C3A66D87A91EEF55223 /* RecurringDetectorTests.swift */,
				5B419D48E89A2C2DCD79A7F8 /* VoiceParserTests.swift */,
			);
			path = MasonsBudgetTests;
			sourceTree = "<group>";
		};
		757195E8574F1127FBD98B12 /* Theme */ = {
			isa = PBXGroup;
			children = (
				6D9D2114CBEC645F03E11CE8 /* AppTheme.swift */,
			);
			path = Theme;
			sourceTree = "<group>";
		};
		89080DBDB1E2E6C690796BC8 /* Services */ = {
			isa = PBXGroup;
			children = (
				3D424253F2EA585494807458 /* AppWriteSyncService.swift */,
				6D42E3A9B8292524595DB757 /* BTCPriceService.swift */,
				7307B6F0A5546DBFB1FE332B /* BudgetNotificationManager.swift */,
				F28F75A8D3AD287547BB67C7 /* ConvexClient.swift */,
				52815FF83DEA08F99F7B94B6 /* CSVImportService.swift */,
				130D186945E2F17AE4A79132 /* MC2DTOs.swift */,
				A7153D63352CB5B58C4F366A /* MC2Mapper.swift */,
				3FED6C930AD774521B536178 /* MC2Reader.swift */,
				F83F4110E2D16CDC2FE7C85A /* MC2SyncService.swift */,
				13B457058988A6C86FCA5978 /* RecurringDetector.swift */,
				E2283F2AE36B94EF55B4AAD6 /* SearchMatcher.swift */,
				1F721A6FC17530024B35A0C6 /* StockPriceService.swift */,
				D86340D4ABE8A55B4DA49FF6 /* SyncStatusStore.swift */,
				B76057F6E5D01B646C6C3DE7 /* TaskUndoStore.swift */,
				8B1E681CE6C03C61153CAE59 /* VoiceParser.swift */,
			);
			path = Services;
			sourceTree = "<group>";
		};
		A3A08C78528457BAD0F3703C /* Resources */ = {
			isa = PBXGroup;
			children = (
				69F495FB3EBA9A3F6B589C2E /* Assets.xcassets */,
			);
			path = Resources;
			sourceTree = "<group>";
		};
		B8B9AA5608CE864C4B1AC932 = {
			isa = PBXGroup;
			children = (
				1E2B17A781D88E62AA8309C0 /* MasonsBudget */,
				713CA87802FA5D0C380DF86E /* MasonsBudgetTests */,
				CD4620B610CEE2DF1604438D /* Products */,
			);
			sourceTree = "<group>";
		};
		C1457F24A57D25A4C17B0625 /* Screens */ = {
			isa = PBXGroup;
			children = (
				355DA4D064A09FC72695758B /* ActivityView.swift */,
				BED9DCEAF24F0852B41BEDF2 /* AddTransactionView.swift */,
				2A36EDB41C72B5F230F05789 /* AreaTodoListView.swift */,
				CB39E4E9476D6B0B76703693 /* BTCAccountDetailView.swift */,
				273950057898C808021DD99E /* BTCBillPayView.swift */,
				5B7551DE4A0BB82EF414D999 /* BTCBuysView.swift */,
				941AE83F8125080834B45397 /* BudgetView.swift */,
				8FBBF456CA8F45467DE539B3 /* CategoryDetailView.swift */,
				9D264872AB987E5209C0B6A3 /* CSVImportView.swift */,
				D2EE11ADEBED01F399DA8F0F /* DashboardView.swift */,
				42CB31DA7B47761B37A90E9C /* ExportView.swift */,
				2DA02D07A5F77E55C69B00DF /* IncomingEventsSection.swift */,
				5C4688B09BFCB16C26276040 /* MoreMenuView.swift */,
				EC957E91914A99EF29371CA6 /* NetWorthView.swift */,
				B6DC67CB4C872B77EB725922 /* ProfileSwitcherView.swift */,
				4E87F8471A5178129ADC32F6 /* ProjectsView.swift */,
				B2FE9738F0574D3031E44C26 /* ProjectTodoListView.swift */,
				1ADB184F47423CA415614B24 /* RetirementView.swift */,
				A4B3C65C1FD9F1E13141EE7C /* TaskDetailView.swift */,
				859D4699AA8657478F0E4D21 /* TaskSmartListView.swift */,
				0DBCCD025DF53FB5AB826594 /* TasksView.swift */,
				9FBD5FB3989AEA4A2A5A5B9A /* TodayView.swift */,
				4BCFC0CB64EDE2474B2E5620 /* TransactionDetailView.swift */,
				E61832AD53C22BEAF0386F25 /* VoiceTransactionView.swift */,
			);
			path = Screens;
			sourceTree = "<group>";
		};
		C64CE5DEC5F7C30B3A39C58E /* Views */ = {
			isa = PBXGroup;
			children = (
				4E34240C2E281F20DD41FF8D /* ContentView.swift */,
				E117823C6DA6138431AE80C8 /* LockScreenView.swift */,
				083F88D8EB4768C9BEDF39F9 /* OnboardingView.swift */,
				182CA7944FA0828D5B0C4F85 /* Components */,
				C1457F24A57D25A4C17B0625 /* Screens */,
			);
			path = Views;
			sourceTree = "<group>";
		};
		CD4620B610CEE2DF1604438D /* Products */ = {
			isa = PBXGroup;
			children = (
				310E21BFB1D9D582BCD6A71B /* MasonsBudget.app */,
				2266CE759B0FEC971BEC064D /* MasonsBudgetMac.app */,
				84B5CA78FD69DF5C17B4C334 /* MasonsBudgetTests.xctest */,
			);
			name = Products;
			sourceTree = "<group>";
		};
		FE1A4ACF710C7853896438E8 /* Models */ = {
			isa = PBXGroup;
			children = (
				4CC62602DF8D847C5671804D /* BTCAccount.swift */,
				5DC543643B1F2899DDB38FE5 /* BTCBillPay.swift */,
				471D5A1DCF4CD1B4C10217A1 /* BTCBuy.swift */,
				6F123D957238EE653A6F6751 /* BudgetCategory.swift */,
				460FAFA4D544CE62A5974814 /* CostBasisLot.swift */,
				05894A6118C6AC44E989181E /* FamilyProfile.swift */,
				19DCBB53F51F8E4A3BE1BD9E /* HoldingAccount.swift */,
				8B2D2A739D76D88CF2D981C6 /* MonthlyBudgetSnapshot.swift */,
				EF559B68DCF5C8C506B2A151 /* NetWorthSnapshot.swift */,
				97885C819FB926B04D0E8D3F /* SharedEnums.swift */,
				9F048D3DB36FA73A8D570960 /* SyncEvent.swift */,
				CBEF1482C8EFC171A27117F7 /* TodoArea.swift */,
				BC02E94290076AEE88831C18 /* TodoItem.swift */,
				782A3D53AC3B913AC715D707 /* TodoProject.swift */,
				28C9AC48788F6BD75F27ADC1 /* Transaction.swift */,
				570F3F5990719F8820C73D57 /* TransactionSource.swift */,
			);
			path = Models;
			sourceTree = "<group>";
		};
/* End PBXGroup section */

/* Begin PBXNativeTarget section */
		6650D6D4CE8B75E1CBD2DEFB /* MasonsBudget */ = {
			isa = PBXNativeTarget;
			buildConfigurationList = 1DD5BC863D5CAF50EFE6F429 /* Build configuration list for PBXNativeTarget "MasonsBudget" */;
			buildPhases = (
				CA14A859B587C64334B78546 /* Sources */,
				A93B54208DC4DCA508FC31AB /* Resources */,
			);
			buildRules = (
			);
			dependencies = (
			);
			name = MasonsBudget;
			packageProductDependencies = (
			);
			productName = MasonsBudget;
			productReference = 310E21BFB1D9D582BCD6A71B /* MasonsBudget.app */;
			productType = "com.apple.product-type.application";
		};
		8EF51CAB51630BAD4A576507 /* MasonsBudgetTests */ = {
			isa = PBXNativeTarget;
			buildConfigurationList = 2EDAE43A54E1E73E5CE1F9BB /* Build configuration list for PBXNativeTarget "MasonsBudgetTests" */;
			buildPhases = (
				CE1C361331CFF6988301C117 /* Sources */,
			);
			buildRules = (
			);
			dependencies = (
			);
			name = MasonsBudgetTests;
			packageProductDependencies = (
			);
			productName = MasonsBudgetTests;
			productReference = 84B5CA78FD69DF5C17B4C334 /* MasonsBudgetTests.xctest */;
			productType = "com.apple.product-type.bundle.unit-test";
		};
		EFDC4FC30F8EFE1C5A5CD380 /* MasonsBudgetMac */ = {
			isa = PBXNativeTarget;
			buildConfigurationList = 945ABFF4651CAF5A59B6F4E8 /* Build configuration list for PBXNativeTarget "MasonsBudgetMac" */;
			buildPhases = (
				62E5AB5A420BD4D5359AA880 /* Sources */,
				99A47EB11ADAAB58A51379C6 /* Resources */,
			);
			buildRules = (
			);
			dependencies = (
			);
			name = MasonsBudgetMac;
			packageProductDependencies = (
			);
			productName = MasonsBudgetMac;
			productReference = 2266CE759B0FEC971BEC064D /* MasonsBudgetMac.app */;
			productType = "com.apple.product-type.application";
		};
/* End PBXNativeTarget section */

/* Begin PBXProject section */
		73DD9F2357D84FEE4552C8FF /* Project object */ = {
			isa = PBXProject;
			attributes = {
				BuildIndependentTargetsInParallel = YES;
				LastUpgradeCheck = 1640;
				TargetAttributes = {
					6650D6D4CE8B75E1CBD2DEFB = {
						DevelopmentTeam = 384ZGKG4GB;
						ProvisioningStyle = Automatic;
					};
					EFDC4FC30F8EFE1C5A5CD380 = {
						DevelopmentTeam = 384ZGKG4GB;
						ProvisioningStyle = Automatic;
					};
				};
			};
			buildConfigurationList = ECEE9BC285BDA38C7239EA13 /* Build configuration list for PBXProject "MasonsBudget" */;
			developmentRegion = en;
			hasScannedForEncodings = 0;
			knownRegions = (
				Base,
				en,
			);
			mainGroup = B8B9AA5608CE864C4B1AC932;
			minimizedProjectReferenceProxies = 1;
			preferredProjectObjectVersion = 77;
			productRefGroup = CD4620B610CEE2DF1604438D /* Products */;
			projectDirPath = "";
			projectRoot = "";
			targets = (
				6650D6D4CE8B75E1CBD2DEFB /* MasonsBudget */,
				EFDC4FC30F8EFE1C5A5CD380 /* MasonsBudgetMac */,
				8EF51CAB51630BAD4A576507 /* MasonsBudgetTests */,
			);
		};
/* End PBXProject section */

/* Begin PBXResourcesBuildPhase section */
		99A47EB11ADAAB58A51379C6 /* Resources */ = {
			isa = PBXResourcesBuildPhase;
			buildActionMask = 2147483647;
			files = (
				4B43ABD83280EB7928ED2DE8 /* Assets.xcassets in Resources */,
				A0353F71D2174CC8D429E7B9 /* Preview Assets.xcassets in Resources */,
			);
			runOnlyForDeploymentPostprocessing = 0;
		};
		A93B54208DC4DCA508FC31AB /* Resources */ = {
			isa = PBXResourcesBuildPhase;
			buildActionMask = 2147483647;
			files = (
				0AB1B206D3B377094C8D79E4 /* Assets.xcassets in Resources */,
				8A0A5A6536516FF4425A41D5 /* Preview Assets.xcassets in Resources */,
			);
			runOnlyForDeploymentPostprocessing = 0;
		};
/* End PBXResourcesBuildPhase section */

/* Begin PBXSourcesBuildPhase section */
		62E5AB5A420BD4D5359AA880 /* Sources */ = {
			isa = PBXSourcesBuildPhase;
			buildActionMask = 2147483647;
			files = (
				167D1E154B72DEFE16A1A9AA /* ActivityView.swift in Sources */,
				13B46090FA129DE2F6714ADB /* AddTransactionView.swift in Sources */,
				713310A2FC852F3ED403DD16 /* AmountView.swift in Sources */,
				C8AB2C8731BC8ADE20214120 /* AppTheme.swift in Sources */,
				7455ECEB00AC386FEC93935D /* AppWriteSyncService.swift in Sources */,
				46A98D5C4C637802AE38400D /* AreaTodoListView.swift in Sources */,
				4A58601D081D021F3B18B255 /* BTCAccount.swift in Sources */,
				F7BC632EB189C29BFBD81043 /* BTCAccountDetailView.swift in Sources */,
				73546E975D23A07500289ECE /* BTCBillPay.swift in Sources */,
				EDA46ADEA2A64402C54F371F /* BTCBillPayView.swift in Sources */,
				2534056FCF15384BBCC22038 /* BTCBuy.swift in Sources */,
				5B8933B6B7A64817AE2924C3 /* BTCBuysView.swift in Sources */,
				B30351D759C3C58F53E15C32 /* BTCPriceService.swift in Sources */,
				A14E8E51D94738A7CA25C9CB /* BitcoinIcons.swift in Sources */,
				299ED7B254C76D1E92A0220D /* BudgetCategory.swift in Sources */,
				1A66DF88BA4B309BA08D2EA9 /* BudgetNotificationManager.swift in Sources */,
				7F206C7332A7AFA5BB962E49 /* BudgetView.swift in Sources */,
				8DDC0B51C872A1BE1717A7F1 /* CSVImportService.swift in Sources */,
				3D33AAE7E64E51E6A10F22EB /* CSVImportView.swift in Sources */,
				05217F09961107F47A0EA45D /* CategoryDetailView.swift in Sources */,
				4791F32E8839FE9E35DB2FCE /* ContentView.swift in Sources */,
				3C32EB91AFCE7AE683B55CA6 /* ConvexClient.swift in Sources */,
				1F1C8AF4B264D3CD836DE6E4 /* CostBasisLot.swift in Sources */,
				F1CAC198C07A1B0C06A294AE /* DashboardView.swift in Sources */,
				343BA3F322C725977C4FD80E /* ExportView.swift in Sources */,
				8CF4139C75810E99221B0692 /* FamilyProfile.swift in Sources */,
				A97366A2EB4EA2FFDBA47FA5 /* Hairline.swift in Sources */,
				4896678F33B0AD12A9247DE2 /* HoldingAccount.swift in Sources */,
				7EB78B1C7E862DC7C62818C1 /* IncomingEventsSection.swift in Sources */,
				F9EAF981A0A2BBC7BF5398C7 /* LockScreenView.swift in Sources */,
				FF848533C741DC91C85E63A6 /* MC2DTOs.swift in Sources */,
				8A41817F4810A032FC16524A /* MC2Mapper.swift in Sources */,
				4883E47A8D6BC35A90E82C1A /* MC2Reader.swift in Sources */,
				8D76986C56C1119C0838190D /* MC2SyncService.swift in Sources */,
				C022EFD8A3AF0B3748433C49 /* MasonsBudgetApp.swift in Sources */,
				E2F8586BAC515B8742BA438A /* MonthlyBudgetSnapshot.swift in Sources */,
				E47423E8CDB190F1BB982E95 /* MoreMenuView.swift in Sources */,
				627817036F8B1B2C7497C8BB /* NetWorthSnapshot.swift in Sources */,
				0B6CB8CA90ABDA907CFB646B /* NetWorthView.swift in Sources */,
				D4D00A5A4054A43453F6CBB1 /* OnboardingView.swift in Sources */,
				AE798501AD587483D3C310A2 /* PillButton.swift in Sources */,
				22D2DCF2D99CB0EBD5F13623 /* ProfileSwitcherView.swift in Sources */,
				52B443B199D5AC3640525B0A /* ProjectTodoListView.swift in Sources */,
				A8842AB993A3B57408404D4E /* ProjectsView.swift in Sources */,
				E6167BE075D915EAACB5C1B8 /* RecurringDetector.swift in Sources */,
				8D117BFB9E780625C653B1CF /* RetirementView.swift in Sources */,
				84C14555E924E91D3C73C55E /* ScreenHeader.swift in Sources */,
				EFBB7BB8E76452640F44EF64 /* SearchMatcher.swift in Sources */,
				33BBD55C6D82640D4E3554E9 /* SharedEnums.swift in Sources */,
				60A2374372574199C9FDA25D /* StockPriceService.swift in Sources */,
				7563328AA8BADD5505402EE8 /* SyncEvent.swift in Sources */,
				7726E5908E6D0685AF8573FC /* SyncStatusStore.swift in Sources */,
				1795D79092AEE541FFA41AB8 /* TaskDetailView.swift in Sources */,
				1287315587BFEF686848BA45 /* TaskSmartListView.swift in Sources */,
				6FCFC09A23B2D4FE242B0E9B /* TaskUndoBanner.swift in Sources */,
				7429AC04E251756C88D32419 /* TaskUndoStore.swift in Sources */,
				5D301B43723DB13E1F0CF7ED /* TasksView.swift in Sources */,
				C4AC630F0736F1FF8E22CB1C /* TodayView.swift in Sources */,
				8CE5545F13392A9E8895913A /* TodoArea.swift in Sources */,
				D1BB8B327A23D4D8D3ABBE63 /* TodoItem.swift in Sources */,
				23813E6484FD2C3936A8EBA9 /* TodoProject.swift in Sources */,
				CA974F20B48556D7C1FD187F /* Transaction.swift in Sources */,
				17BBEDB466265654289AAE51 /* TransactionDetailView.swift in Sources */,
				CEF9C4C16AACAB7C0C7AFD75 /* TransactionSource.swift in Sources */,
				43C1EFDD2AAB66D42EC2F7BE /* UnitToggleView.swift in Sources */,
				ADA692279C957C0AFBD77C69 /* VoiceParser.swift in Sources */,
				0DB81852B8BCA4A88AACB54E /* VoiceTransactionView.swift in Sources */,
			);
			runOnlyForDeploymentPostprocessing = 0;
		};
		CA14A859B587C64334B78546 /* Sources */ = {
			isa = PBXSourcesBuildPhase;
			buildActionMask = 2147483647;
			files = (
				C849728D24F0A26AA1E4AB87 /* ActivityView.swift in Sources */,
				2390818D6483951CA8A38B45 /* AddTransactionView.swift in Sources */,
				7F8A473271BB9A5EA21AA6C5 /* AmountView.swift in Sources */,
				5AB5EAF56B9C5DD97AD09DCD /* AppTheme.swift in Sources */,
				AAEBC48066D2E3E788C9E5AA /* AppWriteSyncService.swift in Sources */,
				78CD410FBB0B0F30FC04C2B5 /* AreaTodoListView.swift in Sources */,
				16B5DB8412A7E38E35B9104C /* BTCAccount.swift in Sources */,
				B348E53CF2F397BC7DA7FE98 /* BTCAccountDetailView.swift in Sources */,
				CB9BB3C97CAED9728CE9B542 /* BTCBillPay.swift in Sources */,
				341A877A04A9BA0788B47DF3 /* BTCBillPayView.swift in Sources */,
				B0BA76198540A09C7051C200 /* BTCBuy.swift in Sources */,
				B08E8C792B650E6250108894 /* BTCBuysView.swift in Sources */,
				42CC887EC2077D56C2F0AA2F /* BTCPriceService.swift in Sources */,
				84680CBB7571265A670FF80F /* BitcoinIcons.swift in Sources */,
				0B7AFCE74E5D43974F8AC1AE /* BudgetCategory.swift in Sources */,
				4B346A59BD332EF252AF63A1 /* BudgetNotificationManager.swift in Sources */,
				5C491764B10B9D634D9C8A32 /* BudgetView.swift in Sources */,
				13554C2A3633B76D998FDCD7 /* CSVImportService.swift in Sources */,
				A4BFB4132F896AF661537AAF /* CSVImportView.swift in Sources */,
				15B0540F59AE163F088450EC /* CategoryDetailView.swift in Sources */,
				84D36BF1F75AFCEAE45CA0A2 /* ContentView.swift in Sources */,
				A2757F55A7495EBA3A48C270 /* ConvexClient.swift in Sources */,
				66EB6E0D58B325B4F2FD532E /* CostBasisLot.swift in Sources */,
				6FE8B184183F43327912A71A /* DashboardView.swift in Sources */,
				07F997E66D8676FA7608605E /* ExportView.swift in Sources */,
				4C8EAE9F329F12474404F004 /* FamilyProfile.swift in Sources */,
				1937D7FCF5D407C26B8C83EC /* Hairline.swift in Sources */,
				AC9DFD3F20A65000ABF54CDC /* HoldingAccount.swift in Sources */,
				567B39204A65DCCCB473764F /* IncomingEventsSection.swift in Sources */,
				D1F0030EFC8EF2EF555C9F9B /* LockScreenView.swift in Sources */,
				80A637E625F3EF70CF7EF91A /* MC2DTOs.swift in Sources */,
				0CFAF3E5C73D4E08B671BCD1 /* MC2Mapper.swift in Sources */,
				0163BE114D91A8E5CC8B83D9 /* MC2Reader.swift in Sources */,
				644A9C60B8F4E48663CBB5E8 /* MC2SyncService.swift in Sources */,
				F12B99F5E2C30602F5A71F05 /* MasonsBudgetApp.swift in Sources */,
				FBB4AE269CCCEC5D4EEABC02 /* MonthlyBudgetSnapshot.swift in Sources */,
				BA080D383822B146E5BDC0C1 /* MoreMenuView.swift in Sources */,
				F9ABB4FF696573BDEF25CB28 /* NetWorthSnapshot.swift in Sources */,
				B2AA8D11A0C83B4E36735704 /* NetWorthView.swift in Sources */,
				09CA016D0D8B9A10D766551F /* OnboardingView.swift in Sources */,
				C20D34C265A1FDA9FF26D0A4 /* PillButton.swift in Sources */,
				8762E9AC6714420D2E8E38B8 /* ProfileSwitcherView.swift in Sources */,
				2F829E91B66B1C0F4AB2B42F /* ProjectTodoListView.swift in Sources */,
				777A58FB2F9ED9243F50855A /* ProjectsView.swift in Sources */,
				64330EAE4BCAA813DD6F194A /* RecurringDetector.swift in Sources */,
				B32D966284A56194CBB3AC16 /* RetirementView.swift in Sources */,
				92289BEED97E0A6FA4B40D68 /* ScreenHeader.swift in Sources */,
				C20B3F463C5014BE4D0BC278 /* SearchMatcher.swift in Sources */,
				B9BB77FF6FDB83BA802A2564 /* SharedEnums.swift in Sources */,
				FF258DF4502036BA0FF85FF6 /* StockPriceService.swift in Sources */,
				AC4B388167FA9DAB45D43515 /* SyncEvent.swift in Sources */,
				4E6FFCD2EC318BE432592269 /* SyncStatusStore.swift in Sources */,
				A08D8C317D5AF5D62EF1C62D /* TaskDetailView.swift in Sources */,
				F9EC699ACF79979C781CB21A /* TaskSmartListView.swift in Sources */,
				6511CFB62F4D955953DFDF29 /* TaskUndoBanner.swift in Sources */,
				3191A061DC23BCA6BF289E65 /* TaskUndoStore.swift in Sources */,
				14C6AEEDC863470D493846FD /* TasksView.swift in Sources */,
				DA400DF45A592D3A83188DF1 /* TodayView.swift in Sources */,
				F56EC18C9DF0CB4349162063 /* TodoArea.swift in Sources */,
				4F4EE06226AA41C8AA5523FF /* TodoItem.swift in Sources */,
				9471CE70E75C895D86D443DA /* TodoProject.swift in Sources */,
				20134ADD1754A47D210AF2DA /* Transaction.swift in Sources */,
				1DCAE04D1FD4D959FD8F4048 /* TransactionDetailView.swift in Sources */,
				263192C847B3B58DC73DB2EB /* TransactionSource.swift in Sources */,
				0079C75072FC413931C2BB2F /* UnitToggleView.swift in Sources */,
				7A6F4CE5CE7C098A4BEB7835 /* VoiceParser.swift in Sources */,
				8468F93DF475A5DD08A50959 /* VoiceTransactionView.swift in Sources */,
			);
			runOnlyForDeploymentPostprocessing = 0;
		};
		CE1C361331CFF6988301C117 /* Sources */ = {
			isa = PBXSourcesBuildPhase;
			buildActionMask = 2147483647;
			files = (
				8DF654AA7A8B2269A569CE26 /* ActivityView.swift in Sources */,
				C196EDE6E90DE6BBB122E90A /* AddTransactionView.swift in Sources */,
				0F8ED58D169C39B1704B92F1 /* AmountView.swift in Sources */,
				064EE72180F8557196303AF4 /* AppTheme.swift in Sources */,
				353D0C4ED3F4B00D713E03C8 /* AppWriteSyncService.swift in Sources */,
				72BB45F04434B3A718FE0904 /* AreaTodoListView.swift in Sources */,
				6D9F88BEA980C5F18C00E5D5 /* BTCAccount.swift in Sources */,
				ADF07F1500B9EBF914125718 /* BTCAccountDetailView.swift in Sources */,
				DD95463755A63ABE04964599 /* BTCBillPay.swift in Sources */,
				899995D852AAD64CC551C455 /* BTCBillPayView.swift in Sources */,
				2E6BBAB1336B38FD1D9EC8A5 /* BTCBuy.swift in Sources */,
				8C727AA1349C02CB941F6BF0 /* BTCBuysView.swift in Sources */,
				E7A545B3227D5DE6C136EEBC /* BTCPriceService.swift in Sources */,
				7D48872896D49FB898A12EC5 /* BitcoinIcons.swift in Sources */,
				25D761D3D754B167202F23A7 /* BudgetCategory.swift in Sources */,
				70B97A8C3F140C4A841E0D1D /* BudgetNotificationManager.swift in Sources */,
				FF53E751B802F5EFB8382F76 /* BudgetView.swift in Sources */,
				C077695E6F3899F7B2262410 /* CSVImportService.swift in Sources */,
				A0E35125250CFD1858931070 /* CSVImportServiceTests.swift in Sources */,
				C82E2935D3FDA89A1972E127 /* CSVImportView.swift in Sources */,
				3C5D681E2D464F77A40D8608 /* CategoryDetailView.swift in Sources */,
				3F55B3C03BBD1E4EE61A0DC2 /* ContentView.swift in Sources */,
				8B7D4660455866A0008B1DA6 /* ConvexClient.swift in Sources */,
				3F8A344C3E812E582DBCB399 /* CostBasisLot.swift in Sources */,
				727E7F9A70589881AA409AC7 /* DashboardView.swift in Sources */,
				B01D62F2D057FFF30B54C0DD /* ExportView.swift in Sources */,
				472A41D28DD9D5D4083D88FD /* FamilyProfile.swift in Sources */,
				589F465E417CA8207BB0C71C /* FamilyVisibilityTests.swift in Sources */,
				9A84F97A42F9A7ED4CC5DE86 /* Hairline.swift in Sources */,
				BCDB4955AE6195145DB25EB0 /* HoldingAccount.swift in Sources */,
				8FA1F5019016A229F4F7FE7B /* IncomingEventsSection.swift in Sources */,
				C156A53D5E586FF9A67A0545 /* LockScreenView.swift in Sources */,
				E678847B04562368D94CD18E /* MC2DTOs.swift in Sources */,
				E1C04F1716739188C30E08AE /* MC2Mapper.swift in Sources */,
				6BD6E79598F2D802012B0E0B /* MC2Reader.swift in Sources */,
				13B0689FDDF4EC812E83272D /* MC2ReaderTests.swift in Sources */,
				17E881D56B3FC3BB3D6F419F /* MC2SyncService.swift in Sources */,
				6D8FD1A7D21195F90F959E8D /* MasonsBudgetTests.swift in Sources */,
				E0FCD4B89D605971E357D92B /* MonthlyBudgetSnapshot.swift in Sources */,
				C4732154C67A071211508A18 /* MoreMenuView.swift in Sources */,
				50A640E5700293AAB0B52CCB /* NetWorthSnapshot.swift in Sources */,
				243ED1BA417A2995DC916F87 /* NetWorthView.swift in Sources */,
				26A9F98B72A257BB65FC0437 /* OnboardingView.swift in Sources */,
				8D1C891633544EAA468EB8A8 /* PillButton.swift in Sources */,
				B4EDB5E700BF7C5162C6804E /* ProfileSwitcherView.swift in Sources */,
				51BEEF51F09DBEE974B679E0 /* ProjectTodoListView.swift in Sources */,
				1798FC8BF60D85845AD1C79D /* ProjectsView.swift in Sources */,
				136BCFFC782CCDFBB5ECA092 /* RecurringDetector.swift in Sources */,
				7605540B201A48941ED794B3 /* RecurringDetectorTests.swift in Sources */,
				61BFE7AE76584D8C349D32C1 /* RetirementView.swift in Sources */,
				5EAA31651D7CB8DA2D1CA647 /* ScreenHeader.swift in Sources */,
				1FD655B5F5F84FD9B852D99B /* SearchMatcher.swift in Sources */,
				6700EF3793D4D70A6F67E0BC /* SharedEnums.swift in Sources */,
				F8512C01C795496D2CC7EA3A /* StockPriceService.swift in Sources */,
				14611BD57EFBBF83C6BBDA69 /* SyncEvent.swift in Sources */,
				E72C1516754CC4B60DCF93C6 /* SyncStatusStore.swift in Sources */,
				8CC6FEC8882669FA45A4B8B1 /* TaskDetailView.swift in Sources */,
				4BD1E0F73E843E2217A7FC04 /* TaskSmartListView.swift in Sources */,
				92F0489AD93C51D921395285 /* TaskUndoBanner.swift in Sources */,
				3C2F0D3CBBB8D2A03A23CE1F /* TaskUndoStore.swift in Sources */,
				60DB40E2C6E812784A222981 /* TasksView.swift in Sources */,
				95C893AE2DE6A9C76042C9BA /* TodayView.swift in Sources */,
				5EA48A752E0FC8F9CCC3058F /* TodoArea.swift in Sources */,
				D21FBFEEAD72E5855B86E247 /* TodoItem.swift in Sources */,
				8271DA0EE070045925ED003C /* TodoProject.swift in Sources */,
				5232DFED60E6E8B638751E24 /* Transaction.swift in Sources */,
				7278CE8F39F5AFB791DE48D4 /* TransactionDetailView.swift in Sources */,
				4A07B5BA11595826A572BCD6 /* TransactionSource.swift in Sources */,
				58AC51EEA6EDF49B075A3ACD /* UnitToggleView.swift in Sources */,
				E748DE87C77526CF1C9469D0 /* VoiceParser.swift in Sources */,
				E7735A84FAB8CCBB3AA04C72 /* VoiceParserTests.swift in Sources */,
				CD6E34BC67B813408C710CD1 /* VoiceTransactionView.swift in Sources */,
			);
			runOnlyForDeploymentPostprocessing = 0;
		};
/* End PBXSourcesBuildPhase section */

/* Begin XCBuildConfiguration section */
		024C1CE79C020C7B45EC3495 /* Debug */ = {
			isa = XCBuildConfiguration;
			buildSettings = {
				ASSETCATALOG_COMPILER_APPICON_NAME = AppIcon;
				ASSETCATALOG_COMPILER_GLOBAL_ACCENT_COLOR_NAME = AccentColor;
				CODE_SIGN_ENTITLEMENTS = MasonsBudget/MasonsBudgetMac.entitlements;
				CODE_SIGN_STYLE = Automatic;
				COMBINE_HIDPI_IMAGES = YES;
				DEVELOPMENT_TEAM = 384ZGKG4GB;
				ENABLE_PREVIEWS = YES;
				INFOPLIST_KEY_CFBundleDisplayName = "The Vogel Vault";
				INFOPLIST_KEY_ITSAppUsesNonExemptEncryption = NO;
				INFOPLIST_KEY_LSApplicationCategoryType = "public.app-category.finance";
				INFOPLIST_KEY_NSFaceIDUsageDescription = "Unlock The Vogel Vault with Face ID.";
				INFOPLIST_KEY_NSMicrophoneUsageDescription = "Microphone access is needed for voice transaction entry.";
				INFOPLIST_KEY_NSSpeechRecognitionUsageDescription = "Voice input lets you log transactions by speaking.";
				LD_RUNPATH_SEARCH_PATHS = (
					"$(inherited)",
					"@executable_path/../Frameworks",
				);
				PRODUCT_BUNDLE_IDENTIFIER = com.sats21m.masonsbudget;
				SDKROOT = macosx;
				SWIFT_EMIT_LOC_STRINGS = YES;
			};
			name = Debug;
		};
		15ADA92CD6A3024E413759EE /* Release */ = {
			isa = XCBuildConfiguration;
			buildSettings = {
				ASSETCATALOG_COMPILER_APPICON_NAME = AppIcon;
				ASSETCATALOG_COMPILER_GLOBAL_ACCENT_COLOR_NAME = AccentColor;
				CODE_SIGN_ENTITLEMENTS = MasonsBudget/MasonsBudget.entitlements;
				CODE_SIGN_IDENTITY = "iPhone Developer";
				CODE_SIGN_STYLE = Automatic;
				DEVELOPMENT_TEAM = 384ZGKG4GB;
				ENABLE_PREVIEWS = YES;
				INFOPLIST_KEY_CFBundleDisplayName = "The Vogel Vault";
				INFOPLIST_KEY_ITSAppUsesNonExemptEncryption = NO;
				INFOPLIST_KEY_LSApplicationCategoryType = "public.app-category.finance";
				INFOPLIST_KEY_NSFaceIDUsageDescription = "Unlock The Vogel Vault with Face ID.";
				INFOPLIST_KEY_NSMicrophoneUsageDescription = "Microphone access is needed for voice transaction entry.";
				INFOPLIST_KEY_NSSpeechRecognitionUsageDescription = "Voice input lets you log transactions by speaking.";
				INFOPLIST_KEY_UIApplicationSceneManifest_Generation = YES;
				INFOPLIST_KEY_UIApplicationSupportsIndirectInputEvents = YES;
				INFOPLIST_KEY_UILaunchScreen_Generation = YES;
				INFOPLIST_KEY_UISupportedInterfaceOrientations_iPad = "UIInterfaceOrientationPortrait UIInterfaceOrientationPortraitUpsideDown UIInterfaceOrientationLandscapeLeft UIInterfaceOrientationLandscapeRight";
				INFOPLIST_KEY_UISupportedInterfaceOrientations_iPhone = UIInterfaceOrientationPortrait;
				LD_RUNPATH_SEARCH_PATHS = (
					"$(inherited)",
					"@executable_path/Frameworks",
				);
				PRODUCT_BUNDLE_IDENTIFIER = com.sats21m.masonsbudget;
				SDKROOT = iphoneos;
				SWIFT_EMIT_LOC_STRINGS = YES;
				TARGETED_DEVICE_FAMILY = "1,2";
			};
			name = Release;
		};
		1C1947E2DDB86887DABA11A5 /* Release */ = {
			isa = XCBuildConfiguration;
			buildSettings = {
				ALWAYS_SEARCH_USER_PATHS = NO;
				CLANG_ANALYZER_NONNULL = YES;
				CLANG_ANALYZER_NUMBER_OBJECT_CONVERSION = YES_AGGRESSIVE;
				CLANG_CXX_LANGUAGE_STANDARD = "gnu++14";
				CLANG_CXX_LIBRARY = "libc++";
				CLANG_ENABLE_MODULES = YES;
				CLANG_ENABLE_OBJC_ARC = YES;
				CLANG_ENABLE_OBJC_WEAK = YES;
				CLANG_WARN_BLOCK_CAPTURE_AUTORELEASING = YES;
				CLANG_WARN_BOOL_CONVERSION = YES;
				CLANG_WARN_COMMA = YES;
				CLANG_WARN_CONSTANT_CONVERSION = YES;
				CLANG_WARN_DEPRECATED_OBJC_IMPLEMENTATIONS = YES;
				CLANG_WARN_DIRECT_OBJC_ISA_USAGE = YES_ERROR;
				CLANG_WARN_DOCUMENTATION_COMMENTS = YES;
				CLANG_WARN_EMPTY_BODY = YES;
				CLANG_WARN_ENUM_CONVERSION = YES;
				CLANG_WARN_INFINITE_RECURSION = YES;
				CLANG_WARN_INT_CONVERSION = YES;
				CLANG_WARN_NON_LITERAL_NULL_CONVERSION = YES;
				CLANG_WARN_OBJC_IMPLICIT_RETAIN_SELF = YES;
				CLANG_WARN_OBJC_LITERAL_CONVERSION = YES;
				CLANG_WARN_OBJC_ROOT_CLASS = YES_ERROR;
				CLANG_WARN_QUOTED_INCLUDE_IN_FRAMEWORK_HEADER = YES;
				CLANG_WARN_RANGE_LOOP_ANALYSIS = YES;
				CLANG_WARN_STRICT_PROTOTYPES = YES;
				CLANG_WARN_SUSPICIOUS_MOVE = YES;
				CLANG_WARN_UNGUARDED_AVAILABILITY = YES_AGGRESSIVE;
				CLANG_WARN_UNREACHABLE_CODE = YES;
				CLANG_WARN__DUPLICATE_METHOD_MATCH = YES;
				COPY_PHASE_STRIP = NO;
				CURRENT_PROJECT_VERSION = 34;
				DEBUG_INFORMATION_FORMAT = "dwarf-with-dsym";
				ENABLE_NS_ASSERTIONS = NO;
				ENABLE_STRICT_OBJC_MSGSEND = YES;
				GCC_C_LANGUAGE_STANDARD = gnu11;
				GCC_NO_COMMON_BLOCKS = YES;
				GCC_WARN_64_TO_32_BIT_CONVERSION = YES;
				GCC_WARN_ABOUT_RETURN_TYPE = YES_ERROR;
				GCC_WARN_UNDECLARED_SELECTOR = YES;
				GCC_WARN_UNINITIALIZED_AUTOS = YES_AGGRESSIVE;
				GCC_WARN_UNUSED_FUNCTION = YES;
				GCC_WARN_UNUSED_VARIABLE = YES;
				GENERATE_INFOPLIST_FILE = YES;
				IPHONEOS_DEPLOYMENT_TARGET = 17.0;
				MACOSX_DEPLOYMENT_TARGET = 14.0;
				MARKETING_VERSION = 0.5.0;
				MTL_ENABLE_DEBUG_INFO = NO;
				MTL_FAST_MATH = YES;
				PRODUCT_NAME = "$(TARGET_NAME)";
				SWIFT_COMPILATION_MODE = wholemodule;
				SWIFT_OPTIMIZATION_LEVEL = "-O";
				SWIFT_VERSION = 5.9;
			};
			name = Release;
		};
		22942F511B0237EE22FAC8CF /* Release */ = {
			isa = XCBuildConfiguration;
			buildSettings = {
				ASSETCATALOG_COMPILER_APPICON_NAME = AppIcon;
				ASSETCATALOG_COMPILER_GLOBAL_ACCENT_COLOR_NAME = AccentColor;
				CODE_SIGN_ENTITLEMENTS = MasonsBudget/MasonsBudgetMac.entitlements;
				CODE_SIGN_STYLE = Automatic;
				COMBINE_HIDPI_IMAGES = YES;
				DEVELOPMENT_TEAM = 384ZGKG4GB;
				ENABLE_PREVIEWS = YES;
				INFOPLIST_KEY_CFBundleDisplayName = "The Vogel Vault";
				INFOPLIST_KEY_ITSAppUsesNonExemptEncryption = NO;
				INFOPLIST_KEY_LSApplicationCategoryType = "public.app-category.finance";
				INFOPLIST_KEY_NSFaceIDUsageDescription = "Unlock The Vogel Vault with Face ID.";
				INFOPLIST_KEY_NSMicrophoneUsageDescription = "Microphone access is needed for voice transaction entry.";
				INFOPLIST_KEY_NSSpeechRecognitionUsageDescription = "Voice input lets you log transactions by speaking.";
				LD_RUNPATH_SEARCH_PATHS = (
					"$(inherited)",
					"@executable_path/../Frameworks",
				);
				PRODUCT_BUNDLE_IDENTIFIER = com.sats21m.masonsbudget;
				SDKROOT = macosx;
				SWIFT_EMIT_LOC_STRINGS = YES;
			};
			name = Release;
		};
		3A5497EC10842F9153B27AD6 /* Release */ = {
			isa = XCBuildConfiguration;
			buildSettings = {
				BUNDLE_LOADER = "$(TEST_HOST)";
				GENERATE_INFOPLIST_FILE = YES;
				LD_RUNPATH_SEARCH_PATHS = (
					"$(inherited)",
					"@executable_path/Frameworks",
					"@loader_path/Frameworks",
				);
				PRODUCT_BUNDLE_IDENTIFIER = com.sats21m.masonsbudget.tests;
				SDKROOT = iphoneos;
				TARGETED_DEVICE_FAMILY = "1,2";
			};
			name = Release;
		};
		508314652172205BBC316570 /* Debug */ = {
			isa = XCBuildConfiguration;
			buildSettings = {
				ASSETCATALOG_COMPILER_APPICON_NAME = AppIcon;
				ASSETCATALOG_COMPILER_GLOBAL_ACCENT_COLOR_NAME = AccentColor;
				CODE_SIGN_ENTITLEMENTS = MasonsBudget/MasonsBudget.entitlements;
				CODE_SIGN_IDENTITY = "iPhone Developer";
				CODE_SIGN_STYLE = Automatic;
				DEVELOPMENT_TEAM = 384ZGKG4GB;
				ENABLE_PREVIEWS = YES;
				INFOPLIST_KEY_CFBundleDisplayName = "The Vogel Vault";
				INFOPLIST_KEY_ITSAppUsesNonExemptEncryption = NO;
				INFOPLIST_KEY_LSApplicationCategoryType = "public.app-category.finance";
				INFOPLIST_KEY_NSFaceIDUsageDescription = "Unlock The Vogel Vault with Face ID.";
				INFOPLIST_KEY_NSMicrophoneUsageDescription = "Microphone access is needed for voice transaction entry.";
				INFOPLIST_KEY_NSSpeechRecognitionUsageDescription = "Voice input lets you log transactions by speaking.";
				INFOPLIST_KEY_UIApplicationSceneManifest_Generation = YES;
				INFOPLIST_KEY_UIApplicationSupportsIndirectInputEvents = YES;
				INFOPLIST_KEY_UILaunchScreen_Generation = YES;
				INFOPLIST_KEY_UISupportedInterfaceOrientations_iPad = "UIInterfaceOrientationPortrait UIInterfaceOrientationPortraitUpsideDown UIInterfaceOrientationLandscapeLeft UIInterfaceOrientationLandscapeRight";
				INFOPLIST_KEY_UISupportedInterfaceOrientations_iPhone = UIInterfaceOrientationPortrait;
				LD_RUNPATH_SEARCH_PATHS = (
					"$(inherited)",
					"@executable_path/Frameworks",
				);
				PRODUCT_BUNDLE_IDENTIFIER = com.sats21m.masonsbudget;
				SDKROOT = iphoneos;
				SWIFT_EMIT_LOC_STRINGS = YES;
				TARGETED_DEVICE_FAMILY = "1,2";
			};
			name = Debug;
		};
		9756FBD91A417932AD3C6CF7 /* Debug */ = {
			isa = XCBuildConfiguration;
			buildSettings = {
				BUNDLE_LOADER = "$(TEST_HOST)";
				GENERATE_INFOPLIST_FILE = YES;
				LD_RUNPATH_SEARCH_PATHS = (
					"$(inherited)",
					"@executable_path/Frameworks",
					"@loader_path/Frameworks",
				);
				PRODUCT_BUNDLE_IDENTIFIER = com.sats21m.masonsbudget.tests;
				SDKROOT = iphoneos;
				TARGETED_DEVICE_FAMILY = "1,2";
			};
			name = Debug;
		};
		BF25885D7ED3C3DB9323F637 /* Debug */ = {
			isa = XCBuildConfiguration;
			buildSettings = {
				ALWAYS_SEARCH_USER_PATHS = NO;
				CLANG_ANALYZER_NONNULL = YES;
				CLANG_ANALYZER_NUMBER_OBJECT_CONVERSION = YES_AGGRESSIVE;
				CLANG_CXX_LANGUAGE_STANDARD = "gnu++14";
				CLANG_CXX_LIBRARY = "libc++";
				CLANG_ENABLE_MODULES = YES;
				CLANG_ENABLE_OBJC_ARC = YES;
				CLANG_ENABLE_OBJC_WEAK = YES;
				CLANG_WARN_BLOCK_CAPTURE_AUTORELEASING = YES;
				CLANG_WARN_BOOL_CONVERSION = YES;
				CLANG_WARN_COMMA = YES;
				CLANG_WARN_CONSTANT_CONVERSION = YES;
				CLANG_WARN_DEPRECATED_OBJC_IMPLEMENTATIONS = YES;
				CLANG_WARN_DIRECT_OBJC_ISA_USAGE = YES_ERROR;
				CLANG_WARN_DOCUMENTATION_COMMENTS = YES;
				CLANG_WARN_EMPTY_BODY = YES;
				CLANG_WARN_ENUM_CONVERSION = YES;
				CLANG_WARN_INFINITE_RECURSION = YES;
				CLANG_WARN_INT_CONVERSION = YES;
				CLANG_WARN_NON_LITERAL_NULL_CONVERSION = YES;
				CLANG_WARN_OBJC_IMPLICIT_RETAIN_SELF = YES;
				CLANG_WARN_OBJC_LITERAL_CONVERSION = YES;
				CLANG_WARN_OBJC_ROOT_CLASS = YES_ERROR;
				CLANG_WARN_QUOTED_INCLUDE_IN_FRAMEWORK_HEADER = YES;
				CLANG_WARN_RANGE_LOOP_ANALYSIS = YES;
				CLANG_WARN_STRICT_PROTOTYPES = YES;
				CLANG_WARN_SUSPICIOUS_MOVE = YES;
				CLANG_WARN_UNGUARDED_AVAILABILITY = YES_AGGRESSIVE;
				CLANG_WARN_UNREACHABLE_CODE = YES;
				CLANG_WARN__DUPLICATE_METHOD_MATCH = YES;
				COPY_PHASE_STRIP = NO;
				CURRENT_PROJECT_VERSION = 34;
				DEBUG_INFORMATION_FORMAT = dwarf;
				ENABLE_STRICT_OBJC_MSGSEND = YES;
				ENABLE_TESTABILITY = YES;
				GCC_C_LANGUAGE_STANDARD = gnu11;
				GCC_DYNAMIC_NO_PIC = NO;
				GCC_NO_COMMON_BLOCKS = YES;
				GCC_OPTIMIZATION_LEVEL = 0;
				GCC_PREPROCESSOR_DEFINITIONS = (
					"$(inherited)",
					"DEBUG=1",
				);
				GCC_WARN_64_TO_32_BIT_CONVERSION = YES;
				GCC_WARN_ABOUT_RETURN_TYPE = YES_ERROR;
				GCC_WARN_UNDECLARED_SELECTOR = YES;
				GCC_WARN_UNINITIALIZED_AUTOS = YES_AGGRESSIVE;
				GCC_WARN_UNUSED_FUNCTION = YES;
				GCC_WARN_UNUSED_VARIABLE = YES;
				GENERATE_INFOPLIST_FILE = YES;
				IPHONEOS_DEPLOYMENT_TARGET = 17.0;
				MACOSX_DEPLOYMENT_TARGET = 14.0;
				MARKETING_VERSION = 0.5.0;
				MTL_ENABLE_DEBUG_INFO = INCLUDE_SOURCE;
				MTL_FAST_MATH = YES;
				ONLY_ACTIVE_ARCH = YES;
				PRODUCT_NAME = "$(TARGET_NAME)";
				SWIFT_ACTIVE_COMPILATION_CONDITIONS = DEBUG;
				SWIFT_OPTIMIZATION_LEVEL = "-Onone";
				SWIFT_VERSION = 5.9;
			};
			name = Debug;
		};
/* End XCBuildConfiguration section */

/* Begin XCConfigurationList section */
		1DD5BC863D5CAF50EFE6F429 /* Build configuration list for PBXNativeTarget "MasonsBudget" */ = {
			isa = XCConfigurationList;
			buildConfigurations = (
				508314652172205BBC316570 /* Debug */,
				15ADA92CD6A3024E413759EE /* Release */,
			);
			defaultConfigurationIsVisible = 0;
			defaultConfigurationName = Debug;
		};
		2EDAE43A54E1E73E5CE1F9BB /* Build configuration list for PBXNativeTarget "MasonsBudgetTests" */ = {
			isa = XCConfigurationList;
			buildConfigurations = (
				9756FBD91A417932AD3C6CF7 /* Debug */,
				3A5497EC10842F9153B27AD6 /* Release */,
			);
			defaultConfigurationIsVisible = 0;
			defaultConfigurationName = Debug;
		};
		945ABFF4651CAF5A59B6F4E8 /* Build configuration list for PBXNativeTarget "MasonsBudgetMac" */ = {
			isa = XCConfigurationList;
			buildConfigurations = (
				024C1CE79C020C7B45EC3495 /* Debug */,
				22942F511B0237EE22FAC8CF /* Release */,
			);
			defaultConfigurationIsVisible = 0;
			defaultConfigurationName = Debug;
		};
		ECEE9BC285BDA38C7239EA13 /* Build configuration list for PBXProject "MasonsBudget" */ = {
			isa = XCConfigurationList;
			buildConfigurations = (
				BF25885D7ED3C3DB9323F637 /* Debug */,
				1C1947E2DDB86887DABA11A5 /* Release */,
			);
			defaultConfigurationIsVisible = 0;
			defaultConfigurationName = Debug;
		};
/* End XCConfigurationList section */
	};
	rootObject = 73DD9F2357D84FEE4552C8FF /* Project object */;
}
